{"format_version":"1.0","provider_schemas":{"registry.terraform.io/terraform-providers/mongodbatlas":{"provider":{"version":0,"block":{"attributes":{"aws_access_key_id":{"type":"string","description":"AWS API Access Key.","description_kind":"plain","optional":true},"aws_secret_access_key":{"type":"string","description":"AWS API Access Secret Key.","description_kind":"plain","optional":true},"aws_session_token":{"type":"string","description":"AWS Security Token Service provided session token.","description_kind":"plain","optional":true},"base_url":{"type":"string","description":"MongoDB Atlas Base URL","description_kind":"plain","optional":true},"is_mongodbgov_cloud":{"type":"bool","description":"MongoDB Atlas Base URL default to gov","description_kind":"plain","optional":true},"private_key":{"type":"string","description":"MongoDB Atlas Programmatic Private Key","description_kind":"plain","optional":true,"sensitive":true},"public_key":{"type":"string","description":"MongoDB Atlas Programmatic Public Key","description_kind":"plain","optional":true},"realm_base_url":{"type":"string","description":"MongoDB Realm Base URL","description_kind":"plain","optional":true},"region":{"type":"string","description":"Region where secret is stored as part of AWS Secret Manager.","description_kind":"plain","optional":true},"secret_name":{"type":"string","description":"Name of secret stored in AWS Secret Manager.","description_kind":"plain","optional":true},"sts_endpoint":{"type":"string","description":"AWS Security Token Service endpoint. Required for cross-AWS region or cross-AWS account secrets.","description_kind":"plain","optional":true}},"block_types":{"assume_role":{"nesting_mode":"list","block":{"attributes":{"duration":{"type":"string","description":"The duration, between 15 minutes and 12 hours, of the role session. Valid time units are ns, us (or µs), ms, s, h, or m.","description_kind":"plain","optional":true},"external_id":{"type":"string","description":"A unique identifier that might be required when you assume a role in another account.","description_kind":"plain","optional":true},"policy":{"type":"string","description":"IAM Policy JSON describing further restricting permissions for the IAM Role being assumed.","description_kind":"plain","optional":true},"policy_arns":{"type":["set","string"],"description":"Amazon Resource Names (ARNs) of IAM Policies describing further restricting permissions for the IAM Role being assumed.","description_kind":"plain","optional":true},"role_arn":{"type":"string","description":"Amazon Resource Name (ARN) of an IAM Role to assume prior to making API calls.","description_kind":"plain","optional":true},"session_name":{"type":"string","description":"An identifier for the assumed role session.","description_kind":"plain","optional":true},"source_identity":{"type":"string","description":"Source identity specified by the principal assuming the role.","description_kind":"plain","optional":true},"tags":{"type":["map","string"],"description":"Assume role session tags.","description_kind":"plain","optional":true},"transitive_tag_keys":{"type":["set","string"],"description":"Assume role session tag keys to pass to any subsequent sessions.","description_kind":"plain","optional":true}},"description_kind":"plain"}}},"description_kind":"plain"}},"resource_schemas":{"mongodbatlas_access_list_api_key":{"version":0,"block":{"attributes":{"api_key_id":{"type":"string","description_kind":"plain","required":true},"cidr_block":{"type":"string","description_kind":"plain","optional":true,"computed":true},"id":{"type":"string","description_kind":"plain","optional":true,"computed":true},"ip_address":{"type":"string","description_kind":"plain","optional":true,"computed":true},"org_id":{"type":"string","description_kind":"plain","required":true}},"description_kind":"plain"}},"mongodbatlas_advanced_cluster":{"version":1,"block":{"attributes":{"accept_data_risks_and_force_replica_set_reconfig":{"type":"string","description":"Submit this field alongside your topology reconfiguration to request a new regional outage resistant topology","description_kind":"plain","optional":true},"backup_enabled":{"type":"bool","description_kind":"plain","optional":true,"computed":true},"cluster_id":{"type":"string","description_kind":"plain","computed":true},"cluster_type":{"type":"string","description_kind":"plain","required":true},"connection_strings":{"type":["list",["object",{"private":"string","private_endpoint":["list",["object",{"connection_string":"string","endpoints":["list",["object",{"endpoint_id":"string","provider_name":"string","region":"string"}]],"srv_connection_string":"string","srv_shard_optimized_connection_string":"string","type":"string"}]],"private_srv":"string","standard":"string","standard_srv":"string"}]],"description_kind":"plain","computed":true},"create_date":{"type":"string","description_kind":"plain","computed":true},"disk_size_gb":{"type":"number","description_kind":"plain","optional":true,"computed":true},"encryption_at_rest_provider":{"type":"string","description_kind":"plain","optional":true,"computed":true},"id":{"type":"string","description_kind":"plain","optional":true,"computed":true},"mongo_db_major_version":{"type":"string","description_kind":"plain","optional":true,"computed":true},"mongo_db_version":{"type":"string","description_kind":"plain","computed":true},"name":{"type":"string","description_kind":"plain","required":true},"paused":{"type":"bool","description_kind":"plain","optional":true,"computed":true},"pit_enabled":{"type":"bool","description_kind":"plain","optional":true,"computed":true},"project_id":{"type":"string","description_kind":"plain","required":true},"retain_backups_enabled":{"type":"bool","description":"Flag that indicates whether to retain backup snapshots for the deleted dedicated cluster","description_kind":"plain","optional":true},"root_cert_type":{"type":"string","description_kind":"plain","optional":true,"computed":true},"state_name":{"type":"string","description_kind":"plain","computed":true},"termination_protection_enabled":{"type":"bool","description_kind":"plain","optional":true,"computed":true},"version_release_system":{"type":"string","description_kind":"plain","optional":true,"computed":true}},"block_types":{"advanced_configuration":{"nesting_mode":"list","block":{"attributes":{"default_read_concern":{"type":"string","description_kind":"plain","optional":true,"computed":true},"default_write_concern":{"type":"string","description_kind":"plain","optional":true,"computed":true},"fail_index_key_too_long":{"type":"bool","description_kind":"plain","optional":true,"computed":true},"javascript_enabled":{"type":"bool","description_kind":"plain","optional":true,"computed":true},"minimum_enabled_tls_protocol":{"type":"string","description_kind":"plain","optional":true,"computed":true},"no_table_scan":{"type":"bool","description_kind":"plain","optional":true,"computed":true},"oplog_min_retention_hours":{"type":"number","description_kind":"plain","optional":true},"oplog_size_mb":{"type":"number","description_kind":"plain","optional":true,"computed":true},"sample_refresh_interval_bi_connector":{"type":"number","description_kind":"plain","optional":true,"computed":true},"sample_size_bi_connector":{"type":"number","description_kind":"plain","optional":true,"computed":true},"transaction_lifetime_limit_seconds":{"type":"number","description_kind":"plain","optional":true,"computed":true}},"description_kind":"plain"},"max_items":1},"bi_connector_config":{"nesting_mode":"list","block":{"attributes":{"enabled":{"type":"bool","description_kind":"plain","optional":true,"computed":true},"read_preference":{"type":"string","description_kind":"plain","optional":true,"computed":true}},"description_kind":"plain"},"max_items":1},"labels":{"nesting_mode":"set","block":{"attributes":{"key":{"type":"string","description_kind":"plain","optional":true},"value":{"type":"string","description_kind":"plain","optional":true}},"description_kind":"plain","deprecated":true}},"replication_specs":{"nesting_mode":"list","block":{"attributes":{"container_id":{"type":["map","string"],"description_kind":"plain","computed":true},"id":{"type":"string","description_kind":"plain","computed":true},"num_shards":{"type":"number","description_kind":"plain","optional":true},"zone_name":{"type":"string","description_kind":"plain","optional":true}},"block_types":{"region_configs":{"nesting_mode":"list","block":{"attributes":{"backing_provider_name":{"type":"string","description_kind":"plain","optional":true},"priority":{"type":"number","description_kind":"plain","required":true},"provider_name":{"type":"string","description_kind":"plain","required":true},"region_name":{"type":"string","description_kind":"plain","required":true}},"block_types":{"analytics_auto_scaling":{"nesting_mode":"list","block":{"attributes":{"compute_enabled":{"type":"bool","description_kind":"plain","optional":true,"computed":true},"compute_max_instance_size":{"type":"string","description_kind":"plain","optional":true,"computed":true},"compute_min_instance_size":{"type":"string","description_kind":"plain","optional":true,"computed":true},"compute_scale_down_enabled":{"type":"bool","description_kind":"plain","optional":true,"computed":true},"disk_gb_enabled":{"type":"bool","description_kind":"plain","optional":true,"computed":true}},"description_kind":"plain"},"max_items":1},"analytics_specs":{"nesting_mode":"list","block":{"attributes":{"disk_iops":{"type":"number","description_kind":"plain","optional":true,"computed":true},"ebs_volume_type":{"type":"string","description_kind":"plain","optional":true},"instance_size":{"type":"string","description_kind":"plain","required":true},"node_count":{"type":"number","description_kind":"plain","optional":true}},"description_kind":"plain"},"max_items":1},"auto_scaling":{"nesting_mode":"list","block":{"attributes":{"compute_enabled":{"type":"bool","description_kind":"plain","optional":true,"computed":true},"compute_max_instance_size":{"type":"string","description_kind":"plain","optional":true,"computed":true},"compute_min_instance_size":{"type":"string","description_kind":"plain","optional":true,"computed":true},"compute_scale_down_enabled":{"type":"bool","description_kind":"plain","optional":true,"computed":true},"disk_gb_enabled":{"type":"bool","description_kind":"plain","optional":true,"computed":true}},"description_kind":"plain"},"max_items":1},"electable_specs":{"nesting_mode":"list","block":{"attributes":{"disk_iops":{"type":"number","description_kind":"plain","optional":true,"computed":true},"ebs_volume_type":{"type":"string","description_kind":"plain","optional":true},"instance_size":{"type":"string","description_kind":"plain","required":true},"node_count":{"type":"number","description_kind":"plain","optional":true}},"description_kind":"plain"},"max_items":1},"read_only_specs":{"nesting_mode":"list","block":{"attributes":{"disk_iops":{"type":"number","description_kind":"plain","optional":true,"computed":true},"ebs_volume_type":{"type":"string","description_kind":"plain","optional":true},"instance_size":{"type":"string","description_kind":"plain","required":true},"node_count":{"type":"number","description_kind":"plain","optional":true}},"description_kind":"plain"},"max_items":1}},"description_kind":"plain"},"min_items":1}},"description_kind":"plain"},"min_items":1},"tags":{"nesting_mode":"set","block":{"attributes":{"key":{"type":"string","description_kind":"plain","required":true},"value":{"type":"string","description_kind":"plain","required":true}},"description_kind":"plain"}},"timeouts":{"nesting_mode":"single","block":{"attributes":{"create":{"type":"string","description_kind":"plain","optional":true},"delete":{"type":"string","description_kind":"plain","optional":true},"update":{"type":"string","description_kind":"plain","optional":true}},"description_kind":"plain"}}},"description_kind":"plain"}},"mongodbatlas_alert_configuration":{"version":0,"block":{"attributes":{"alert_configuration_id":{"type":"string","description_kind":"plain","computed":true},"created":{"type":"string","description_kind":"plain","computed":true},"enabled":{"type":"bool","description_kind":"plain","optional":true,"computed":true},"event_type":{"type":"string","description_kind":"plain","required":true},"id":{"type":"string","description_kind":"plain","computed":true},"project_id":{"type":"string","description_kind":"plain","required":true},"updated":{"type":"string","description_kind":"plain","computed":true}},"block_types":{"matcher":{"nesting_mode":"list","block":{"attributes":{"field_name":{"type":"string","description_kind":"plain","required":true},"operator":{"type":"string","description_kind":"plain","required":true},"value":{"type":"string","description_kind":"plain","required":true}},"description_kind":"plain"}},"metric_threshold_config":{"nesting_mode":"list","block":{"attributes":{"metric_name":{"type":"string","description_kind":"plain","required":true},"mode":{"type":"string","description_kind":"plain","optional":true},"operator":{"type":"string","description_kind":"plain","optional":true},"threshold":{"type":"number","description_kind":"plain","optional":true,"computed":true},"units":{"type":"string","description_kind":"plain","optional":true}},"description_kind":"plain"}},"notification":{"nesting_mode":"list","block":{"attributes":{"api_token":{"type":"string","description_kind":"plain","optional":true,"sensitive":true},"channel_name":{"type":"string","description_kind":"plain","optional":true},"datadog_api_key":{"type":"string","description_kind":"plain","optional":true,"sensitive":true},"datadog_region":{"type":"string","description_kind":"plain","optional":true},"delay_min":{"type":"number","description_kind":"plain","optional":true,"computed":true},"email_address":{"type":"string","description_kind":"plain","optional":true},"email_enabled":{"type":"bool","description_kind":"plain","optional":true,"computed":true},"integration_id":{"type":"string","description_kind":"plain","optional":true},"interval_min":{"type":"number","description_kind":"plain","optional":true,"computed":true},"microsoft_teams_webhook_url":{"type":"string","description_kind":"plain","optional":true,"sensitive":true},"mobile_number":{"type":"string","description_kind":"plain","optional":true},"notifier_id":{"type":"string","description_kind":"plain","optional":true,"computed":true},"ops_genie_api_key":{"type":"string","description_kind":"plain","optional":true,"sensitive":true},"ops_genie_region":{"type":"string","description_kind":"plain","optional":true},"roles":{"type":["list","string"],"description_kind":"plain","optional":true},"service_key":{"type":"string","description_kind":"plain","optional":true,"sensitive":true},"sms_enabled":{"type":"bool","description_kind":"plain","optional":true,"computed":true},"team_id":{"type":"string","description_kind":"plain","optional":true},"team_name":{"type":"string","description_kind":"plain","computed":true},"type_name":{"type":"string","description_kind":"plain","required":true},"username":{"type":"string","description_kind":"plain","optional":true},"victor_ops_api_key":{"type":"string","description_kind":"plain","optional":true,"sensitive":true},"victor_ops_routing_key":{"type":"string","description_kind":"plain","optional":true,"sensitive":true},"webhook_secret":{"type":"string","description_kind":"plain","optional":true,"sensitive":true},"webhook_url":{"type":"string","description_kind":"plain","optional":true,"sensitive":true}},"description_kind":"plain"}},"threshold_config":{"nesting_mode":"list","block":{"attributes":{"operator":{"type":"string","description_kind":"plain","optional":true},"threshold":{"type":"number","description_kind":"plain","optional":true,"computed":true},"units":{"type":"string","description_kind":"plain","optional":true}},"description_kind":"plain"}}},"description_kind":"plain"}},"mongodbatlas_api_key":{"version":0,"block":{"attributes":{"api_key_id":{"type":"string","description_kind":"plain","computed":true},"description":{"type":"string","description_kind":"plain","required":true},"id":{"type":"string","description_kind":"plain","optional":true,"computed":true},"org_id":{"type":"string","description_kind":"plain","required":true},"private_key":{"type":"string","description_kind":"plain","computed":true,"sensitive":true},"public_key":{"type":"string","description_kind":"plain","computed":true},"role_names":{"type":["set","string"],"description_kind":"plain","required":true}},"description_kind":"plain"}},"mongodbatlas_auditing":{"version":0,"block":{"attributes":{"audit_authorization_success":{"type":"bool","description_kind":"plain","optional":true,"computed":true},"audit_filter":{"type":"string","description_kind":"plain","optional":true,"computed":true},"configuration_type":{"type":"string","description_kind":"plain","computed":true},"enabled":{"type":"bool","description_kind":"plain","optional":true,"computed":true},"id":{"type":"string","description_kind":"plain","optional":true,"computed":true},"project_id":{"type":"string","description_kind":"plain","required":true}},"description_kind":"plain"}},"mongodbatlas_backup_compliance_policy":{"version":0,"block":{"attributes":{"authorized_email":{"type":"string","description_kind":"plain","required":true},"authorized_user_first_name":{"type":"string","description_kind":"plain","required":true},"authorized_user_last_name":{"type":"string","description_kind":"plain","required":true},"copy_protection_enabled":{"type":"bool","description_kind":"plain","optional":true},"encryption_at_rest_enabled":{"type":"bool","description_kind":"plain","optional":true},"id":{"type":"string","description_kind":"plain","optional":true,"computed":true},"pit_enabled":{"type":"bool","description_kind":"plain","optional":true},"project_id":{"type":"string","description_kind":"plain","required":true},"restore_window_days":{"type":"number","description_kind":"plain","optional":true,"computed":true},"state":{"type":"string","description_kind":"plain","computed":true},"updated_date":{"type":"string","description_kind":"plain","computed":true},"updated_user":{"type":"string","description_kind":"plain","computed":true}},"block_types":{"on_demand_policy_item":{"nesting_mode":"list","block":{"attributes":{"frequency_interval":{"type":"number","description_kind":"plain","required":true},"frequency_type":{"type":"string","description_kind":"plain","computed":true},"id":{"type":"string","description_kind":"plain","computed":true},"retention_unit":{"type":"string","description_kind":"plain","required":true},"retention_value":{"type":"number","description_kind":"plain","required":true}},"description_kind":"plain"},"min_items":1,"max_items":1},"policy_item_daily":{"nesting_mode":"list","block":{"attributes":{"frequency_interval":{"type":"number","description_kind":"plain","required":true},"frequency_type":{"type":"string","description_kind":"plain","computed":true},"id":{"type":"string","description_kind":"plain","computed":true},"retention_unit":{"type":"string","description_kind":"plain","required":true},"retention_value":{"type":"number","description_kind":"plain","required":true}},"description_kind":"plain"},"max_items":1},"policy_item_hourly":{"nesting_mode":"list","block":{"attributes":{"frequency_interval":{"type":"number","description_kind":"plain","required":true},"frequency_type":{"type":"string","description_kind":"plain","computed":true},"id":{"type":"string","description_kind":"plain","computed":true},"retention_unit":{"type":"string","description_kind":"plain","required":true},"retention_value":{"type":"number","description_kind":"plain","required":true}},"description_kind":"plain"},"max_items":1},"policy_item_monthly":{"nesting_mode":"list","block":{"attributes":{"frequency_interval":{"type":"number","description_kind":"plain","required":true},"frequency_type":{"type":"string","description_kind":"plain","computed":true},"id":{"type":"string","description_kind":"plain","computed":true},"retention_unit":{"type":"string","description_kind":"plain","required":true},"retention_value":{"type":"number","description_kind":"plain","required":true}},"description_kind":"plain"}},"policy_item_weekly":{"nesting_mode":"list","block":{"attributes":{"frequency_interval":{"type":"number","description_kind":"plain","required":true},"frequency_type":{"type":"string","description_kind":"plain","computed":true},"id":{"type":"string","description_kind":"plain","computed":true},"retention_unit":{"type":"string","description_kind":"plain","required":true},"retention_value":{"type":"number","description_kind":"plain","required":true}},"description_kind":"plain"}},"policy_item_yearly":{"nesting_mode":"list","block":{"attributes":{"frequency_interval":{"type":"number","description_kind":"plain","required":true},"frequency_type":{"type":"string","description_kind":"plain","computed":true},"id":{"type":"string","description_kind":"plain","computed":true},"retention_unit":{"type":"string","description_kind":"plain","required":true},"retention_value":{"type":"number","description_kind":"plain","required":true}},"description_kind":"plain"}}},"description_kind":"plain"}},"mongodbatlas_cloud_backup_schedule":{"version":0,"block":{"attributes":{"auto_export_enabled":{"type":"bool","description_kind":"plain","optional":true,"computed":true},"cluster_id":{"type":"string","description_kind":"plain","computed":true},"cluster_name":{"type":"string","description_kind":"plain","required":true},"id":{"type":"string","description_kind":"plain","optional":true,"computed":true},"id_policy":{"type":"string","description_kind":"plain","computed":true},"next_snapshot":{"type":"string","description_kind":"plain","computed":true},"project_id":{"type":"string","description_kind":"plain","required":true},"reference_hour_of_day":{"type":"number","description_kind":"plain","optional":true,"computed":true},"reference_minute_of_hour":{"type":"number","description_kind":"plain","optional":true,"computed":true},"restore_window_days":{"type":"number","description_kind":"plain","optional":true,"computed":true},"update_snapshots":{"type":"bool","description_kind":"plain","optional":true,"computed":true},"use_org_and_group_names_in_export_prefix":{"type":"bool","description_kind":"plain","optional":true,"computed":true}},"block_types":{"copy_settings":{"nesting_mode":"list","block":{"attributes":{"cloud_provider":{"type":"string","description_kind":"plain","optional":true,"computed":true},"frequencies":{"type":["set","string"],"description_kind":"plain","optional":true,"computed":true},"region_name":{"type":"string","description_kind":"plain","optional":true,"computed":true},"replication_spec_id":{"type":"string","description_kind":"plain","optional":true,"computed":true},"should_copy_oplogs":{"type":"bool","description_kind":"plain","optional":true,"computed":true}},"description_kind":"plain"}},"export":{"nesting_mode":"list","block":{"attributes":{"export_bucket_id":{"type":"string","description_kind":"plain","optional":true,"computed":true},"frequency_type":{"type":"string","description_kind":"plain","optional":true,"computed":true}},"description_kind":"plain"},"max_items":1},"policy_item_daily":{"nesting_mode":"list","block":{"attributes":{"frequency_interval":{"type":"number","description_kind":"plain","required":true},"frequency_type":{"type":"string","description_kind":"plain","computed":true},"id":{"type":"string","description_kind":"plain","computed":true},"retention_unit":{"type":"string","description_kind":"plain","required":true},"retention_value":{"type":"number","description_kind":"plain","required":true}},"description_kind":"plain"},"max_items":1},"policy_item_hourly":{"nesting_mode":"list","block":{"attributes":{"frequency_interval":{"type":"number","description_kind":"plain","required":true},"frequency_type":{"type":"string","description_kind":"plain","computed":true},"id":{"type":"string","description_kind":"plain","computed":true},"retention_unit":{"type":"string","description_kind":"plain","required":true},"retention_value":{"type":"number","description_kind":"plain","required":true}},"description_kind":"plain"},"max_items":1},"policy_item_monthly":{"nesting_mode":"list","block":{"attributes":{"frequency_interval":{"type":"number","description_kind":"plain","required":true},"frequency_type":{"type":"string","description_kind":"plain","computed":true},"id":{"type":"string","description_kind":"plain","computed":true},"retention_unit":{"type":"string","description_kind":"plain","required":true},"retention_value":{"type":"number","description_kind":"plain","required":true}},"description_kind":"plain"}},"policy_item_weekly":{"nesting_mode":"list","block":{"attributes":{"frequency_interval":{"type":"number","description_kind":"plain","required":true},"frequency_type":{"type":"string","description_kind":"plain","computed":true},"id":{"type":"string","description_kind":"plain","computed":true},"retention_unit":{"type":"string","description_kind":"plain","required":true},"retention_value":{"type":"number","description_kind":"plain","required":true}},"description_kind":"plain"}},"policy_item_yearly":{"nesting_mode":"list","block":{"attributes":{"frequency_interval":{"type":"number","description_kind":"plain","required":true},"frequency_type":{"type":"string","description_kind":"plain","computed":true},"id":{"type":"string","description_kind":"plain","computed":true},"retention_unit":{"type":"string","description_kind":"plain","required":true},"retention_value":{"type":"number","description_kind":"plain","required":true}},"description_kind":"plain"}}},"description_kind":"plain"}},"mongodbatlas_cloud_backup_snapshot":{"version":0,"block":{"attributes":{"cloud_provider":{"type":"string","description_kind":"plain","computed":true},"cluster_name":{"type":"string","description_kind":"plain","required":true},"created_at":{"type":"string","description_kind":"plain","computed":true},"description":{"type":"string","description_kind":"plain","required":true},"expires_at":{"type":"string","description_kind":"plain","computed":true},"id":{"type":"string","description_kind":"plain","optional":true,"computed":true},"master_key_uuid":{"type":"string","description_kind":"plain","computed":true},"members":{"type":["list",["object",{"cloud_provider":"string","id":"string","replica_set_name":"string"}]],"description_kind":"plain","computed":true},"mongod_version":{"type":"string","description_kind":"plain","computed":true},"project_id":{"type":"string","description_kind":"plain","required":true},"replica_set_name":{"type":"string","description_kind":"plain","computed":true},"retention_in_days":{"type":"number","description_kind":"plain","required":true},"snapshot_id":{"type":"string","description_kind":"plain","computed":true},"snapshot_ids":{"type":["list","string"],"description_kind":"plain","computed":true},"snapshot_type":{"type":"string","description_kind":"plain","computed":true},"status":{"type":"string","description_kind":"plain","computed":true},"storage_size_bytes":{"type":"number","description_kind":"plain","computed":true},"type":{"type":"string","description_kind":"plain","computed":true}},"description_kind":"plain"}},"mongodbatlas_cloud_backup_snapshot_export_bucket":{"version":0,"block":{"attributes":{"bucket_name":{"type":"string","description_kind":"plain","required":true},"cloud_provider":{"type":"string","description_kind":"plain","required":true},"export_bucket_id":{"type":"string","description_kind":"plain","computed":true},"iam_role_id":{"type":"string","description_kind":"plain","required":true},"id":{"type":"string","description_kind":"plain","computed":true},"project_id":{"type":"string","description_kind":"plain","required":true}},"description_kind":"plain"}},"mongodbatlas_cloud_backup_snapshot_export_job":{"version":0,"block":{"attributes":{"cluster_name":{"type":"string","description_kind":"plain","required":true},"components":{"type":["set",["object",{"export_id":"string","replica_set_name":"string"}]],"description_kind":"plain","computed":true},"created_at":{"type":"string","description_kind":"plain","computed":true},"err_msg":{"type":"string","description_kind":"plain","computed":true},"export_bucket_id":{"type":"string","description_kind":"plain","required":true},"export_job_id":{"type":"string","description_kind":"plain","computed":true},"export_status_exported_collections":{"type":"number","description_kind":"plain","computed":true},"export_status_total_collections":{"type":"number","description_kind":"plain","computed":true},"finished_at":{"type":"string","description_kind":"plain","computed":true},"id":{"type":"string","description_kind":"plain","computed":true},"prefix":{"type":"string","description_kind":"plain","computed":true},"project_id":{"type":"string","description_kind":"plain","required":true},"snapshot_id":{"type":"string","description_kind":"plain","required":true},"state":{"type":"string","description_kind":"plain","computed":true}},"block_types":{"custom_data":{"nesting_mode":"set","block":{"attributes":{"key":{"type":"string","description_kind":"plain","required":true},"value":{"type":"string","description_kind":"plain","required":true}},"description_kind":"plain"},"min_items":1}},"description_kind":"plain"}},"mongodbatlas_cloud_backup_snapshot_restore_job":{"version":0,"block":{"attributes":{"cancelled":{"type":"bool","description_kind":"plain","computed":true},"cluster_name":{"type":"string","description_kind":"plain","required":true},"created_at":{"type":"string","description_kind":"plain","deprecated":true,"computed":true},"delivery_url":{"type":["list","string"],"description_kind":"plain","computed":true},"expired":{"type":"bool","description_kind":"plain","computed":true},"expires_at":{"type":"string","description_kind":"plain","computed":true},"finished_at":{"type":"string","description_kind":"plain","computed":true},"id":{"type":"string","description_kind":"plain","optional":true,"computed":true},"project_id":{"type":"string","description_kind":"plain","required":true},"snapshot_id":{"type":"string","description_kind":"plain","optional":true},"snapshot_restore_job_id":{"type":"string","description_kind":"plain","computed":true},"timestamp":{"type":"string","description_kind":"plain","computed":true}},"block_types":{"delivery_type_config":{"nesting_mode":"list","block":{"attributes":{"automated":{"type":"bool","description_kind":"plain","optional":true},"download":{"type":"bool","description_kind":"plain","optional":true},"oplog_inc":{"type":"number","description_kind":"plain","optional":true},"oplog_ts":{"type":"number","description_kind":"plain","optional":true},"point_in_time":{"type":"bool","description_kind":"plain","optional":true},"point_in_time_utc_seconds":{"type":"number","description_kind":"plain","optional":true},"target_cluster_name":{"type":"string","description_kind":"plain","optional":true},"target_project_id":{"type":"string","description_kind":"plain","optional":true}},"description_kind":"plain"},"max_items":1}},"description_kind":"plain"}},"mongodbatlas_cloud_provider_access_authorization":{"version":1,"block":{"attributes":{"authorized_date":{"type":"string","description_kind":"plain","computed":true},"feature_usages":{"type":["list",["object",{"feature_id":["map","string"],"feature_type":"string"}]],"description_kind":"plain","computed":true},"id":{"type":"string","description_kind":"plain","optional":true,"computed":true},"project_id":{"type":"string","description_kind":"plain","required":true},"role_id":{"type":"string","description_kind":"plain","required":true}},"block_types":{"aws":{"nesting_mode":"list","block":{"attributes":{"iam_assumed_role_arn":{"type":"string","description_kind":"plain","required":true}},"description_kind":"plain"},"max_items":1},"azure":{"nesting_mode":"list","block":{"attributes":{"atlas_azure_app_id":{"type":"string","description_kind":"plain","required":true},"service_principal_id":{"type":"string","description_kind":"plain","required":true},"tenant_id":{"type":"string","description_kind":"plain","required":true}},"description_kind":"plain"},"max_items":1}},"description_kind":"plain"}},"mongodbatlas_cloud_provider_access_setup":{"version":0,"block":{"attributes":{"aws_config":{"type":["list",["object",{"atlas_assumed_role_external_id":"string","atlas_aws_account_arn":"string"}]],"description_kind":"plain","computed":true},"created_date":{"type":"string","description_kind":"plain","computed":true},"id":{"type":"string","description_kind":"plain","optional":true,"computed":true},"last_updated_date":{"type":"string","description_kind":"plain","computed":true},"project_id":{"type":"string","description_kind":"plain","required":true},"provider_name":{"type":"string","description_kind":"plain","required":true},"role_id":{"type":"string","description_kind":"plain","computed":true}},"block_types":{"azure_config":{"nesting_mode":"list","block":{"attributes":{"atlas_azure_app_id":{"type":"string","description_kind":"plain","required":true},"service_principal_id":{"type":"string","description_kind":"plain","required":true},"tenant_id":{"type":"string","description_kind":"plain","required":true}},"description_kind":"plain"}}},"description_kind":"plain"}},"mongodbatlas_cluster":{"version":1,"block":{"attributes":{"accept_data_risks_and_force_replica_set_reconfig":{"type":"string","description":"Submit this field alongside your topology reconfiguration to request a new regional outage resistant topology","description_kind":"plain","optional":true,"computed":true},"auto_scaling_compute_enabled":{"type":"bool","description_kind":"plain","optional":true,"computed":true},"auto_scaling_compute_scale_down_enabled":{"type":"bool","description_kind":"plain","optional":true,"computed":true},"auto_scaling_disk_gb_enabled":{"type":"bool","description_kind":"plain","optional":true,"computed":true},"backing_provider_name":{"type":"string","description_kind":"plain","optional":true,"computed":true},"backup_enabled":{"type":"bool","description":"Clusters running MongoDB FCV 4.2 or later and any new Atlas clusters of any type do not support this parameter","description_kind":"plain","optional":true,"computed":true},"cloud_backup":{"type":"bool","description_kind":"plain","optional":true,"computed":true},"cluster_id":{"type":"string","description_kind":"plain","computed":true},"cluster_type":{"type":"string","description_kind":"plain","optional":true,"computed":true},"connection_strings":{"type":["list",["object",{"private":"string","private_endpoint":["list",["object",{"connection_string":"string","endpoints":["list",["object",{"endpoint_id":"string","provider_name":"string","region":"string"}]],"srv_connection_string":"string","srv_shard_optimized_connection_string":"string","type":"string"}]],"private_srv":"string","standard":"string","standard_srv":"string"}]],"description_kind":"plain","computed":true},"container_id":{"type":"string","description_kind":"plain","computed":true},"disk_size_gb":{"type":"number","description_kind":"plain","optional":true,"computed":true},"encryption_at_rest_provider":{"type":"string","description_kind":"plain","optional":true,"computed":true},"id":{"type":"string","description_kind":"plain","optional":true,"computed":true},"mongo_db_major_version":{"type":"string","description_kind":"plain","optional":true,"computed":true},"mongo_db_version":{"type":"string","description_kind":"plain","computed":true},"mongo_uri":{"type":"string","description_kind":"plain","computed":true},"mongo_uri_updated":{"type":"string","description_kind":"plain","computed":true},"mongo_uri_with_options":{"type":"string","description_kind":"plain","computed":true},"name":{"type":"string","description_kind":"plain","required":true},"num_shards":{"type":"number","description_kind":"plain","optional":true,"computed":true},"paused":{"type":"bool","description_kind":"plain","optional":true,"computed":true},"pit_enabled":{"type":"bool","description_kind":"plain","optional":true,"computed":true},"project_id":{"type":"string","description_kind":"plain","required":true},"provider_auto_scaling_compute_max_instance_size":{"type":"string","description_kind":"plain","optional":true,"computed":true},"provider_auto_scaling_compute_min_instance_size":{"type":"string","description_kind":"plain","optional":true,"computed":true},"provider_disk_iops":{"type":"number","description_kind":"plain","optional":true,"computed":true},"provider_disk_type_name":{"type":"string","description_kind":"plain","optional":true,"computed":true},"provider_encrypt_ebs_volume":{"type":"bool","description_kind":"plain","deprecated":true,"optional":true,"computed":true},"provider_encrypt_ebs_volume_flag":{"type":"bool","description_kind":"plain","computed":true},"provider_instance_size_name":{"type":"string","description_kind":"plain","required":true},"provider_name":{"type":"string","description_kind":"plain","required":true},"provider_region_name":{"type":"string","description_kind":"plain","optional":true,"computed":true},"provider_volume_type":{"type":"string","description_kind":"plain","optional":true,"computed":true},"replication_factor":{"type":"number","description_kind":"plain","optional":true,"computed":true},"retain_backups_enabled":{"type":"bool","description":"Flag that indicates whether to retain backup snapshots for the deleted dedicated cluster","description_kind":"plain","optional":true},"snapshot_backup_policy":{"type":["list",["object",{"cluster_id":"string","cluster_name":"string","next_snapshot":"string","policies":["list",["object",{"id":"string","policy_item":["list",["object",{"frequency_interval":"number","frequency_type":"string","id":"string","retention_unit":"string","retention_value":"number"}]]}]],"reference_hour_of_day":"number","reference_minute_of_hour":"number","restore_window_days":"number","update_snapshots":"bool"}]],"description_kind":"plain","computed":true},"srv_address":{"type":"string","description_kind":"plain","computed":true},"state_name":{"type":"string","description_kind":"plain","computed":true},"termination_protection_enabled":{"type":"bool","description_kind":"plain","optional":true,"computed":true},"version_release_system":{"type":"string","description_kind":"plain","optional":true,"computed":true}},"block_types":{"advanced_configuration":{"nesting_mode":"list","block":{"attributes":{"default_read_concern":{"type":"string","description_kind":"plain","optional":true,"computed":true},"default_write_concern":{"type":"string","description_kind":"plain","optional":true,"computed":true},"fail_index_key_too_long":{"type":"bool","description_kind":"plain","optional":true,"computed":true},"javascript_enabled":{"type":"bool","description_kind":"plain","optional":true,"computed":true},"minimum_enabled_tls_protocol":{"type":"string","description_kind":"plain","optional":true,"computed":true},"no_table_scan":{"type":"bool","description_kind":"plain","optional":true,"computed":true},"oplog_min_retention_hours":{"type":"number","description_kind":"plain","optional":true},"oplog_size_mb":{"type":"number","description_kind":"plain","optional":true,"computed":true},"sample_refresh_interval_bi_connector":{"type":"number","description_kind":"plain","optional":true,"computed":true},"sample_size_bi_connector":{"type":"number","description_kind":"plain","optional":true,"computed":true},"transaction_lifetime_limit_seconds":{"type":"number","description_kind":"plain","optional":true,"computed":true}},"description_kind":"plain"},"max_items":1},"bi_connector_config":{"nesting_mode":"list","block":{"attributes":{"enabled":{"type":"bool","description_kind":"plain","optional":true,"computed":true},"read_preference":{"type":"string","description_kind":"plain","optional":true,"computed":true}},"description_kind":"plain"},"max_items":1},"labels":{"nesting_mode":"set","block":{"attributes":{"key":{"type":"string","description_kind":"plain","optional":true},"value":{"type":"string","description_kind":"plain","optional":true}},"description_kind":"plain","deprecated":true}},"replication_specs":{"nesting_mode":"set","block":{"attributes":{"id":{"type":"string","description_kind":"plain","optional":true,"computed":true},"num_shards":{"type":"number","description_kind":"plain","required":true},"zone_name":{"type":"string","description_kind":"plain","optional":true}},"block_types":{"regions_config":{"nesting_mode":"set","block":{"attributes":{"analytics_nodes":{"type":"number","description_kind":"plain","optional":true},"electable_nodes":{"type":"number","description_kind":"plain","optional":true,"computed":true},"priority":{"type":"number","description_kind":"plain","optional":true,"computed":true},"read_only_nodes":{"type":"number","description_kind":"plain","optional":true},"region_name":{"type":"string","description_kind":"plain","required":true}},"description_kind":"plain"}}},"description_kind":"plain"}},"tags":{"nesting_mode":"set","block":{"attributes":{"key":{"type":"string","description_kind":"plain","required":true},"value":{"type":"string","description_kind":"plain","required":true}},"description_kind":"plain"}},"timeouts":{"nesting_mode":"single","block":{"attributes":{"create":{"type":"string","description_kind":"plain","optional":true},"delete":{"type":"string","description_kind":"plain","optional":true},"update":{"type":"string","description_kind":"plain","optional":true}},"description_kind":"plain"}}},"description_kind":"plain"}},"mongodbatlas_cluster_outage_simulation":{"version":0,"block":{"attributes":{"cluster_name":{"type":"string","description_kind":"plain","required":true},"id":{"type":"string","description_kind":"plain","optional":true,"computed":true},"project_id":{"type":"string","description_kind":"plain","required":true},"simulation_id":{"type":"string","description_kind":"plain","computed":true},"start_request_date":{"type":"string","description_kind":"plain","computed":true},"state":{"type":"string","description_kind":"plain","computed":true}},"block_types":{"outage_filters":{"nesting_mode":"list","block":{"attributes":{"cloud_provider":{"type":"string","description_kind":"plain","required":true},"region_name":{"type":"string","description_kind":"plain","required":true},"type":{"type":"string","description_kind":"plain","computed":true}},"description_kind":"plain"},"min_items":1},"timeouts":{"nesting_mode":"single","block":{"attributes":{"delete":{"type":"string","description_kind":"plain","optional":true}},"description_kind":"plain"}}},"description_kind":"plain"}},"mongodbatlas_custom_db_role":{"version":0,"block":{"attributes":{"id":{"type":"string","description_kind":"plain","optional":true,"computed":true},"project_id":{"type":"string","description_kind":"plain","required":true},"role_name":{"type":"string","description_kind":"plain","required":true}},"block_types":{"actions":{"nesting_mode":"list","block":{"attributes":{"action":{"type":"string","description_kind":"plain","required":true}},"block_types":{"resources":{"nesting_mode":"set","block":{"attributes":{"cluster":{"type":"bool","description_kind":"plain","optional":true},"collection_name":{"type":"string","description_kind":"plain","optional":true},"database_name":{"type":"string","description_kind":"plain","optional":true}},"description_kind":"plain"},"min_items":1}},"description_kind":"plain"}},"inherited_roles":{"nesting_mode":"set","block":{"attributes":{"database_name":{"type":"string","description_kind":"plain","required":true},"role_name":{"type":"string","description_kind":"plain","required":true}},"description_kind":"plain"}}},"description_kind":"plain"}},"mongodbatlas_custom_dns_configuration_cluster_aws":{"version":0,"block":{"attributes":{"enabled":{"type":"bool","description_kind":"plain","required":true},"id":{"type":"string","description_kind":"plain","optional":true,"computed":true},"project_id":{"type":"string","description_kind":"plain","required":true}},"description_kind":"plain"}},"mongodbatlas_data_lake_pipeline":{"version":0,"block":{"attributes":{"created_date":{"type":"string","description_kind":"plain","computed":true},"id":{"type":"string","description_kind":"plain","computed":true},"ingestion_schedules":{"type":["set",["object",{"frequency_interval":"number","frequency_type":"string","id":"string","retention_unit":"string","retention_value":"number"}]],"description_kind":"plain","computed":true},"last_updated_date":{"type":"string","description_kind":"plain","computed":true},"name":{"type":"string","description_kind":"plain","required":true},"project_id":{"type":"string","description_kind":"plain","required":true},"snapshots":{"type":["set",["object",{"copy_region":"string","created_at":"string","expires_at":"string","frequency_yype":"string","id":"string","master_key":"string","mongod_version":"string","policies":["list","string"],"provider":"string","replica_set_name":"string","size":"number","snapshot_type":"string","status":"string","type":"string"}]],"description_kind":"plain","computed":true},"state":{"type":"string","description_kind":"plain","computed":true}},"block_types":{"sink":{"nesting_mode":"list","block":{"attributes":{"provider":{"type":"string","description_kind":"plain","optional":true,"computed":true},"region":{"type":"string","description_kind":"plain","optional":true,"computed":true},"type":{"type":"string","description_kind":"plain","optional":true}},"block_types":{"partition_fields":{"nesting_mode":"list","block":{"attributes":{"field_name":{"type":"string","description_kind":"plain","required":true},"order":{"type":"number","description_kind":"plain","required":true}},"description_kind":"plain"}}},"description_kind":"plain"},"max_items":1},"source":{"nesting_mode":"list","block":{"attributes":{"cluster_name":{"type":"string","description_kind":"plain","optional":true},"collection_name":{"type":"string","description_kind":"plain","optional":true},"database_name":{"type":"string","description_kind":"plain","optional":true},"policy_item_id":{"type":"string","description_kind":"plain","optional":true},"project_id":{"type":"string","description_kind":"plain","optional":true,"computed":true},"type":{"type":"string","description_kind":"plain","optional":true}},"description_kind":"plain"},"max_items":1},"transformations":{"nesting_mode":"list","block":{"attributes":{"field":{"type":"string","description_kind":"plain","optional":true},"type":{"type":"string","description_kind":"plain","optional":true}},"description_kind":"plain"}}},"description_kind":"plain"}},"mongodbatlas_database_user":{"version":0,"block":{"attributes":{"auth_database_name":{"type":"string","description_kind":"plain","required":true},"aws_iam_type":{"type":"string","description_kind":"plain","optional":true,"computed":true},"id":{"type":"string","description_kind":"plain","computed":true},"ldap_auth_type":{"type":"string","description_kind":"plain","optional":true,"computed":true},"oidc_auth_type":{"type":"string","description_kind":"plain","optional":true,"computed":true},"password":{"type":"string","description_kind":"plain","optional":true,"sensitive":true},"project_id":{"type":"string","description_kind":"plain","required":true},"username":{"type":"string","description_kind":"plain","required":true},"x509_type":{"type":"string","description_kind":"plain","optional":true,"computed":true}},"block_types":{"labels":{"nesting_mode":"set","block":{"attributes":{"key":{"type":"string","description_kind":"plain","optional":true,"computed":true},"value":{"type":"string","description_kind":"plain","optional":true,"computed":true}},"description_kind":"plain"}},"roles":{"nesting_mode":"set","block":{"attributes":{"collection_name":{"type":"string","description_kind":"plain","optional":true},"database_name":{"type":"string","description_kind":"plain","required":true},"role_name":{"type":"string","description_kind":"plain","required":true}},"description_kind":"plain"}},"scopes":{"nesting_mode":"set","block":{"attributes":{"name":{"type":"string","description_kind":"plain","optional":true},"type":{"type":"string","description_kind":"plain","optional":true}},"description_kind":"plain"}}},"description_kind":"plain"}},"mongodbatlas_encryption_at_rest":{"version":0,"block":{"attributes":{"id":{"type":"string","description_kind":"plain","computed":true},"project_id":{"type":"string","description_kind":"plain","required":true}},"block_types":{"aws_kms_config":{"nesting_mode":"list","block":{"attributes":{"access_key_id":{"type":"string","description_kind":"plain","optional":true,"sensitive":true},"customer_master_key_id":{"type":"string","description_kind":"plain","optional":true,"sensitive":true},"enabled":{"type":"bool","description_kind":"plain","optional":true,"computed":true},"region":{"type":"string","description_kind":"plain","optional":true},"role_id":{"type":"string","description_kind":"plain","optional":true},"secret_access_key":{"type":"string","description_kind":"plain","optional":true,"sensitive":true}},"description_kind":"plain"}},"azure_key_vault_config":{"nesting_mode":"list","block":{"attributes":{"azure_environment":{"type":"string","description_kind":"plain","optional":true},"client_id":{"type":"string","description_kind":"plain","optional":true,"sensitive":true},"enabled":{"type":"bool","description_kind":"plain","optional":true,"computed":true},"key_identifier":{"type":"string","description_kind":"plain","optional":true,"sensitive":true},"key_vault_name":{"type":"string","description_kind":"plain","optional":true},"resource_group_name":{"type":"string","description_kind":"plain","optional":true},"secret":{"type":"string","description_kind":"plain","optional":true,"sensitive":true},"subscription_id":{"type":"string","description_kind":"plain","optional":true,"sensitive":true},"tenant_id":{"type":"string","description_kind":"plain","optional":true,"sensitive":true}},"description_kind":"plain"}},"google_cloud_kms_config":{"nesting_mode":"list","block":{"attributes":{"enabled":{"type":"bool","description_kind":"plain","optional":true,"computed":true},"key_version_resource_id":{"type":"string","description_kind":"plain","optional":true,"sensitive":true},"service_account_key":{"type":"string","description_kind":"plain","optional":true,"sensitive":true}},"description_kind":"plain"}}},"description_kind":"plain"}},"mongodbatlas_event_trigger":{"version":0,"block":{"attributes":{"app_id":{"type":"string","description_kind":"plain","required":true},"config_collection":{"type":"string","description_kind":"plain","optional":true,"computed":true},"config_database":{"type":"string","description_kind":"plain","optional":true,"computed":true},"config_full_document":{"type":"bool","description_kind":"plain","optional":true,"computed":true},"config_full_document_before":{"type":"bool","description_kind":"plain","optional":true,"computed":true},"config_match":{"type":"string","description_kind":"plain","optional":true,"computed":true},"config_operation_type":{"type":"string","description_kind":"plain","optional":true,"computed":true},"config_operation_types":{"type":["list","string"],"description_kind":"plain","optional":true,"computed":true},"config_project":{"type":"string","description_kind":"plain","optional":true,"computed":true},"config_providers":{"type":["list","string"],"description_kind":"plain","optional":true,"computed":true},"config_schedule":{"type":"string","description_kind":"plain","optional":true,"computed":true},"config_schedule_type":{"type":"string","description_kind":"plain","computed":true},"config_service_id":{"type":"string","description_kind":"plain","optional":true,"computed":true},"disabled":{"type":"bool","description_kind":"plain","optional":true,"computed":true},"function_id":{"type":"string","description_kind":"plain","optional":true},"function_name":{"type":"string","description_kind":"plain","computed":true},"id":{"type":"string","description_kind":"plain","optional":true,"computed":true},"name":{"type":"string","description_kind":"plain","required":true},"project_id":{"type":"string","description_kind":"plain","required":true},"trigger_id":{"type":"string","description_kind":"plain","computed":true},"type":{"type":"string","description_kind":"plain","required":true},"unordered":{"type":"bool","description_kind":"plain","optional":true,"computed":true}},"block_types":{"event_processors":{"nesting_mode":"list","block":{"block_types":{"aws_eventbridge":{"nesting_mode":"list","block":{"attributes":{"config_account_id":{"type":"string","description_kind":"plain","optional":true},"config_region":{"type":"string","description_kind":"plain","optional":true}},"description_kind":"plain"},"max_items":1}},"description_kind":"plain"},"max_items":1}},"description_kind":"plain"}},"mongodbatlas_federated_database_instance":{"version":0,"block":{"attributes":{"hostnames":{"type":["list","string"],"description_kind":"plain","computed":true},"id":{"type":"string","description_kind":"plain","optional":true,"computed":true},"name":{"type":"string","description_kind":"plain","required":true},"project_id":{"type":"string","description_kind":"plain","required":true},"state":{"type":"string","description_kind":"plain","computed":true}},"block_types":{"cloud_provider_config":{"nesting_mode":"list","block":{"block_types":{"aws":{"nesting_mode":"list","block":{"attributes":{"external_id":{"type":"string","description_kind":"plain","computed":true},"iam_assumed_role_arn":{"type":"string","description_kind":"plain","computed":true},"iam_user_arn":{"type":"string","description_kind":"plain","computed":true},"role_id":{"type":"string","description_kind":"plain","required":true},"test_s3_bucket":{"type":"string","description_kind":"plain","required":true}},"description_kind":"plain"},"min_items":1,"max_items":1}},"description_kind":"plain"},"max_items":1},"data_process_region":{"nesting_mode":"list","block":{"attributes":{"cloud_provider":{"type":"string","description_kind":"plain","required":true},"region":{"type":"string","description_kind":"plain","required":true}},"description_kind":"plain"},"max_items":1},"storage_databases":{"nesting_mode":"set","block":{"attributes":{"max_wildcard_collections":{"type":"number","description_kind":"plain","computed":true},"name":{"type":"string","description_kind":"plain","optional":true,"computed":true}},"block_types":{"collections":{"nesting_mode":"set","block":{"attributes":{"name":{"type":"string","description_kind":"plain","optional":true,"computed":true}},"block_types":{"data_sources":{"nesting_mode":"set","block":{"attributes":{"allow_insecure":{"type":"bool","description_kind":"plain","optional":true,"computed":true},"collection":{"type":"string","description_kind":"plain","optional":true,"computed":true},"collection_regex":{"type":"string","description_kind":"plain","optional":true,"computed":true},"database":{"type":"string","description_kind":"plain","optional":true,"computed":true},"database_regex":{"type":"string","description_kind":"plain","optional":true,"computed":true},"dataset_name":{"type":"string","description_kind":"plain","optional":true,"computed":true},"default_format":{"type":"string","description_kind":"plain","optional":true,"computed":true},"path":{"type":"string","description_kind":"plain","optional":true,"computed":true},"provenance_field_name":{"type":"string","description_kind":"plain","optional":true,"computed":true},"store_name":{"type":"string","description_kind":"plain","optional":true,"computed":true},"urls":{"type":["list","string"],"description_kind":"plain","optional":true,"computed":true}},"description_kind":"plain"}}},"description_kind":"plain"}},"views":{"nesting_mode":"set","block":{"attributes":{"name":{"type":"string","description_kind":"plain","computed":true},"pipeline":{"type":"string","description_kind":"plain","computed":true},"source":{"type":"string","description_kind":"plain","computed":true}},"description_kind":"plain"}}},"description_kind":"plain"}},"storage_stores":{"nesting_mode":"set","block":{"attributes":{"additional_storage_classes":{"type":["list","string"],"description_kind":"plain","optional":true,"computed":true},"allow_insecure":{"type":"bool","description_kind":"plain","optional":true,"computed":true},"bucket":{"type":"string","description_kind":"plain","optional":true,"computed":true},"cluster_id":{"type":"string","description_kind":"plain","deprecated":true,"optional":true,"computed":true},"cluster_name":{"type":"string","description_kind":"plain","optional":true,"computed":true},"default_format":{"type":"string","description_kind":"plain","optional":true,"computed":true},"delimiter":{"type":"string","description_kind":"plain","optional":true,"computed":true},"include_tags":{"type":"bool","description_kind":"plain","optional":true,"computed":true},"name":{"type":"string","description_kind":"plain","optional":true,"computed":true},"prefix":{"type":"string","description_kind":"plain","optional":true,"computed":true},"project_id":{"type":"string","description_kind":"plain","optional":true,"computed":true},"provider":{"type":"string","description_kind":"plain","optional":true,"computed":true},"public":{"type":"string","description_kind":"plain","optional":true,"computed":true},"region":{"type":"string","description_kind":"plain","optional":true,"computed":true},"urls":{"type":["list","string"],"description_kind":"plain","optional":true,"computed":true}},"block_types":{"read_preference":{"nesting_mode":"list","block":{"attributes":{"max_staleness_seconds":{"type":"number","description_kind":"plain","optional":true,"computed":true},"mode":{"type":"string","description_kind":"plain","optional":true,"computed":true}},"block_types":{"tag_sets":{"nesting_mode":"list","block":{"block_types":{"tags":{"nesting_mode":"list","block":{"attributes":{"name":{"type":"string","description_kind":"plain","optional":true,"computed":true},"value":{"type":"string","description_kind":"plain","optional":true,"computed":true}},"description_kind":"plain"},"min_items":1}},"description_kind":"plain"}}},"description_kind":"plain"},"max_items":1}},"description_kind":"plain"}}},"description_kind":"plain"}},"mongodbatlas_federated_query_limit":{"version":0,"block":{"attributes":{"current_usage":{"type":"number","description_kind":"plain","computed":true},"default_limit":{"type":"number","description_kind":"plain","optional":true},"id":{"type":"string","description_kind":"plain","optional":true,"computed":true},"last_modified_date":{"type":"string","description_kind":"plain","computed":true},"limit_name":{"type":"string","description_kind":"plain","required":true},"maximum_limit":{"type":"number","description_kind":"plain","optional":true},"overrun_policy":{"type":"string","description_kind":"plain","required":true},"project_id":{"type":"string","description_kind":"plain","required":true},"tenant_name":{"type":"string","description_kind":"plain","required":true},"value":{"type":"number","description_kind":"plain","required":true}},"description_kind":"plain"}},"mongodbatlas_federated_settings_identity_provider":{"version":0,"block":{"attributes":{"associated_domains":{"type":["list","string"],"description_kind":"plain","optional":true},"audience_claim":{"type":["list","string"],"description_kind":"plain","optional":true},"client_id":{"type":"string","description_kind":"plain","optional":true},"federation_settings_id":{"type":"string","description_kind":"plain","required":true},"groups_claim":{"type":"string","description_kind":"plain","optional":true},"id":{"type":"string","description_kind":"plain","optional":true,"computed":true},"idp_id":{"type":"string","description_kind":"plain","computed":true},"issuer_uri":{"type":"string","description_kind":"plain","required":true},"name":{"type":"string","description_kind":"plain","required":true},"okta_idp_id":{"type":"string","description_kind":"plain","computed":true},"protocol":{"type":"string","description_kind":"plain","optional":true,"computed":true},"request_binding":{"type":"string","description_kind":"plain","optional":true},"requested_scopes":{"type":["list","string"],"description_kind":"plain","optional":true},"response_signature_algorithm":{"type":"string","description_kind":"plain","optional":true},"sso_debug_enabled":{"type":"bool","description_kind":"plain","optional":true},"sso_url":{"type":"string","description_kind":"plain","optional":true},"status":{"type":"string","description_kind":"plain","optional":true},"user_claim":{"type":"string","description_kind":"plain","optional":true}},"description_kind":"plain"}},"mongodbatlas_federated_settings_org_config":{"version":0,"block":{"attributes":{"domain_allow_list":{"type":["list","string"],"description_kind":"plain","optional":true},"domain_restriction_enabled":{"type":"bool","description_kind":"plain","required":true},"federation_settings_id":{"type":"string","description_kind":"plain","required":true},"id":{"type":"string","description_kind":"plain","optional":true,"computed":true},"identity_provider_id":{"type":"string","description_kind":"plain","required":true},"org_id":{"type":"string","description_kind":"plain","required":true},"post_auth_role_grants":{"type":["list","string"],"description_kind":"plain","optional":true}},"description_kind":"plain"}},"mongodbatlas_federated_settings_org_role_mapping":{"version":0,"block":{"attributes":{"external_group_name":{"type":"string","description_kind":"plain","required":true},"federation_settings_id":{"type":"string","description_kind":"plain","required":true},"id":{"type":"string","description_kind":"plain","computed":true},"org_id":{"type":"string","description_kind":"plain","required":true},"role_mapping_id":{"type":"string","description_kind":"plain","computed":true}},"block_types":{"role_assignments":{"nesting_mode":"set","block":{"attributes":{"group_id":{"type":"string","description_kind":"plain","optional":true},"org_id":{"type":"string","description_kind":"plain","optional":true},"roles":{"type":["set","string"],"description_kind":"plain","optional":true}},"description_kind":"plain"},"min_items":1}},"description_kind":"plain"}},"mongodbatlas_global_cluster_config":{"version":0,"block":{"attributes":{"cluster_name":{"type":"string","description_kind":"plain","required":true},"custom_zone_mapping":{"type":["map","string"],"description_kind":"plain","computed":true},"id":{"type":"string","description_kind":"plain","optional":true,"computed":true},"project_id":{"type":"string","description_kind":"plain","required":true}},"block_types":{"custom_zone_mappings":{"nesting_mode":"set","block":{"attributes":{"location":{"type":"string","description_kind":"plain","optional":true,"computed":true},"zone":{"type":"string","description_kind":"plain","optional":true,"computed":true}},"description_kind":"plain"}},"managed_namespaces":{"nesting_mode":"set","block":{"attributes":{"collection":{"type":"string","description_kind":"plain","required":true},"custom_shard_key":{"type":"string","description_kind":"plain","required":true},"db":{"type":"string","description_kind":"plain","required":true},"is_custom_shard_key_hashed":{"type":"bool","description_kind":"plain","optional":true,"computed":true},"is_shard_key_unique":{"type":"bool","description_kind":"plain","optional":true,"computed":true}},"description_kind":"plain"}}},"description_kind":"plain"}},"mongodbatlas_ldap_configuration":{"version":0,"block":{"attributes":{"authentication_enabled":{"type":"bool","description_kind":"plain","required":true},"authorization_enabled":{"type":"bool","description_kind":"plain","optional":true,"computed":true},"authz_query_template":{"type":"string","description_kind":"plain","optional":true,"computed":true},"bind_password":{"type":"string","description_kind":"plain","required":true,"sensitive":true},"bind_username":{"type":"string","description_kind":"plain","required":true},"ca_certificate":{"type":"string","description_kind":"plain","optional":true,"computed":true},"hostname":{"type":"string","description_kind":"plain","required":true},"id":{"type":"string","description_kind":"plain","optional":true,"computed":true},"port":{"type":"number","description_kind":"plain","optional":true},"project_id":{"type":"string","description_kind":"plain","required":true}},"block_types":{"user_to_dn_mapping":{"nesting_mode":"list","block":{"attributes":{"ldap_query":{"type":"string","description_kind":"plain","optional":true,"computed":true},"match":{"type":"string","description_kind":"plain","optional":true,"computed":true},"substitution":{"type":"string","description_kind":"plain","optional":true,"computed":true}},"description_kind":"plain"}}},"description_kind":"plain"}},"mongodbatlas_ldap_verify":{"version":0,"block":{"attributes":{"authz_query_template":{"type":"string","description_kind":"plain","optional":true,"computed":true},"bind_password":{"type":"string","description_kind":"plain","required":true},"bind_username":{"type":"string","description_kind":"plain","required":true},"ca_certificate":{"type":"string","description_kind":"plain","optional":true,"computed":true},"hostname":{"type":"string","description_kind":"plain","required":true},"id":{"type":"string","description_kind":"plain","optional":true,"computed":true},"links":{"type":["list",["object",{"href":"string","rel":"string"}]],"description_kind":"plain","computed":true},"port":{"type":"number","description_kind":"plain","required":true},"project_id":{"type":"string","description_kind":"plain","required":true},"request_id":{"type":"string","description_kind":"plain","computed":true},"status":{"type":"string","description_kind":"plain","computed":true},"validations":{"type":["list",["object",{"status":"string","validation_type":"string"}]],"description_kind":"plain","computed":true}},"description_kind":"plain"}},"mongodbatlas_maintenance_window":{"version":0,"block":{"attributes":{"auto_defer":{"type":"bool","description_kind":"plain","optional":true,"computed":true},"auto_defer_once_enabled":{"type":"bool","description_kind":"plain","optional":true,"computed":true},"day_of_week":{"type":"number","description_kind":"plain","required":true},"defer":{"type":"bool","description_kind":"plain","optional":true,"computed":true},"hour_of_day":{"type":"number","description_kind":"plain","optional":true,"computed":true},"id":{"type":"string","description_kind":"plain","optional":true,"computed":true},"number_of_deferrals":{"type":"number","description_kind":"plain","computed":true},"project_id":{"type":"string","description_kind":"plain","required":true},"start_asap":{"type":"bool","description_kind":"plain","optional":true,"computed":true}},"description_kind":"plain"}},"mongodbatlas_network_container":{"version":0,"block":{"attributes":{"atlas_cidr_block":{"type":"string","description_kind":"plain","required":true},"azure_subscription_id":{"type":"string","description_kind":"plain","computed":true},"container_id":{"type":"string","description_kind":"plain","computed":true},"gcp_project_id":{"type":"string","description_kind":"plain","computed":true},"id":{"type":"string","description_kind":"plain","optional":true,"computed":true},"network_name":{"type":"string","description_kind":"plain","computed":true},"project_id":{"type":"string","description_kind":"plain","required":true},"provider_name":{"type":"string","description_kind":"plain","optional":true},"provisioned":{"type":"bool","description_kind":"plain","computed":true},"region":{"type":"string","description_kind":"plain","optional":true,"computed":true},"region_name":{"type":"string","description_kind":"plain","optional":true,"computed":true},"regions":{"type":["list","string"],"description_kind":"plain","optional":true,"computed":true},"vnet_name":{"type":"string","description_kind":"plain","computed":true},"vpc_id":{"type":"string","description_kind":"plain","computed":true}},"description_kind":"plain"}},"mongodbatlas_network_peering":{"version":0,"block":{"attributes":{"accepter_region_name":{"type":"string","description_kind":"plain","optional":true,"computed":true},"atlas_cidr_block":{"type":"string","description_kind":"plain","optional":true,"computed":true},"atlas_gcp_project_id":{"type":"string","description_kind":"plain","optional":true,"computed":true},"atlas_id":{"type":"string","description_kind":"plain","computed":true},"atlas_vpc_name":{"type":"string","description_kind":"plain","optional":true,"computed":true},"aws_account_id":{"type":"string","description_kind":"plain","optional":true,"computed":true},"azure_directory_id":{"type":"string","description_kind":"plain","optional":true,"computed":true},"azure_subscription_id":{"type":"string","description_kind":"plain","optional":true,"computed":true},"connection_id":{"type":"string","description_kind":"plain","computed":true},"container_id":{"type":"string","description_kind":"plain","required":true},"error_message":{"type":"string","description_kind":"plain","computed":true},"error_state":{"type":"string","description_kind":"plain","computed":true},"error_state_name":{"type":"string","description_kind":"plain","computed":true},"gcp_project_id":{"type":"string","description_kind":"plain","optional":true,"computed":true},"id":{"type":"string","description_kind":"plain","optional":true,"computed":true},"network_name":{"type":"string","description_kind":"plain","optional":true,"computed":true},"peer_id":{"type":"string","description_kind":"plain","computed":true},"project_id":{"type":"string","description_kind":"plain","required":true},"provider_name":{"type":"string","description_kind":"plain","required":true},"resource_group_name":{"type":"string","description_kind":"plain","optional":true,"computed":true},"route_table_cidr_block":{"type":"string","description_kind":"plain","optional":true,"computed":true},"status":{"type":"string","description_kind":"plain","computed":true},"status_name":{"type":"string","description_kind":"plain","computed":true},"vnet_name":{"type":"string","description_kind":"plain","optional":true,"computed":true},"vpc_id":{"type":"string","description_kind":"plain","optional":true,"computed":true}},"description_kind":"plain"}},"mongodbatlas_online_archive":{"version":0,"block":{"attributes":{"archive_id":{"type":"string","description_kind":"plain","computed":true},"cluster_name":{"type":"string","description_kind":"plain","required":true},"coll_name":{"type":"string","description_kind":"plain","required":true},"collection_type":{"type":"string","description_kind":"plain","optional":true,"computed":true},"db_name":{"type":"string","description_kind":"plain","required":true},"id":{"type":"string","description_kind":"plain","optional":true,"computed":true},"paused":{"type":"bool","description_kind":"plain","optional":true,"computed":true},"project_id":{"type":"string","description_kind":"plain","required":true},"state":{"type":"string","description_kind":"plain","computed":true},"sync_creation":{"type":"bool","description_kind":"plain","optional":true}},"block_types":{"criteria":{"nesting_mode":"list","block":{"attributes":{"date_field":{"type":"string","description_kind":"plain","optional":true},"date_format":{"type":"string","description_kind":"plain","optional":true,"computed":true},"expire_after_days":{"type":"number","description_kind":"plain","optional":true},"query":{"type":"string","description_kind":"plain","optional":true},"type":{"type":"string","description_kind":"plain","required":true}},"description_kind":"plain"},"min_items":1,"max_items":1},"data_expiration_rule":{"nesting_mode":"list","block":{"attributes":{"expire_after_days":{"type":"number","description_kind":"plain","required":true}},"description_kind":"plain"},"max_items":1},"data_process_region":{"nesting_mode":"list","block":{"attributes":{"cloud_provider":{"type":"string","description_kind":"plain","optional":true,"computed":true},"region":{"type":"string","description_kind":"plain","optional":true,"computed":true}},"description_kind":"plain"},"max_items":1},"partition_fields":{"nesting_mode":"list","block":{"attributes":{"field_name":{"type":"string","description_kind":"plain","required":true},"field_type":{"type":"string","description_kind":"plain","computed":true},"order":{"type":"number","description_kind":"plain","required":true}},"description_kind":"plain"}},"schedule":{"nesting_mode":"list","block":{"attributes":{"day_of_month":{"type":"number","description_kind":"plain","optional":true},"day_of_week":{"type":"number","description_kind":"plain","optional":true},"end_hour":{"type":"number","description_kind":"plain","optional":true},"end_minute":{"type":"number","description_kind":"plain","optional":true},"start_hour":{"type":"number","description_kind":"plain","optional":true},"start_minute":{"type":"number","description_kind":"plain","optional":true},"type":{"type":"string","description_kind":"plain","required":true}},"description_kind":"plain"},"max_items":1}},"description_kind":"plain"}},"mongodbatlas_org_invitation":{"version":0,"block":{"attributes":{"created_at":{"type":"string","description_kind":"plain","computed":true},"expires_at":{"type":"string","description_kind":"plain","computed":true},"id":{"type":"string","description_kind":"plain","optional":true,"computed":true},"invitation_id":{"type":"string","description_kind":"plain","computed":true},"inviter_username":{"type":"string","description_kind":"plain","computed":true},"org_id":{"type":"string","description_kind":"plain","required":true},"roles":{"type":["set","string"],"description_kind":"plain","required":true},"teams_ids":{"type":["set","string"],"description_kind":"plain","optional":true,"computed":true},"username":{"type":"string","description_kind":"plain","required":true}},"description_kind":"plain"}},"mongodbatlas_organization":{"version":0,"block":{"attributes":{"api_access_list_required":{"type":"bool","description_kind":"plain","optional":true,"computed":true},"description":{"type":"string","description_kind":"plain","required":true},"federation_settings_id":{"type":"string","description_kind":"plain","optional":true},"id":{"type":"string","description_kind":"plain","optional":true,"computed":true},"multi_factor_auth_required":{"type":"bool","description_kind":"plain","optional":true,"computed":true},"name":{"type":"string","description_kind":"plain","required":true},"org_id":{"type":"string","description_kind":"plain","computed":true},"org_owner_id":{"type":"string","description_kind":"plain","required":true},"private_key":{"type":"string","description_kind":"plain","computed":true,"sensitive":true},"public_key":{"type":"string","description_kind":"plain","computed":true,"sensitive":true},"restrict_employee_access":{"type":"bool","description_kind":"plain","optional":true,"computed":true},"role_names":{"type":["set","string"],"description_kind":"plain","required":true}},"description_kind":"plain"}},"mongodbatlas_private_endpoint_regional_mode":{"version":0,"block":{"attributes":{"enabled":{"type":"bool","description_kind":"plain","optional":true,"computed":true},"id":{"type":"string","description_kind":"plain","optional":true,"computed":true},"project_id":{"type":"string","description_kind":"plain","required":true}},"block_types":{"timeouts":{"nesting_mode":"single","block":{"attributes":{"create":{"type":"string","description_kind":"plain","optional":true},"delete":{"type":"string","description_kind":"plain","optional":true},"update":{"type":"string","description_kind":"plain","optional":true}},"description_kind":"plain"}}},"description_kind":"plain"}},"mongodbatlas_privatelink_endpoint":{"version":0,"block":{"attributes":{"endpoint_group_names":{"type":["list","string"],"description_kind":"plain","computed":true},"endpoint_service_name":{"type":"string","description_kind":"plain","computed":true},"error_message":{"type":"string","description_kind":"plain","computed":true},"id":{"type":"string","description_kind":"plain","optional":true,"computed":true},"interface_endpoints":{"type":["list","string"],"description_kind":"plain","computed":true},"private_endpoints":{"type":["list","string"],"description_kind":"plain","computed":true},"private_link_id":{"type":"string","description_kind":"plain","computed":true},"private_link_service_name":{"type":"string","description_kind":"plain","computed":true},"private_link_service_resource_id":{"type":"string","description_kind":"plain","computed":true},"project_id":{"type":"string","description_kind":"plain","required":true},"provider_name":{"type":"string","description_kind":"plain","required":true},"region":{"type":"string","description_kind":"plain","required":true},"region_name":{"type":"string","description_kind":"plain","computed":true},"service_attachment_names":{"type":["list","string"],"description_kind":"plain","computed":true},"status":{"type":"string","description_kind":"plain","computed":true}},"block_types":{"timeouts":{"nesting_mode":"single","block":{"attributes":{"create":{"type":"string","description_kind":"plain","optional":true},"delete":{"type":"string","description_kind":"plain","optional":true}},"description_kind":"plain"}}},"description_kind":"plain"}},"mongodbatlas_privatelink_endpoint_serverless":{"version":0,"block":{"attributes":{"endpoint_id":{"type":"string","description_kind":"plain","computed":true},"endpoint_service_name":{"type":"string","description_kind":"plain","computed":true},"id":{"type":"string","description_kind":"plain","optional":true,"computed":true},"instance_name":{"type":"string","description_kind":"plain","required":true},"private_link_service_resource_id":{"type":"string","description_kind":"plain","computed":true},"project_id":{"type":"string","description_kind":"plain","required":true},"provider_name":{"type":"string","description_kind":"plain","required":true},"status":{"type":"string","description_kind":"plain","computed":true}},"block_types":{"timeouts":{"nesting_mode":"single","block":{"attributes":{"create":{"type":"string","description_kind":"plain","optional":true},"delete":{"type":"string","description_kind":"plain","optional":true}},"description_kind":"plain"}}},"description_kind":"plain"}},"mongodbatlas_privatelink_endpoint_service":{"version":0,"block":{"attributes":{"aws_connection_status":{"type":"string","description_kind":"plain","computed":true},"azure_status":{"type":"string","description_kind":"plain","computed":true},"delete_requested":{"type":"bool","description_kind":"plain","computed":true},"endpoint_group_name":{"type":"string","description_kind":"plain","computed":true},"endpoint_service_id":{"type":"string","description_kind":"plain","required":true},"error_message":{"type":"string","description_kind":"plain","computed":true},"gcp_project_id":{"type":"string","description_kind":"plain","optional":true},"gcp_status":{"type":"string","description_kind":"plain","computed":true},"id":{"type":"string","description_kind":"plain","optional":true,"computed":true},"interface_endpoint_id":{"type":"string","description_kind":"plain","computed":true},"private_endpoint_connection_name":{"type":"string","description_kind":"plain","computed":true},"private_endpoint_ip_address":{"type":"string","description_kind":"plain","optional":true,"computed":true},"private_endpoint_resource_id":{"type":"string","description_kind":"plain","computed":true},"private_link_id":{"type":"string","description_kind":"plain","required":true},"project_id":{"type":"string","description_kind":"plain","required":true},"provider_name":{"type":"string","description_kind":"plain","required":true}},"block_types":{"endpoints":{"nesting_mode":"list","block":{"attributes":{"endpoint_name":{"type":"string","description_kind":"plain","optional":true},"ip_address":{"type":"string","description_kind":"plain","optional":true},"service_attachment_name":{"type":"string","description_kind":"plain","deprecated":true,"computed":true},"status":{"type":"string","description_kind":"plain","computed":true}},"description_kind":"plain"}},"timeouts":{"nesting_mode":"single","block":{"attributes":{"create":{"type":"string","description_kind":"plain","optional":true},"delete":{"type":"string","description_kind":"plain","optional":true}},"description_kind":"plain"}}},"description_kind":"plain"}},"mongodbatlas_privatelink_endpoint_service_data_federation_online_archive":{"version":0,"block":{"attributes":{"comment":{"type":"string","description_kind":"plain","optional":true},"customer_endpoint_dns_name":{"type":"string","description_kind":"plain","optional":true},"endpoint_id":{"type":"string","description_kind":"plain","required":true},"id":{"type":"string","description_kind":"plain","optional":true,"computed":true},"project_id":{"type":"string","description_kind":"plain","required":true},"provider_name":{"type":"string","description_kind":"plain","required":true},"region":{"type":"string","description_kind":"plain","optional":true},"type":{"type":"string","description_kind":"plain","computed":true}},"block_types":{"timeouts":{"nesting_mode":"single","block":{"attributes":{"create":{"type":"string","description_kind":"plain","optional":true},"delete":{"type":"string","description_kind":"plain","optional":true}},"description_kind":"plain"}}},"description_kind":"plain"}},"mongodbatlas_privatelink_endpoint_service_serverless":{"version":0,"block":{"attributes":{"cloud_provider_endpoint_id":{"type":"string","description_kind":"plain","optional":true,"computed":true},"comment":{"type":"string","description_kind":"plain","optional":true},"endpoint_id":{"type":"string","description_kind":"plain","required":true},"id":{"type":"string","description_kind":"plain","optional":true,"computed":true},"instance_name":{"type":"string","description_kind":"plain","required":true},"private_endpoint_ip_address":{"type":"string","description_kind":"plain","optional":true,"computed":true},"private_link_service_resource_id":{"type":"string","description_kind":"plain","computed":true},"project_id":{"type":"string","description_kind":"plain","required":true},"provider_name":{"type":"string","description_kind":"plain","required":true},"status":{"type":"string","description_kind":"plain","computed":true}},"block_types":{"timeouts":{"nesting_mode":"single","block":{"attributes":{"create":{"type":"string","description_kind":"plain","optional":true},"delete":{"type":"string","description_kind":"plain","optional":true}},"description_kind":"plain"}}},"description_kind":"plain"}},"mongodbatlas_project":{"version":0,"block":{"attributes":{"cluster_count":{"type":"number","description_kind":"plain","computed":true},"created":{"type":"string","description_kind":"plain","computed":true},"id":{"type":"string","description_kind":"plain","computed":true},"ip_addresses":{"nested_type":{"attributes":{"services":{"nested_type":{"attributes":{"clusters":{"nested_type":{"attributes":{"cluster_name":{"type":"string","description_kind":"plain","computed":true},"inbound":{"type":["list","string"],"description_kind":"plain","computed":true},"outbound":{"type":["list","string"],"description_kind":"plain","computed":true}},"nesting_mode":"list"},"description_kind":"plain","computed":true}},"nesting_mode":"single"},"description_kind":"plain","computed":true}},"nesting_mode":"single"},"description_kind":"plain","computed":true},"is_collect_database_specifics_statistics_enabled":{"type":"bool","description_kind":"plain","optional":true,"computed":true},"is_data_explorer_enabled":{"type":"bool","description_kind":"plain","optional":true,"computed":true},"is_extended_storage_sizes_enabled":{"type":"bool","description_kind":"plain","optional":true,"computed":true},"is_performance_advisor_enabled":{"type":"bool","description_kind":"plain","optional":true,"computed":true},"is_realtime_performance_panel_enabled":{"type":"bool","description_kind":"plain","optional":true,"computed":true},"is_schema_advisor_enabled":{"type":"bool","description_kind":"plain","optional":true,"computed":true},"name":{"type":"string","description_kind":"plain","required":true},"org_id":{"type":"string","description_kind":"plain","required":true},"project_owner_id":{"type":"string","description_kind":"plain","optional":true},"region_usage_restrictions":{"type":"string","description_kind":"plain","optional":true,"computed":true},"tags":{"type":["map","string"],"description_kind":"plain","optional":true},"with_default_alerts_settings":{"type":"bool","description_kind":"plain","optional":true,"computed":true}},"block_types":{"limits":{"nesting_mode":"set","block":{"attributes":{"current_usage":{"type":"number","description_kind":"plain","computed":true},"default_limit":{"type":"number","description_kind":"plain","computed":true},"maximum_limit":{"type":"number","description_kind":"plain","computed":true},"name":{"type":"string","description_kind":"plain","required":true},"value":{"type":"number","description_kind":"plain","required":true}},"description_kind":"plain"}},"teams":{"nesting_mode":"set","block":{"attributes":{"role_names":{"type":["set","string"],"description_kind":"plain","required":true},"team_id":{"type":"string","description_kind":"plain","required":true}},"description_kind":"plain"}}},"description_kind":"plain"}},"mongodbatlas_project_api_key":{"version":0,"block":{"attributes":{"api_key_id":{"type":"string","description_kind":"plain","computed":true},"description":{"type":"string","description_kind":"plain","required":true},"id":{"type":"string","description_kind":"plain","optional":true,"computed":true},"private_key":{"type":"string","description_kind":"plain","computed":true,"sensitive":true},"public_key":{"type":"string","description_kind":"plain","computed":true}},"block_types":{"project_assignment":{"nesting_mode":"set","block":{"attributes":{"project_id":{"type":"string","description_kind":"plain","required":true},"role_names":{"type":["set","string"],"description_kind":"plain","required":true}},"description_kind":"plain"},"min_items":1}},"description_kind":"plain"}},"mongodbatlas_project_invitation":{"version":0,"block":{"attributes":{"created_at":{"type":"string","description_kind":"plain","computed":true},"expires_at":{"type":"string","description_kind":"plain","computed":true},"id":{"type":"string","description_kind":"plain","optional":true,"computed":true},"invitation_id":{"type":"string","description_kind":"plain","computed":true},"inviter_username":{"type":"string","description_kind":"plain","computed":true},"project_id":{"type":"string","description_kind":"plain","required":true},"roles":{"type":["set","string"],"description_kind":"plain","required":true},"username":{"type":"string","description_kind":"plain","required":true}},"description_kind":"plain"}},"mongodbatlas_project_ip_access_list":{"version":0,"block":{"attributes":{"aws_security_group":{"type":"string","description_kind":"plain","optional":true,"computed":true},"cidr_block":{"type":"string","description_kind":"plain","optional":true,"computed":true},"comment":{"type":"string","description_kind":"plain","optional":true,"computed":true},"id":{"type":"string","description_kind":"plain","computed":true},"ip_address":{"type":"string","description_kind":"plain","optional":true,"computed":true},"project_id":{"type":"string","description_kind":"plain","required":true}},"block_types":{"timeouts":{"nesting_mode":"single","block":{"attributes":{"delete":{"type":"string","description":"A string that can be [parsed as a duration](https://pkg.go.dev/time#ParseDuration) consisting of numbers and unit suffixes, such as \"30s\" or \"2h45m\". Valid time units are \"s\" (seconds), \"m\" (minutes), \"h\" (hours). Setting a timeout for a Delete operation is only applicable if changes are saved into state before the destroy operation occurs.","description_kind":"plain","optional":true},"read":{"type":"string","description":"A string that can be [parsed as a duration](https://pkg.go.dev/time#ParseDuration) consisting of numbers and unit suffixes, such as \"30s\" or \"2h45m\". Valid time units are \"s\" (seconds), \"m\" (minutes), \"h\" (hours). Read operations occur during any refresh or planning operation when refresh is enabled.","description_kind":"plain","optional":true}},"description_kind":"plain"}}},"description_kind":"plain"}},"mongodbatlas_push_based_log_export":{"version":0,"block":{"attributes":{"bucket_name":{"type":"string","description":"The name of the bucket to which the agent sends the logs to.","description_kind":"markdown","required":true},"create_date":{"type":"string","description":"Date and time that this feature was enabled on.","description_kind":"markdown","computed":true},"iam_role_id":{"type":"string","description":"ID of the AWS IAM role that is used to write to the S3 bucket.","description_kind":"markdown","required":true},"prefix_path":{"type":"string","description":"S3 directory in which vector writes in order to store the logs. An empty string denotes the root directory.","description_kind":"markdown","optional":true,"computed":true},"project_id":{"type":"string","description":"Unique 24-hexadecimal digit string that identifies your project. Use the [/groups](#tag/Projects/operation/listProjects) endpoint to retrieve all projects to which the authenticated user has access.\n\n**NOTE**: Groups and projects are synonymous terms. Your group id is the same as your project id. For existing groups, your group/project id remains the same. The resource and corresponding endpoints use the term groups.","description_kind":"markdown","required":true},"state":{"type":"string","description":"Describes whether or not the feature is enabled and what status it is in.","description_kind":"markdown","computed":true},"timeouts":{"nested_type":{"attributes":{"create":{"type":"string","description":"A string that can be [parsed as a duration](https://pkg.go.dev/time#ParseDuration) consisting of numbers and unit suffixes, such as \"30s\" or \"2h45m\". Valid time units are \"s\" (seconds), \"m\" (minutes), \"h\" (hours).","description_kind":"plain","optional":true},"delete":{"type":"string","description":"A string that can be [parsed as a duration](https://pkg.go.dev/time#ParseDuration) consisting of numbers and unit suffixes, such as \"30s\" or \"2h45m\". Valid time units are \"s\" (seconds), \"m\" (minutes), \"h\" (hours). Setting a timeout for a Delete operation is only applicable if changes are saved into state before the destroy operation occurs.","description_kind":"plain","optional":true},"update":{"type":"string","description":"A string that can be [parsed as a duration](https://pkg.go.dev/time#ParseDuration) consisting of numbers and unit suffixes, such as \"30s\" or \"2h45m\". Valid time units are \"s\" (seconds), \"m\" (minutes), \"h\" (hours).","description_kind":"plain","optional":true}},"nesting_mode":"single"},"description_kind":"plain","optional":true}},"description_kind":"plain"}},"mongodbatlas_search_deployment":{"version":0,"block":{"attributes":{"cluster_name":{"type":"string","description":"Label that identifies the cluster to return the search nodes for.","description_kind":"markdown","required":true},"id":{"type":"string","description":"Unique 24-hexadecimal digit string that identifies the search deployment.","description_kind":"markdown","computed":true},"project_id":{"type":"string","description":"Unique 24-hexadecimal character string that identifies the project.","description_kind":"markdown","required":true},"specs":{"nested_type":{"attributes":{"instance_size":{"type":"string","description":"Hardware specification for the search node instance sizes. The [MongoDB Atlas API](https://www.mongodb.com/docs/atlas/reference/api-resources-spec/#tag/Atlas-Search/operation/createAtlasSearchDeployment) describes the valid values. More details can also be found in the [Search Node Documentation](https://www.mongodb.com/docs/atlas/cluster-config/multi-cloud-distribution/#search-tier).","description_kind":"markdown","required":true},"node_count":{"type":"number","description":"Number of search nodes in the cluster.","description_kind":"markdown","required":true}},"nesting_mode":"list"},"description":"List of settings that configure the search nodes for your cluster. This list is currently limited to defining a single element.","description_kind":"markdown","required":true},"state_name":{"type":"string","description":"Human-readable label that indicates the current operating condition of this search deployment.","description_kind":"markdown","computed":true},"timeouts":{"nested_type":{"attributes":{"create":{"type":"string","description":"A string that can be [parsed as a duration](https://pkg.go.dev/time#ParseDuration) consisting of numbers and unit suffixes, such as \"30s\" or \"2h45m\". Valid time units are \"s\" (seconds), \"m\" (minutes), \"h\" (hours).","description_kind":"plain","optional":true},"delete":{"type":"string","description":"A string that can be [parsed as a duration](https://pkg.go.dev/time#ParseDuration) consisting of numbers and unit suffixes, such as \"30s\" or \"2h45m\". Valid time units are \"s\" (seconds), \"m\" (minutes), \"h\" (hours). Setting a timeout for a Delete operation is only applicable if changes are saved into state before the destroy operation occurs.","description_kind":"plain","optional":true},"update":{"type":"string","description":"A string that can be [parsed as a duration](https://pkg.go.dev/time#ParseDuration) consisting of numbers and unit suffixes, such as \"30s\" or \"2h45m\". Valid time units are \"s\" (seconds), \"m\" (minutes), \"h\" (hours).","description_kind":"plain","optional":true}},"nesting_mode":"single"},"description_kind":"plain","optional":true}},"description_kind":"plain"}},"mongodbatlas_search_index":{"version":0,"block":{"attributes":{"analyzer":{"type":"string","description_kind":"plain","optional":true},"analyzers":{"type":"string","description_kind":"plain","optional":true},"cluster_name":{"type":"string","description_kind":"plain","required":true},"collection_name":{"type":"string","description_kind":"plain","required":true},"database":{"type":"string","description_kind":"plain","required":true},"fields":{"type":"string","description_kind":"plain","optional":true},"id":{"type":"string","description_kind":"plain","optional":true,"computed":true},"index_id":{"type":"string","description_kind":"plain","computed":true},"mappings_dynamic":{"type":"bool","description_kind":"plain","optional":true},"mappings_fields":{"type":"string","description_kind":"plain","optional":true},"name":{"type":"string","description_kind":"plain","required":true},"project_id":{"type":"string","description_kind":"plain","required":true},"search_analyzer":{"type":"string","description_kind":"plain","optional":true},"status":{"type":"string","description_kind":"plain","computed":true},"type":{"type":"string","description_kind":"plain","optional":true},"wait_for_index_build_completion":{"type":"bool","description_kind":"plain","optional":true}},"block_types":{"synonyms":{"nesting_mode":"set","block":{"attributes":{"analyzer":{"type":"string","description_kind":"plain","required":true},"name":{"type":"string","description_kind":"plain","required":true},"source_collection":{"type":"string","description_kind":"plain","required":true}},"description_kind":"plain"}},"timeouts":{"nesting_mode":"single","block":{"attributes":{"create":{"type":"string","description_kind":"plain","optional":true},"delete":{"type":"string","description_kind":"plain","optional":true},"update":{"type":"string","description_kind":"plain","optional":true}},"description_kind":"plain"}}},"description_kind":"plain"}},"mongodbatlas_serverless_instance":{"version":0,"block":{"attributes":{"auto_indexing":{"type":"bool","description_kind":"plain","optional":true,"computed":true},"connection_strings_private_endpoint_srv":{"type":["list","string"],"description_kind":"plain","computed":true},"connection_strings_standard_srv":{"type":"string","description_kind":"plain","computed":true},"continuous_backup_enabled":{"type":"bool","description_kind":"plain","optional":true,"computed":true},"create_date":{"type":"string","description_kind":"plain","computed":true},"id":{"type":"string","description_kind":"plain","optional":true,"computed":true},"mongo_db_version":{"type":"string","description_kind":"plain","computed":true},"name":{"type":"string","description_kind":"plain","required":true},"project_id":{"type":"string","description_kind":"plain","required":true},"provider_settings_backing_provider_name":{"type":"string","description_kind":"plain","required":true},"provider_settings_provider_name":{"type":"string","description_kind":"plain","required":true},"provider_settings_region_name":{"type":"string","description_kind":"plain","required":true},"state_name":{"type":"string","description_kind":"plain","optional":true,"computed":true},"termination_protection_enabled":{"type":"bool","description_kind":"plain","optional":true,"computed":true}},"block_types":{"links":{"nesting_mode":"set","block":{"attributes":{"href":{"type":"string","description_kind":"plain","optional":true,"computed":true},"rel":{"type":"string","description_kind":"plain","optional":true,"computed":true}},"description_kind":"plain"}},"tags":{"nesting_mode":"set","block":{"attributes":{"key":{"type":"string","description_kind":"plain","required":true},"value":{"type":"string","description_kind":"plain","required":true}},"description_kind":"plain"}}},"description_kind":"plain"}},"mongodbatlas_stream_connection":{"version":0,"block":{"attributes":{"authentication":{"nested_type":{"attributes":{"mechanism":{"type":"string","description_kind":"plain","optional":true},"password":{"type":"string","description_kind":"plain","optional":true,"sensitive":true},"username":{"type":"string","description_kind":"plain","optional":true}},"nesting_mode":"single"},"description_kind":"plain","optional":true},"bootstrap_servers":{"type":"string","description_kind":"plain","optional":true},"cluster_name":{"type":"string","description_kind":"plain","optional":true},"config":{"type":["map","string"],"description_kind":"plain","optional":true},"connection_name":{"type":"string","description_kind":"plain","required":true},"db_role_to_execute":{"nested_type":{"attributes":{"role":{"type":"string","description_kind":"plain","required":true},"type":{"type":"string","description_kind":"plain","required":true}},"nesting_mode":"single"},"description_kind":"plain","optional":true},"id":{"type":"string","description_kind":"plain","computed":true},"instance_name":{"type":"string","description_kind":"plain","required":true},"project_id":{"type":"string","description_kind":"plain","required":true},"security":{"nested_type":{"attributes":{"broker_public_certificate":{"type":"string","description_kind":"plain","optional":true},"protocol":{"type":"string","description_kind":"plain","optional":true}},"nesting_mode":"single"},"description_kind":"plain","optional":true},"type":{"type":"string","description_kind":"plain","required":true}},"description_kind":"plain"}},"mongodbatlas_stream_instance":{"version":0,"block":{"attributes":{"data_process_region":{"nested_type":{"attributes":{"cloud_provider":{"type":"string","description_kind":"plain","required":true},"region":{"type":"string","description_kind":"plain","required":true}},"nesting_mode":"single"},"description_kind":"plain","required":true},"hostnames":{"type":["list","string"],"description_kind":"plain","computed":true},"id":{"type":"string","description_kind":"plain","computed":true},"instance_name":{"type":"string","description_kind":"plain","required":true},"project_id":{"type":"string","description_kind":"plain","required":true},"stream_config":{"nested_type":{"attributes":{"tier":{"type":"string","description_kind":"plain","optional":true,"computed":true}},"nesting_mode":"single"},"description_kind":"plain","optional":true,"computed":true}},"description_kind":"plain"}},"mongodbatlas_team":{"version":0,"block":{"attributes":{"id":{"type":"string","description_kind":"plain","optional":true,"computed":true},"name":{"type":"string","description_kind":"plain","required":true},"org_id":{"type":"string","description_kind":"plain","required":true},"team_id":{"type":"string","description_kind":"plain","computed":true},"usernames":{"type":["set","string"],"description_kind":"plain","required":true}},"description_kind":"plain"}},"mongodbatlas_teams":{"version":0,"block":{"attributes":{"id":{"type":"string","description_kind":"plain","optional":true,"computed":true},"name":{"type":"string","description_kind":"plain","required":true},"org_id":{"type":"string","description_kind":"plain","required":true},"team_id":{"type":"string","description_kind":"plain","computed":true},"usernames":{"type":["set","string"],"description_kind":"plain","required":true}},"description_kind":"plain","deprecated":true}},"mongodbatlas_third_party_integration":{"version":0,"block":{"attributes":{"api_key":{"type":"string","description_kind":"plain","optional":true,"computed":true,"sensitive":true},"channel_name":{"type":"string","description_kind":"plain","optional":true,"computed":true},"enabled":{"type":"bool","description_kind":"plain","optional":true,"computed":true},"id":{"type":"string","description_kind":"plain","computed":true},"microsoft_teams_webhook_url":{"type":"string","description_kind":"plain","optional":true,"computed":true,"sensitive":true},"password":{"type":"string","description_kind":"plain","optional":true,"computed":true,"sensitive":true},"project_id":{"type":"string","description_kind":"plain","required":true},"region":{"type":"string","description_kind":"plain","optional":true,"computed":true},"routing_key":{"type":"string","description_kind":"plain","optional":true,"computed":true,"sensitive":true},"scheme":{"type":"string","description_kind":"plain","deprecated":true,"optional":true,"computed":true},"secret":{"type":"string","description_kind":"plain","optional":true,"sensitive":true},"service_discovery":{"type":"string","description_kind":"plain","optional":true,"computed":true,"sensitive":true},"service_key":{"type":"string","description_kind":"plain","optional":true,"computed":true,"sensitive":true},"team_name":{"type":"string","description_kind":"plain","optional":true,"computed":true},"type":{"type":"string","description_kind":"plain","required":true},"url":{"type":"string","description_kind":"plain","optional":true,"computed":true},"user_name":{"type":"string","description_kind":"plain","optional":true,"computed":true,"sensitive":true}},"description_kind":"plain"}},"mongodbatlas_x509_authentication_database_user":{"version":0,"block":{"attributes":{"certificates":{"type":["list",["object",{"created_at":"string","group_id":"string","id":"number","not_after":"string","subject":"string"}]],"description_kind":"plain","computed":true},"current_certificate":{"type":"string","description_kind":"plain","computed":true,"sensitive":true},"customer_x509_cas":{"type":"string","description_kind":"plain","optional":true,"sensitive":true},"id":{"type":"string","description_kind":"plain","optional":true,"computed":true},"months_until_expiration":{"type":"number","description_kind":"plain","optional":true},"project_id":{"type":"string","description_kind":"plain","required":true},"username":{"type":"string","description_kind":"plain","optional":true}},"description_kind":"plain"}}},"data_source_schemas":{"mongodbatlas_access_list_api_key":{"version":0,"block":{"attributes":{"access_count":{"type":"number","description_kind":"plain","computed":true},"api_key_id":{"type":"string","description_kind":"plain","required":true},"cidr_block":{"type":"string","description_kind":"plain","computed":true},"created":{"type":"string","description_kind":"plain","computed":true},"id":{"type":"string","description_kind":"plain","optional":true,"computed":true},"ip_address":{"type":"string","description_kind":"plain","required":true},"last_used":{"type":"string","description_kind":"plain","computed":true},"last_used_address":{"type":"string","description_kind":"plain","computed":true},"org_id":{"type":"string","description_kind":"plain","required":true}},"description_kind":"plain"}},"mongodbatlas_access_list_api_keys":{"version":0,"block":{"attributes":{"api_key_id":{"type":"string","description_kind":"plain","required":true},"id":{"type":"string","description_kind":"plain","optional":true,"computed":true},"items_per_page":{"type":"number","description_kind":"plain","optional":true},"org_id":{"type":"string","description_kind":"plain","required":true},"page_num":{"type":"number","description_kind":"plain","optional":true},"results":{"type":["list",["object",{"access_count":"number","cidr_block":"string","created":"string","ip_address":"string","last_used":"string","last_used_address":"string"}]],"description_kind":"plain","computed":true}},"description_kind":"plain"}},"mongodbatlas_advanced_cluster":{"version":1,"block":{"attributes":{"advanced_configuration":{"type":["list",["object",{"default_read_concern":"string","default_write_concern":"string","fail_index_key_too_long":"bool","javascript_enabled":"bool","minimum_enabled_tls_protocol":"string","no_table_scan":"bool","oplog_min_retention_hours":"number","oplog_size_mb":"number","sample_refresh_interval_bi_connector":"number","sample_size_bi_connector":"number","transaction_lifetime_limit_seconds":"number"}]],"description_kind":"plain","computed":true},"backup_enabled":{"type":"bool","description_kind":"plain","computed":true},"bi_connector_config":{"type":["list",["object",{"enabled":"bool","read_preference":"string"}]],"description_kind":"plain","computed":true},"cluster_type":{"type":"string","description_kind":"plain","computed":true},"connection_strings":{"type":["list",["object",{"private":"string","private_endpoint":["list",["object",{"connection_string":"string","endpoints":["list",["object",{"endpoint_id":"string","provider_name":"string","region":"string"}]],"srv_connection_string":"string","srv_shard_optimized_connection_string":"string","type":"string"}]],"private_srv":"string","standard":"string","standard_srv":"string"}]],"description_kind":"plain","computed":true},"create_date":{"type":"string","description_kind":"plain","computed":true},"disk_size_gb":{"type":"number","description_kind":"plain","computed":true},"encryption_at_rest_provider":{"type":"string","description_kind":"plain","computed":true},"id":{"type":"string","description_kind":"plain","optional":true,"computed":true},"labels":{"type":["set",["object",{"key":"string","value":"string"}]],"description_kind":"plain","deprecated":true,"computed":true},"mongo_db_major_version":{"type":"string","description_kind":"plain","computed":true},"mongo_db_version":{"type":"string","description_kind":"plain","computed":true},"name":{"type":"string","description_kind":"plain","required":true},"paused":{"type":"bool","description_kind":"plain","computed":true},"pit_enabled":{"type":"bool","description_kind":"plain","optional":true,"computed":true},"project_id":{"type":"string","description_kind":"plain","required":true},"replication_specs":{"type":["list",["object",{"container_id":["map","string"],"id":"string","num_shards":"number","region_configs":["list",["object",{"analytics_auto_scaling":["list",["object",{"compute_enabled":"bool","compute_max_instance_size":"string","compute_min_instance_size":"string","compute_scale_down_enabled":"bool","disk_gb_enabled":"bool"}]],"analytics_specs":["list",["object",{"disk_iops":"number","ebs_volume_type":"string","instance_size":"string","node_count":"number"}]],"auto_scaling":["list",["object",{"compute_enabled":"bool","compute_max_instance_size":"string","compute_min_instance_size":"string","compute_scale_down_enabled":"bool","disk_gb_enabled":"bool"}]],"backing_provider_name":"string","electable_specs":["list",["object",{"disk_iops":"number","ebs_volume_type":"string","instance_size":"string","node_count":"number"}]],"priority":"number","provider_name":"string","read_only_specs":["list",["object",{"disk_iops":"number","ebs_volume_type":"string","instance_size":"string","node_count":"number"}]],"region_name":"string"}]],"zone_name":"string"}]],"description_kind":"plain","computed":true},"root_cert_type":{"type":"string","description_kind":"plain","computed":true},"state_name":{"type":"string","description_kind":"plain","computed":true},"tags":{"type":["set",["object",{"key":"string","value":"string"}]],"description_kind":"plain","computed":true},"termination_protection_enabled":{"type":"bool","description_kind":"plain","computed":true},"version_release_system":{"type":"string","description_kind":"plain","computed":true}},"description_kind":"plain"}},"mongodbatlas_advanced_clusters":{"version":0,"block":{"attributes":{"id":{"type":"string","description_kind":"plain","optional":true,"computed":true},"project_id":{"type":"string","description_kind":"plain","required":true},"results":{"type":["list",["object",{"advanced_configuration":["list",["object",{"default_read_concern":"string","default_write_concern":"string","fail_index_key_too_long":"bool","javascript_enabled":"bool","minimum_enabled_tls_protocol":"string","no_table_scan":"bool","oplog_min_retention_hours":"number","oplog_size_mb":"number","sample_refresh_interval_bi_connector":"number","sample_size_bi_connector":"number","transaction_lifetime_limit_seconds":"number"}]],"backup_enabled":"bool","bi_connector_config":["list",["object",{"enabled":"bool","read_preference":"string"}]],"cluster_type":"string","connection_strings":["list",["object",{"private":"string","private_endpoint":["list",["object",{"connection_string":"string","endpoints":["list",["object",{"endpoint_id":"string","provider_name":"string","region":"string"}]],"srv_connection_string":"string","srv_shard_optimized_connection_string":"string","type":"string"}]],"private_srv":"string","standard":"string","standard_srv":"string"}]],"create_date":"string","disk_size_gb":"number","encryption_at_rest_provider":"string","labels":["set",["object",{"key":"string","value":"string"}]],"mongo_db_major_version":"string","mongo_db_version":"string","name":"string","paused":"bool","pit_enabled":"bool","replication_specs":["list",["object",{"container_id":["map","string"],"id":"string","num_shards":"number","region_configs":["list",["object",{"analytics_auto_scaling":["list",["object",{"compute_enabled":"bool","compute_max_instance_size":"string","compute_min_instance_size":"string","compute_scale_down_enabled":"bool","disk_gb_enabled":"bool"}]],"analytics_specs":["list",["object",{"disk_iops":"number","ebs_volume_type":"string","instance_size":"string","node_count":"number"}]],"auto_scaling":["list",["object",{"compute_enabled":"bool","compute_max_instance_size":"string","compute_min_instance_size":"string","compute_scale_down_enabled":"bool","disk_gb_enabled":"bool"}]],"backing_provider_name":"string","electable_specs":["list",["object",{"disk_iops":"number","ebs_volume_type":"string","instance_size":"string","node_count":"number"}]],"priority":"number","provider_name":"string","read_only_specs":["list",["object",{"disk_iops":"number","ebs_volume_type":"string","instance_size":"string","node_count":"number"}]],"region_name":"string"}]],"zone_name":"string"}]],"root_cert_type":"string","state_name":"string","tags":["set",["object",{"key":"string","value":"string"}]],"termination_protection_enabled":"bool","version_release_system":"string"}]],"description_kind":"plain","computed":true}},"description_kind":"plain"}},"mongodbatlas_alert_configuration":{"version":0,"block":{"attributes":{"alert_configuration_id":{"type":"string","description_kind":"plain","required":true},"created":{"type":"string","description_kind":"plain","computed":true},"enabled":{"type":"bool","description_kind":"plain","computed":true},"event_type":{"type":"string","description_kind":"plain","computed":true},"id":{"type":"string","description_kind":"plain","computed":true},"matcher":{"nested_type":{"attributes":{"field_name":{"type":"string","description_kind":"plain","computed":true},"operator":{"type":"string","description_kind":"plain","computed":true},"value":{"type":"string","description_kind":"plain","computed":true}},"nesting_mode":"list"},"description_kind":"plain","computed":true},"metric_threshold_config":{"nested_type":{"attributes":{"metric_name":{"type":"string","description_kind":"plain","computed":true},"mode":{"type":"string","description_kind":"plain","computed":true},"operator":{"type":"string","description_kind":"plain","computed":true},"threshold":{"type":"number","description_kind":"plain","computed":true},"units":{"type":"string","description_kind":"plain","computed":true}},"nesting_mode":"list"},"description_kind":"plain","computed":true},"notification":{"nested_type":{"attributes":{"api_token":{"type":"string","description_kind":"plain","computed":true,"sensitive":true},"channel_name":{"type":"string","description_kind":"plain","computed":true},"datadog_api_key":{"type":"string","description_kind":"plain","computed":true,"sensitive":true},"datadog_region":{"type":"string","description_kind":"plain","computed":true},"delay_min":{"type":"number","description_kind":"plain","computed":true},"email_address":{"type":"string","description_kind":"plain","computed":true},"email_enabled":{"type":"bool","description_kind":"plain","computed":true},"integration_id":{"type":"string","description_kind":"plain","computed":true},"interval_min":{"type":"number","description_kind":"plain","computed":true},"microsoft_teams_webhook_url":{"type":"string","description_kind":"plain","computed":true,"sensitive":true},"mobile_number":{"type":"string","description_kind":"plain","computed":true},"notifier_id":{"type":"string","description_kind":"plain","computed":true},"ops_genie_api_key":{"type":"string","description_kind":"plain","computed":true,"sensitive":true},"ops_genie_region":{"type":"string","description_kind":"plain","computed":true},"roles":{"type":["list","string"],"description_kind":"plain","computed":true},"service_key":{"type":"string","description_kind":"plain","computed":true,"sensitive":true},"sms_enabled":{"type":"bool","description_kind":"plain","computed":true},"team_id":{"type":"string","description_kind":"plain","computed":true},"team_name":{"type":"string","description_kind":"plain","computed":true},"type_name":{"type":"string","description_kind":"plain","computed":true},"username":{"type":"string","description_kind":"plain","computed":true},"victor_ops_api_key":{"type":"string","description_kind":"plain","computed":true,"sensitive":true},"victor_ops_routing_key":{"type":"string","description_kind":"plain","computed":true,"sensitive":true},"webhook_secret":{"type":"string","description_kind":"plain","computed":true,"sensitive":true},"webhook_url":{"type":"string","description_kind":"plain","computed":true,"sensitive":true}},"nesting_mode":"list"},"description_kind":"plain","computed":true},"project_id":{"type":"string","description_kind":"plain","required":true},"threshold_config":{"nested_type":{"attributes":{"operator":{"type":"string","description_kind":"plain","computed":true},"threshold":{"type":"number","description_kind":"plain","computed":true},"units":{"type":"string","description_kind":"plain","computed":true}},"nesting_mode":"list"},"description_kind":"plain","computed":true},"updated":{"type":"string","description_kind":"plain","computed":true}},"block_types":{"output":{"nesting_mode":"list","block":{"attributes":{"label":{"type":"string","description_kind":"plain","optional":true},"type":{"type":"string","description_kind":"plain","required":true},"value":{"type":"string","description_kind":"plain","computed":true}},"description_kind":"plain"}}},"description_kind":"plain"}},"mongodbatlas_alert_configurations":{"version":0,"block":{"attributes":{"id":{"type":"string","description_kind":"plain","computed":true},"output_type":{"type":["list","string"],"description_kind":"plain","optional":true},"project_id":{"type":"string","description_kind":"plain","required":true},"results":{"nested_type":{"attributes":{"alert_configuration_id":{"type":"string","description_kind":"plain","required":true},"created":{"type":"string","description_kind":"plain","computed":true},"enabled":{"type":"bool","description_kind":"plain","computed":true},"event_type":{"type":"string","description_kind":"plain","computed":true},"id":{"type":"string","description_kind":"plain","computed":true},"matcher":{"nested_type":{"attributes":{"field_name":{"type":"string","description_kind":"plain","computed":true},"operator":{"type":"string","description_kind":"plain","computed":true},"value":{"type":"string","description_kind":"plain","computed":true}},"nesting_mode":"list"},"description_kind":"plain","computed":true},"metric_threshold_config":{"nested_type":{"attributes":{"metric_name":{"type":"string","description_kind":"plain","computed":true},"mode":{"type":"string","description_kind":"plain","computed":true},"operator":{"type":"string","description_kind":"plain","computed":true},"threshold":{"type":"number","description_kind":"plain","computed":true},"units":{"type":"string","description_kind":"plain","computed":true}},"nesting_mode":"list"},"description_kind":"plain","computed":true},"notification":{"nested_type":{"attributes":{"api_token":{"type":"string","description_kind":"plain","computed":true,"sensitive":true},"channel_name":{"type":"string","description_kind":"plain","computed":true},"datadog_api_key":{"type":"string","description_kind":"plain","computed":true,"sensitive":true},"datadog_region":{"type":"string","description_kind":"plain","computed":true},"delay_min":{"type":"number","description_kind":"plain","computed":true},"email_address":{"type":"string","description_kind":"plain","computed":true},"email_enabled":{"type":"bool","description_kind":"plain","computed":true},"integration_id":{"type":"string","description_kind":"plain","computed":true},"interval_min":{"type":"number","description_kind":"plain","computed":true},"microsoft_teams_webhook_url":{"type":"string","description_kind":"plain","computed":true,"sensitive":true},"mobile_number":{"type":"string","description_kind":"plain","computed":true},"notifier_id":{"type":"string","description_kind":"plain","computed":true},"ops_genie_api_key":{"type":"string","description_kind":"plain","computed":true,"sensitive":true},"ops_genie_region":{"type":"string","description_kind":"plain","computed":true},"roles":{"type":["list","string"],"description_kind":"plain","computed":true},"service_key":{"type":"string","description_kind":"plain","computed":true,"sensitive":true},"sms_enabled":{"type":"bool","description_kind":"plain","computed":true},"team_id":{"type":"string","description_kind":"plain","computed":true},"team_name":{"type":"string","description_kind":"plain","computed":true},"type_name":{"type":"string","description_kind":"plain","computed":true},"username":{"type":"string","description_kind":"plain","computed":true},"victor_ops_api_key":{"type":"string","description_kind":"plain","computed":true,"sensitive":true},"victor_ops_routing_key":{"type":"string","description_kind":"plain","computed":true,"sensitive":true},"webhook_secret":{"type":"string","description_kind":"plain","computed":true,"sensitive":true},"webhook_url":{"type":"string","description_kind":"plain","computed":true,"sensitive":true}},"nesting_mode":"list"},"description_kind":"plain","computed":true},"output":{"nested_type":{"attributes":{"label":{"type":"string","description_kind":"plain","computed":true},"type":{"type":"string","description_kind":"plain","computed":true},"value":{"type":"string","description_kind":"plain","computed":true}},"nesting_mode":"list"},"description_kind":"plain","computed":true},"project_id":{"type":"string","description_kind":"plain","required":true},"threshold_config":{"nested_type":{"attributes":{"operator":{"type":"string","description_kind":"plain","computed":true},"threshold":{"type":"number","description_kind":"plain","computed":true},"units":{"type":"string","description_kind":"plain","computed":true}},"nesting_mode":"list"},"description_kind":"plain","computed":true},"updated":{"type":"string","description_kind":"plain","computed":true}},"nesting_mode":"list"},"description_kind":"plain","computed":true},"total_count":{"type":"number","description_kind":"plain","computed":true}},"block_types":{"list_options":{"nesting_mode":"list","block":{"attributes":{"include_count":{"type":"bool","description_kind":"plain","optional":true},"items_per_page":{"type":"number","description_kind":"plain","optional":true},"page_num":{"type":"number","description_kind":"plain","optional":true}},"description_kind":"plain"}}},"description_kind":"plain"}},"mongodbatlas_api_key":{"version":0,"block":{"attributes":{"api_key_id":{"type":"string","description_kind":"plain","required":true},"description":{"type":"string","description_kind":"plain","computed":true},"id":{"type":"string","description_kind":"plain","optional":true,"computed":true},"org_id":{"type":"string","description_kind":"plain","required":true},"public_key":{"type":"string","description_kind":"plain","computed":true},"role_names":{"type":["set","string"],"description_kind":"plain","computed":true}},"description_kind":"plain"}},"mongodbatlas_api_keys":{"version":0,"block":{"attributes":{"id":{"type":"string","description_kind":"plain","optional":true,"computed":true},"items_per_page":{"type":"number","description_kind":"plain","optional":true},"org_id":{"type":"string","description_kind":"plain","required":true},"page_num":{"type":"number","description_kind":"plain","optional":true},"results":{"type":["list",["object",{"api_key_id":"string","description":"string","public_key":"string","role_names":["set","string"]}]],"description_kind":"plain","computed":true}},"description_kind":"plain"}},"mongodbatlas_atlas_user":{"version":0,"block":{"attributes":{"country":{"type":"string","description_kind":"plain","computed":true},"created_at":{"type":"string","description_kind":"plain","computed":true},"email_address":{"type":"string","description_kind":"plain","computed":true},"first_name":{"type":"string","description_kind":"plain","computed":true},"id":{"type":"string","description_kind":"plain","deprecated":true,"computed":true},"last_auth":{"type":"string","description_kind":"plain","computed":true},"last_name":{"type":"string","description_kind":"plain","computed":true},"links":{"nested_type":{"attributes":{"href":{"type":"string","description_kind":"plain","computed":true},"rel":{"type":"string","description_kind":"plain","computed":true}},"nesting_mode":"list"},"description_kind":"plain","computed":true},"mobile_number":{"type":"string","description_kind":"plain","computed":true},"roles":{"nested_type":{"attributes":{"group_id":{"type":"string","description_kind":"plain","computed":true},"org_id":{"type":"string","description_kind":"plain","computed":true},"role_name":{"type":"string","description_kind":"plain","computed":true}},"nesting_mode":"list"},"description_kind":"plain","computed":true},"team_ids":{"type":["list","string"],"description_kind":"plain","computed":true},"user_id":{"type":"string","description_kind":"plain","optional":true},"username":{"type":"string","description_kind":"plain","optional":true}},"description_kind":"plain"}},"mongodbatlas_atlas_users":{"version":0,"block":{"attributes":{"id":{"type":"string","description_kind":"plain","deprecated":true,"computed":true},"items_per_page":{"type":"number","description_kind":"plain","optional":true},"org_id":{"type":"string","description_kind":"plain","optional":true},"page_num":{"type":"number","description_kind":"plain","optional":true},"project_id":{"type":"string","description_kind":"plain","optional":true},"results":{"nested_type":{"attributes":{"country":{"type":"string","description_kind":"plain","computed":true},"created_at":{"type":"string","description_kind":"plain","computed":true},"email_address":{"type":"string","description_kind":"plain","computed":true},"first_name":{"type":"string","description_kind":"plain","computed":true},"id":{"type":"string","description_kind":"plain","computed":true},"last_auth":{"type":"string","description_kind":"plain","computed":true},"last_name":{"type":"string","description_kind":"plain","computed":true},"links":{"nested_type":{"attributes":{"href":{"type":"string","description_kind":"plain","computed":true},"rel":{"type":"string","description_kind":"plain","computed":true}},"nesting_mode":"list"},"description_kind":"plain","computed":true},"mobile_number":{"type":"string","description_kind":"plain","computed":true},"roles":{"nested_type":{"attributes":{"group_id":{"type":"string","description_kind":"plain","computed":true},"org_id":{"type":"string","description_kind":"plain","computed":true},"role_name":{"type":"string","description_kind":"plain","computed":true}},"nesting_mode":"list"},"description_kind":"plain","computed":true},"team_ids":{"type":["list","string"],"description_kind":"plain","computed":true},"user_id":{"type":"string","description_kind":"plain","computed":true},"username":{"type":"string","description_kind":"plain","computed":true}},"nesting_mode":"list"},"description_kind":"plain","computed":true},"team_id":{"type":"string","description_kind":"plain","optional":true},"total_count":{"type":"number","description_kind":"plain","computed":true}},"description_kind":"plain"}},"mongodbatlas_auditing":{"version":0,"block":{"attributes":{"audit_authorization_success":{"type":"bool","description_kind":"plain","computed":true},"audit_filter":{"type":"string","description_kind":"plain","computed":true},"configuration_type":{"type":"string","description_kind":"plain","computed":true},"enabled":{"type":"bool","description_kind":"plain","computed":true},"id":{"type":"string","description_kind":"plain","optional":true,"computed":true},"project_id":{"type":"string","description_kind":"plain","required":true}},"description_kind":"plain"}},"mongodbatlas_backup_compliance_policy":{"version":0,"block":{"attributes":{"authorized_email":{"type":"string","description_kind":"plain","computed":true},"authorized_user_first_name":{"type":"string","description_kind":"plain","computed":true},"authorized_user_last_name":{"type":"string","description_kind":"plain","computed":true},"copy_protection_enabled":{"type":"bool","description_kind":"plain","computed":true},"encryption_at_rest_enabled":{"type":"bool","description_kind":"plain","computed":true},"id":{"type":"string","description_kind":"plain","optional":true,"computed":true},"on_demand_policy_item":{"type":["list",["object",{"frequency_interval":"number","frequency_type":"string","id":"string","retention_unit":"string","retention_value":"number"}]],"description_kind":"plain","computed":true},"pit_enabled":{"type":"bool","description_kind":"plain","computed":true},"policy_item_daily":{"type":["list",["object",{"frequency_interval":"number","frequency_type":"string","id":"string","retention_unit":"string","retention_value":"number"}]],"description_kind":"plain","computed":true},"policy_item_hourly":{"type":["list",["object",{"frequency_interval":"number","frequency_type":"string","id":"string","retention_unit":"string","retention_value":"number"}]],"description_kind":"plain","computed":true},"policy_item_monthly":{"type":["list",["object",{"frequency_interval":"number","frequency_type":"string","id":"string","retention_unit":"string","retention_value":"number"}]],"description_kind":"plain","computed":true},"policy_item_weekly":{"type":["list",["object",{"frequency_interval":"number","frequency_type":"string","id":"string","retention_unit":"string","retention_value":"number"}]],"description_kind":"plain","computed":true},"policy_item_yearly":{"type":["list",["object",{"frequency_interval":"number","frequency_type":"string","id":"string","retention_unit":"string","retention_value":"number"}]],"description_kind":"plain","computed":true},"project_id":{"type":"string","description_kind":"plain","required":true},"restore_window_days":{"type":"number","description_kind":"plain","computed":true},"state":{"type":"string","description_kind":"plain","computed":true},"updated_date":{"type":"string","description_kind":"plain","computed":true},"updated_user":{"type":"string","description_kind":"plain","computed":true}},"description_kind":"plain"}},"mongodbatlas_cloud_backup_schedule":{"version":0,"block":{"attributes":{"auto_export_enabled":{"type":"bool","description_kind":"plain","computed":true},"cluster_id":{"type":"string","description_kind":"plain","computed":true},"cluster_name":{"type":"string","description_kind":"plain","required":true},"copy_settings":{"type":["list",["object",{"cloud_provider":"string","frequencies":["set","string"],"region_name":"string","replication_spec_id":"string","should_copy_oplogs":"bool"}]],"description_kind":"plain","computed":true},"export":{"type":["list",["object",{"export_bucket_id":"string","frequency_type":"string"}]],"description_kind":"plain","computed":true},"id":{"type":"string","description_kind":"plain","optional":true,"computed":true},"id_policy":{"type":"string","description_kind":"plain","computed":true},"next_snapshot":{"type":"string","description_kind":"plain","computed":true},"policy_item_daily":{"type":["list",["object",{"frequency_interval":"number","frequency_type":"string","id":"string","retention_unit":"string","retention_value":"number"}]],"description_kind":"plain","computed":true},"policy_item_hourly":{"type":["list",["object",{"frequency_interval":"number","frequency_type":"string","id":"string","retention_unit":"string","retention_value":"number"}]],"description_kind":"plain","computed":true},"policy_item_monthly":{"type":["list",["object",{"frequency_interval":"number","frequency_type":"string","id":"string","retention_unit":"string","retention_value":"number"}]],"description_kind":"plain","computed":true},"policy_item_weekly":{"type":["list",["object",{"frequency_interval":"number","frequency_type":"string","id":"string","retention_unit":"string","retention_value":"number"}]],"description_kind":"plain","computed":true},"policy_item_yearly":{"type":["list",["object",{"frequency_interval":"number","frequency_type":"string","id":"string","retention_unit":"string","retention_value":"number"}]],"description_kind":"plain","computed":true},"project_id":{"type":"string","description_kind":"plain","required":true},"reference_hour_of_day":{"type":"number","description_kind":"plain","computed":true},"reference_minute_of_hour":{"type":"number","description_kind":"plain","computed":true},"restore_window_days":{"type":"number","description_kind":"plain","computed":true},"use_org_and_group_names_in_export_prefix":{"type":"bool","description_kind":"plain","computed":true}},"description_kind":"plain"}},"mongodbatlas_cloud_backup_snapshot":{"version":0,"block":{"attributes":{"cloud_provider":{"type":"string","description_kind":"plain","computed":true},"cluster_name":{"type":"string","description_kind":"plain","required":true},"created_at":{"type":"string","description_kind":"plain","computed":true},"description":{"type":"string","description_kind":"plain","computed":true},"expires_at":{"type":"string","description_kind":"plain","computed":true},"id":{"type":"string","description_kind":"plain","optional":true,"computed":true},"master_key_uuid":{"type":"string","description_kind":"plain","computed":true},"members":{"type":["list",["object",{"cloud_provider":"string","id":"string","replica_set_name":"string"}]],"description_kind":"plain","computed":true},"mongod_version":{"type":"string","description_kind":"plain","computed":true},"project_id":{"type":"string","description_kind":"plain","required":true},"replica_set_name":{"type":"string","description_kind":"plain","computed":true},"snapshot_id":{"type":"string","description_kind":"plain","required":true},"snapshot_ids":{"type":["list","string"],"description_kind":"plain","computed":true},"snapshot_type":{"type":"string","description_kind":"plain","computed":true},"status":{"type":"string","description_kind":"plain","computed":true},"storage_size_bytes":{"type":"number","description_kind":"plain","computed":true},"type":{"type":"string","description_kind":"plain","computed":true}},"description_kind":"plain"}},"mongodbatlas_cloud_backup_snapshot_export_bucket":{"version":0,"block":{"attributes":{"bucket_name":{"type":"string","description_kind":"plain","computed":true},"cloud_provider":{"type":"string","description_kind":"plain","computed":true},"export_bucket_id":{"type":"string","description_kind":"plain","required":true},"iam_role_id":{"type":"string","description_kind":"plain","computed":true},"id":{"type":"string","description_kind":"plain","deprecated":true,"optional":true,"computed":true},"project_id":{"type":"string","description_kind":"plain","required":true}},"description_kind":"plain"}},"mongodbatlas_cloud_backup_snapshot_export_buckets":{"version":0,"block":{"attributes":{"id":{"type":"string","description_kind":"plain","optional":true,"computed":true},"items_per_page":{"type":"number","description_kind":"plain","optional":true},"page_num":{"type":"number","description_kind":"plain","optional":true},"project_id":{"type":"string","description_kind":"plain","required":true},"results":{"type":["list",["object",{"bucket_name":"string","cloud_provider":"string","export_bucket_id":"string","iam_role_id":"string"}]],"description_kind":"plain","computed":true},"total_count":{"type":"number","description_kind":"plain","computed":true}},"description_kind":"plain"}},"mongodbatlas_cloud_backup_snapshot_export_job":{"version":0,"block":{"attributes":{"cluster_name":{"type":"string","description_kind":"plain","required":true},"components":{"type":["set",["object",{"export_id":"string","replica_set_name":"string"}]],"description_kind":"plain","computed":true},"created_at":{"type":"string","description_kind":"plain","computed":true},"custom_data":{"type":["set",["object",{"key":"string","value":"string"}]],"description_kind":"plain","computed":true},"err_msg":{"type":"string","description_kind":"plain","computed":true},"export_bucket_id":{"type":"string","description_kind":"plain","computed":true},"export_job_id":{"type":"string","description_kind":"plain","required":true},"export_status_exported_collections":{"type":"number","description_kind":"plain","computed":true},"export_status_total_collections":{"type":"number","description_kind":"plain","computed":true},"finished_at":{"type":"string","description_kind":"plain","computed":true},"id":{"type":"string","description_kind":"plain","deprecated":true,"optional":true,"computed":true},"prefix":{"type":"string","description_kind":"plain","computed":true},"project_id":{"type":"string","description_kind":"plain","required":true},"snapshot_id":{"type":"string","description_kind":"plain","computed":true},"state":{"type":"string","description_kind":"plain","computed":true}},"description_kind":"plain"}},"mongodbatlas_cloud_backup_snapshot_export_jobs":{"version":0,"block":{"attributes":{"cluster_name":{"type":"string","description_kind":"plain","required":true},"id":{"type":"string","description_kind":"plain","optional":true,"computed":true},"items_per_page":{"type":"number","description_kind":"plain","optional":true},"page_num":{"type":"number","description_kind":"plain","optional":true},"project_id":{"type":"string","description_kind":"plain","required":true},"results":{"type":["list",["object",{"components":["set",["object",{"export_id":"string","replica_set_name":"string"}]],"created_at":"string","custom_data":["set",["object",{"key":"string","value":"string"}]],"err_msg":"string","export_bucket_id":"string","export_job_id":"string","export_status_exported_collections":"number","export_status_total_collections":"number","finished_at":"string","prefix":"string","snapshot_id":"string","state":"string"}]],"description_kind":"plain","computed":true},"total_count":{"type":"number","description_kind":"plain","computed":true}},"description_kind":"plain"}},"mongodbatlas_cloud_backup_snapshot_restore_job":{"version":0,"block":{"attributes":{"cancelled":{"type":"bool","description_kind":"plain","computed":true},"cluster_name":{"type":"string","description_kind":"plain","required":true},"created_at":{"type":"string","description_kind":"plain","deprecated":true,"computed":true},"delivery_type":{"type":"string","description_kind":"plain","computed":true},"delivery_url":{"type":["list","string"],"description_kind":"plain","computed":true},"expired":{"type":"bool","description_kind":"plain","computed":true},"expires_at":{"type":"string","description_kind":"plain","computed":true},"finished_at":{"type":"string","description_kind":"plain","computed":true},"id":{"type":"string","description_kind":"plain","optional":true,"computed":true},"job_id":{"type":"string","description_kind":"plain","deprecated":true,"optional":true},"oplog_inc":{"type":"number","description_kind":"plain","computed":true},"oplog_ts":{"type":"number","description_kind":"plain","computed":true},"point_in_time_utc_seconds":{"type":"number","description_kind":"plain","computed":true},"project_id":{"type":"string","description_kind":"plain","required":true},"snapshot_id":{"type":"string","description_kind":"plain","computed":true},"snapshot_restore_job_id":{"type":"string","description_kind":"plain","optional":true},"target_cluster_name":{"type":"string","description_kind":"plain","computed":true},"target_project_id":{"type":"string","description_kind":"plain","computed":true},"timestamp":{"type":"string","description_kind":"plain","computed":true}},"description_kind":"plain"}},"mongodbatlas_cloud_backup_snapshot_restore_jobs":{"version":0,"block":{"attributes":{"cluster_name":{"type":"string","description_kind":"plain","required":true},"id":{"type":"string","description_kind":"plain","optional":true,"computed":true},"items_per_page":{"type":"number","description_kind":"plain","optional":true},"page_num":{"type":"number","description_kind":"plain","optional":true},"project_id":{"type":"string","description_kind":"plain","required":true},"results":{"type":["list",["object",{"cancelled":"bool","created_at":"string","delivery_type":"string","delivery_url":["list","string"],"expired":"bool","expires_at":"string","finished_at":"string","id":"string","oplog_inc":"number","oplog_ts":"number","point_in_time_utc_seconds":"number","snapshot_id":"string","target_cluster_name":"string","target_project_id":"string","timestamp":"string"}]],"description_kind":"plain","computed":true},"total_count":{"type":"number","description_kind":"plain","computed":true}},"description_kind":"plain"}},"mongodbatlas_cloud_backup_snapshots":{"version":0,"block":{"attributes":{"cluster_name":{"type":"string","description_kind":"plain","required":true},"id":{"type":"string","description_kind":"plain","optional":true,"computed":true},"items_per_page":{"type":"number","description_kind":"plain","optional":true},"page_num":{"type":"number","description_kind":"plain","optional":true},"project_id":{"type":"string","description_kind":"plain","required":true},"results":{"type":["list",["object",{"cloud_provider":"string","created_at":"string","description":"string","expires_at":"string","id":"string","master_key_uuid":"string","members":["list",["object",{"cloud_provider":"string","id":"string","replica_set_name":"string"}]],"mongod_version":"string","replica_set_name":"string","snapshot_ids":["list","string"],"snapshot_type":"string","status":"string","storage_size_bytes":"number","type":"string"}]],"description_kind":"plain","computed":true},"total_count":{"type":"number","description_kind":"plain","computed":true}},"description_kind":"plain"}},"mongodbatlas_cloud_provider_access_setup":{"version":0,"block":{"attributes":{"aws":{"type":["map","string"],"description_kind":"plain","computed":true},"aws_config":{"type":["list",["object",{"atlas_assumed_role_external_id":"string","atlas_aws_account_arn":"string"}]],"description_kind":"plain","computed":true},"created_date":{"type":"string","description_kind":"plain","computed":true},"id":{"type":"string","description_kind":"plain","optional":true,"computed":true},"last_updated_date":{"type":"string","description_kind":"plain","computed":true},"project_id":{"type":"string","description_kind":"plain","required":true},"provider_name":{"type":"string","description_kind":"plain","required":true},"role_id":{"type":"string","description_kind":"plain","required":true}},"block_types":{"azure_config":{"nesting_mode":"list","block":{"attributes":{"atlas_azure_app_id":{"type":"string","description_kind":"plain","computed":true},"service_principal_id":{"type":"string","description_kind":"plain","computed":true},"tenant_id":{"type":"string","description_kind":"plain","computed":true}},"description_kind":"plain"}}},"description_kind":"plain"}},"mongodbatlas_cluster":{"version":1,"block":{"attributes":{"advanced_configuration":{"type":["list",["object",{"default_read_concern":"string","default_write_concern":"string","fail_index_key_too_long":"bool","javascript_enabled":"bool","minimum_enabled_tls_protocol":"string","no_table_scan":"bool","oplog_min_retention_hours":"number","oplog_size_mb":"number","sample_refresh_interval_bi_connector":"number","sample_size_bi_connector":"number","transaction_lifetime_limit_seconds":"number"}]],"description_kind":"plain","computed":true},"auto_scaling_compute_enabled":{"type":"bool","description_kind":"plain","computed":true},"auto_scaling_compute_scale_down_enabled":{"type":"bool","description_kind":"plain","computed":true},"auto_scaling_disk_gb_enabled":{"type":"bool","description_kind":"plain","computed":true},"backing_provider_name":{"type":"string","description_kind":"plain","computed":true},"backup_enabled":{"type":"bool","description_kind":"plain","computed":true},"bi_connector_config":{"type":["list",["object",{"enabled":"bool","read_preference":"string"}]],"description_kind":"plain","computed":true},"cluster_type":{"type":"string","description_kind":"plain","computed":true},"connection_strings":{"type":["list",["object",{"aws_private_link":["map","string"],"aws_private_link_srv":["map","string"],"private":"string","private_endpoint":["list",["object",{"connection_string":"string","endpoints":["list",["object",{"endpoint_id":"string","provider_name":"string","region":"string"}]],"srv_connection_string":"string","srv_shard_optimized_connection_string":"string","type":"string"}]],"private_srv":"string","standard":"string","standard_srv":"string"}]],"description_kind":"plain","computed":true},"container_id":{"type":"string","description_kind":"plain","computed":true},"disk_size_gb":{"type":"number","description_kind":"plain","computed":true},"encryption_at_rest_provider":{"type":"string","description_kind":"plain","computed":true},"id":{"type":"string","description_kind":"plain","optional":true,"computed":true},"labels":{"type":["set",["object",{"key":"string","value":"string"}]],"description_kind":"plain","deprecated":true,"computed":true},"mongo_db_major_version":{"type":"string","description_kind":"plain","computed":true},"mongo_db_version":{"type":"string","description_kind":"plain","computed":true},"mongo_uri":{"type":"string","description_kind":"plain","computed":true},"mongo_uri_updated":{"type":"string","description_kind":"plain","computed":true},"mongo_uri_with_options":{"type":"string","description_kind":"plain","computed":true},"name":{"type":"string","description_kind":"plain","required":true},"num_shards":{"type":"number","description_kind":"plain","computed":true},"paused":{"type":"bool","description_kind":"plain","computed":true},"pit_enabled":{"type":"bool","description_kind":"plain","computed":true},"project_id":{"type":"string","description_kind":"plain","required":true},"provider_auto_scaling_compute_max_instance_size":{"type":"string","description_kind":"plain","computed":true},"provider_auto_scaling_compute_min_instance_size":{"type":"string","description_kind":"plain","computed":true},"provider_backup_enabled":{"type":"bool","description_kind":"plain","computed":true},"provider_disk_iops":{"type":"number","description_kind":"plain","computed":true},"provider_disk_type_name":{"type":"string","description_kind":"plain","computed":true},"provider_encrypt_ebs_volume":{"type":"bool","description_kind":"plain","computed":true},"provider_encrypt_ebs_volume_flag":{"type":"bool","description_kind":"plain","computed":true},"provider_instance_size_name":{"type":"string","description_kind":"plain","computed":true},"provider_name":{"type":"string","description_kind":"plain","computed":true},"provider_region_name":{"type":"string","description_kind":"plain","computed":true},"provider_volume_type":{"type":"string","description_kind":"plain","computed":true},"replication_factor":{"type":"number","description_kind":"plain","computed":true},"replication_specs":{"type":["list",["object",{"id":"string","num_shards":"number","regions_config":["set",["object",{"analytics_nodes":"number","electable_nodes":"number","priority":"number","read_only_nodes":"number","region_name":"string"}]],"zone_name":"string"}]],"description_kind":"plain","computed":true},"snapshot_backup_policy":{"type":["list",["object",{"cluster_id":"string","cluster_name":"string","next_snapshot":"string","policies":["list",["object",{"id":"string","policy_item":["list",["object",{"frequency_interval":"number","frequency_type":"string","id":"string","retention_unit":"string","retention_value":"number"}]]}]],"reference_hour_of_day":"number","reference_minute_of_hour":"number","restore_window_days":"number","update_snapshots":"bool"}]],"description_kind":"plain","computed":true},"srv_address":{"type":"string","description_kind":"plain","computed":true},"state_name":{"type":"string","description_kind":"plain","computed":true},"tags":{"type":["set",["object",{"key":"string","value":"string"}]],"description_kind":"plain","computed":true},"termination_protection_enabled":{"type":"bool","description_kind":"plain","computed":true},"version_release_system":{"type":"string","description_kind":"plain","computed":true}},"description_kind":"plain"}},"mongodbatlas_cluster_outage_simulation":{"version":0,"block":{"attributes":{"cluster_name":{"type":"string","description_kind":"plain","required":true},"id":{"type":"string","description_kind":"plain","optional":true,"computed":true},"outage_filters":{"type":["list",["object",{"cloud_provider":"string","region_name":"string","type":"string"}]],"description_kind":"plain","computed":true},"project_id":{"type":"string","description_kind":"plain","required":true},"simulation_id":{"type":"string","description_kind":"plain","computed":true},"start_request_date":{"type":"string","description_kind":"plain","computed":true},"state":{"type":"string","description_kind":"plain","computed":true}},"description_kind":"plain"}},"mongodbatlas_clusters":{"version":0,"block":{"attributes":{"id":{"type":"string","description_kind":"plain","optional":true,"computed":true},"project_id":{"type":"string","description_kind":"plain","required":true},"results":{"type":["list",["object",{"advanced_configuration":["list",["object",{"default_read_concern":"string","default_write_concern":"string","fail_index_key_too_long":"bool","javascript_enabled":"bool","minimum_enabled_tls_protocol":"string","no_table_scan":"bool","oplog_min_retention_hours":"number","oplog_size_mb":"number","sample_refresh_interval_bi_connector":"number","sample_size_bi_connector":"number","transaction_lifetime_limit_seconds":"number"}]],"auto_scaling_compute_enabled":"bool","auto_scaling_compute_scale_down_enabled":"bool","auto_scaling_disk_gb_enabled":"bool","backing_provider_name":"string","backup_enabled":"bool","bi_connector_config":["list",["object",{"enabled":"bool","read_preference":"string"}]],"cluster_type":"string","connection_strings":["list",["object",{"aws_private_link":["map","string"],"aws_private_link_srv":["map","string"],"private":"string","private_endpoint":["list",["object",{"connection_string":"string","endpoints":["list",["object",{"endpoint_id":"string","provider_name":"string","region":"string"}]],"srv_connection_string":"string","srv_shard_optimized_connection_string":"string","type":"string"}]],"private_srv":"string","standard":"string","standard_srv":"string"}]],"container_id":"string","disk_size_gb":"number","encryption_at_rest_provider":"string","labels":["set",["object",{"key":"string","value":"string"}]],"mongo_db_major_version":"string","mongo_db_version":"string","mongo_uri":"string","mongo_uri_updated":"string","mongo_uri_with_options":"string","name":"string","num_shards":"number","paused":"bool","pit_enabled":"bool","provider_auto_scaling_compute_max_instance_size":"string","provider_auto_scaling_compute_min_instance_size":"string","provider_backup_enabled":"bool","provider_disk_iops":"number","provider_disk_type_name":"string","provider_encrypt_ebs_volume":"bool","provider_instance_size_name":"string","provider_name":"string","provider_region_name":"string","provider_volume_type":"string","replication_factor":"number","replication_specs":["list",["object",{"id":"string","num_shards":"number","regions_config":["set",["object",{"analytics_nodes":"number","electable_nodes":"number","priority":"number","read_only_nodes":"number","region_name":"string"}]],"zone_name":"string"}]],"snapshot_backup_policy":["list",["object",{"cluster_id":"string","cluster_name":"string","next_snapshot":"string","policies":["list",["object",{"id":"string","policy_item":["list",["object",{"frequency_interval":"number","frequency_type":"string","id":"string","retention_unit":"string","retention_value":"number"}]]}]],"reference_hour_of_day":"number","reference_minute_of_hour":"number","restore_window_days":"number","update_snapshots":"bool"}]],"srv_address":"string","state_name":"string","tags":["set",["object",{"key":"string","value":"string"}]],"termination_protection_enabled":"bool","version_release_system":"string"}]],"description_kind":"plain","computed":true}},"description_kind":"plain"}},"mongodbatlas_custom_db_role":{"version":0,"block":{"attributes":{"actions":{"type":["list",["object",{"action":"string","resources":["set",["object",{"cluster":"bool","collection_name":"string","database_name":"string"}]]}]],"description_kind":"plain","computed":true},"id":{"type":"string","description_kind":"plain","optional":true,"computed":true},"project_id":{"type":"string","description_kind":"plain","required":true},"role_name":{"type":"string","description_kind":"plain","required":true}},"block_types":{"inherited_roles":{"nesting_mode":"list","block":{"attributes":{"database_name":{"type":"string","description_kind":"plain","computed":true},"role_name":{"type":"string","description_kind":"plain","computed":true}},"description_kind":"plain"}}},"description_kind":"plain"}},"mongodbatlas_custom_db_roles":{"version":0,"block":{"attributes":{"id":{"type":"string","description_kind":"plain","optional":true,"computed":true},"project_id":{"type":"string","description_kind":"plain","required":true},"results":{"type":["list",["object",{"actions":["list",["object",{"action":"string","resources":["set",["object",{"cluster":"bool","collection_name":"string","database_name":"string"}]]}]],"inherited_roles":["list",["object",{"database_name":"string","role_name":"string"}]],"role_name":"string"}]],"description_kind":"plain","computed":true}},"description_kind":"plain"}},"mongodbatlas_custom_dns_configuration_cluster_aws":{"version":0,"block":{"attributes":{"enabled":{"type":"bool","description_kind":"plain","computed":true},"id":{"type":"string","description_kind":"plain","optional":true,"computed":true},"project_id":{"type":"string","description_kind":"plain","required":true}},"description_kind":"plain"}},"mongodbatlas_data_lake_pipeline":{"version":0,"block":{"attributes":{"created_date":{"type":"string","description_kind":"plain","computed":true},"id":{"type":"string","description_kind":"plain","computed":true},"ingestion_schedules":{"type":["set",["object",{"frequency_interval":"number","frequency_type":"string","id":"string","retention_unit":"string","retention_value":"number"}]],"description_kind":"plain","computed":true},"last_updated_date":{"type":"string","description_kind":"plain","computed":true},"name":{"type":"string","description_kind":"plain","required":true},"project_id":{"type":"string","description_kind":"plain","required":true},"sink":{"type":["list",["object",{"partition_fields":["list",["object",{"field_name":"string","order":"number"}]],"provider":"string","region":"string","type":"string"}]],"description_kind":"plain","computed":true},"snapshots":{"type":["set",["object",{"copy_region":"string","created_at":"string","expires_at":"string","frequency_yype":"string","id":"string","master_key":"string","mongod_version":"string","policies":["list","string"],"provider":"string","replica_set_name":"string","size":"number","status":"string","type":"string"}]],"description_kind":"plain","computed":true},"source":{"type":["list",["object",{"cluster_name":"string","collection_name":"string","database_name":"string","project_id":"string","type":"string"}]],"description_kind":"plain","computed":true},"state":{"type":"string","description_kind":"plain","computed":true},"transformations":{"type":["list",["object",{"field":"string","type":"string"}]],"description_kind":"plain","computed":true}},"description_kind":"plain"}},"mongodbatlas_data_lake_pipeline_run":{"version":0,"block":{"attributes":{"backup_frequency_type":{"type":"string","description_kind":"plain","computed":true},"created_date":{"type":"string","description_kind":"plain","computed":true},"dataset_name":{"type":"string","description_kind":"plain","computed":true},"id":{"type":"string","description_kind":"plain","computed":true},"last_updated_date":{"type":"string","description_kind":"plain","computed":true},"phase":{"type":"string","description_kind":"plain","computed":true},"pipeline_id":{"type":"string","description_kind":"plain","computed":true},"pipeline_name":{"type":"string","description_kind":"plain","required":true},"pipeline_run_id":{"type":"string","description_kind":"plain","required":true},"project_id":{"type":"string","description_kind":"plain","required":true},"snapshot_id":{"type":"string","description_kind":"plain","computed":true},"state":{"type":"string","description_kind":"plain","computed":true},"stats":{"type":["list",["object",{"bytes_exported":"number","num_docs":"number"}]],"description_kind":"plain","computed":true}},"description_kind":"plain"}},"mongodbatlas_data_lake_pipeline_runs":{"version":0,"block":{"attributes":{"id":{"type":"string","description_kind":"plain","optional":true,"computed":true},"pipeline_name":{"type":"string","description_kind":"plain","required":true},"project_id":{"type":"string","description_kind":"plain","required":true},"results":{"type":["list",["object",{"backup_frequency_type":"string","created_date":"string","id":"string","last_updated_date":"string","phase":"string","pipeline_id":"string","pipeline_run_id":"string","snapshot_id":"string","state":"string","stats":["list",["object",{"bytes_exported":"number","num_docs":"number"}]]}]],"description_kind":"plain","computed":true}},"description_kind":"plain"}},"mongodbatlas_data_lake_pipelines":{"version":0,"block":{"attributes":{"id":{"type":"string","description_kind":"plain","optional":true,"computed":true},"project_id":{"type":"string","description_kind":"plain","required":true},"results":{"type":["list",["object",{"created_date":"string","id":"string","last_updated_date":"string","name":"string","project_id":"string","sink":["list",["object",{"partition_fields":["list",["object",{"field_name":"string","order":"number"}]],"provider":"string","region":"string","type":"string"}]],"source":["list",["object",{"cluster_name":"string","collection_name":"string","database_name":"string","project_id":"string","type":"string"}]],"state":"string","transformations":["list",["object",{"field":"string","type":"string"}]]}]],"description_kind":"plain","computed":true}},"description_kind":"plain"}},"mongodbatlas_database_user":{"version":0,"block":{"attributes":{"auth_database_name":{"type":"string","description_kind":"plain","required":true},"aws_iam_type":{"type":"string","description_kind":"plain","computed":true},"id":{"type":"string","description_kind":"plain","computed":true},"labels":{"nested_type":{"attributes":{"key":{"type":"string","description_kind":"plain","computed":true},"value":{"type":"string","description_kind":"plain","computed":true}},"nesting_mode":"list"},"description_kind":"plain","computed":true},"ldap_auth_type":{"type":"string","description_kind":"plain","computed":true},"oidc_auth_type":{"type":"string","description_kind":"plain","computed":true},"project_id":{"type":"string","description_kind":"plain","required":true},"roles":{"nested_type":{"attributes":{"collection_name":{"type":"string","description_kind":"plain","computed":true},"database_name":{"type":"string","description_kind":"plain","computed":true},"role_name":{"type":"string","description_kind":"plain","computed":true}},"nesting_mode":"list"},"description_kind":"plain","computed":true},"scopes":{"nested_type":{"attributes":{"name":{"type":"string","description_kind":"plain","computed":true},"type":{"type":"string","description_kind":"plain","computed":true}},"nesting_mode":"list"},"description_kind":"plain","computed":true},"username":{"type":"string","description_kind":"plain","required":true},"x509_type":{"type":"string","description_kind":"plain","computed":true}},"description_kind":"plain"}},"mongodbatlas_database_users":{"version":0,"block":{"attributes":{"id":{"type":"string","description_kind":"plain","computed":true},"project_id":{"type":"string","description_kind":"plain","required":true},"results":{"nested_type":{"attributes":{"auth_database_name":{"type":"string","description_kind":"plain","computed":true},"aws_iam_type":{"type":"string","description_kind":"plain","computed":true},"id":{"type":"string","description_kind":"plain","computed":true},"labels":{"nested_type":{"attributes":{"key":{"type":"string","description_kind":"plain","computed":true},"value":{"type":"string","description_kind":"plain","computed":true}},"nesting_mode":"set"},"description_kind":"plain","computed":true},"ldap_auth_type":{"type":"string","description_kind":"plain","computed":true},"oidc_auth_type":{"type":"string","description_kind":"plain","computed":true},"project_id":{"type":"string","description_kind":"plain","computed":true},"roles":{"nested_type":{"attributes":{"collection_name":{"type":"string","description_kind":"plain","computed":true},"database_name":{"type":"string","description_kind":"plain","computed":true},"role_name":{"type":"string","description_kind":"plain","computed":true}},"nesting_mode":"set"},"description_kind":"plain","computed":true},"scopes":{"nested_type":{"attributes":{"name":{"type":"string","description_kind":"plain","computed":true},"type":{"type":"string","description_kind":"plain","computed":true}},"nesting_mode":"set"},"description_kind":"plain","computed":true},"username":{"type":"string","description_kind":"plain","computed":true},"x509_type":{"type":"string","description_kind":"plain","computed":true}},"nesting_mode":"list"},"description_kind":"plain","computed":true}},"description_kind":"plain"}},"mongodbatlas_event_trigger":{"version":0,"block":{"attributes":{"app_id":{"type":"string","description_kind":"plain","required":true},"config_collection":{"type":"string","description_kind":"plain","computed":true},"config_database":{"type":"string","description_kind":"plain","computed":true},"config_full_document":{"type":"bool","description_kind":"plain","computed":true},"config_full_document_before":{"type":"bool","description_kind":"plain","computed":true},"config_match":{"type":"string","description_kind":"plain","computed":true},"config_operation_type":{"type":"string","description_kind":"plain","computed":true},"config_operation_types":{"type":["list","string"],"description_kind":"plain","computed":true},"config_project":{"type":"string","description_kind":"plain","computed":true},"config_providers":{"type":["list","string"],"description_kind":"plain","computed":true},"config_schedule":{"type":"string","description_kind":"plain","computed":true},"config_schedule_type":{"type":"string","description_kind":"plain","computed":true},"config_service_id":{"type":"string","description_kind":"plain","computed":true},"disabled":{"type":"bool","description_kind":"plain","computed":true},"event_processors":{"type":["list",["object",{"aws_eventbridge":["list",["object",{"config_account_id":"string","config_region":"string"}]]}]],"description_kind":"plain","computed":true},"function_id":{"type":"string","description_kind":"plain","computed":true},"function_name":{"type":"string","description_kind":"plain","computed":true},"id":{"type":"string","description_kind":"plain","optional":true,"computed":true},"name":{"type":"string","description_kind":"plain","computed":true},"project_id":{"type":"string","description_kind":"plain","required":true},"trigger_id":{"type":"string","description_kind":"plain","required":true},"type":{"type":"string","description_kind":"plain","computed":true},"unordered":{"type":"bool","description_kind":"plain","computed":true}},"description_kind":"plain"}},"mongodbatlas_event_triggers":{"version":0,"block":{"attributes":{"app_id":{"type":"string","description_kind":"plain","required":true},"id":{"type":"string","description_kind":"plain","optional":true,"computed":true},"project_id":{"type":"string","description_kind":"plain","required":true},"results":{"type":["list",["object",{"config_collection":"string","config_database":"string","config_full_document":"bool","config_full_document_before":"bool","config_match":"string","config_operation_type":"string","config_operation_types":["list","string"],"config_project":"string","config_providers":["list","string"],"config_schedule":"string","config_schedule_type":"string","config_service_id":"string","disabled":"bool","event_processors":["list",["object",{"aws_eventbridge":["list",["object",{"config_account_id":"string","config_region":"string"}]]}]],"function_id":"string","function_name":"string","name":"string","trigger_id":"string","type":"string","unordered":"bool"}]],"description_kind":"plain","computed":true}},"description_kind":"plain"}},"mongodbatlas_federated_database_instance":{"version":0,"block":{"attributes":{"data_process_region":{"type":["list",["object",{"cloud_provider":"string","region":"string"}]],"description_kind":"plain","computed":true},"hostnames":{"type":["list","string"],"description_kind":"plain","computed":true},"id":{"type":"string","description_kind":"plain","optional":true,"computed":true},"name":{"type":"string","description_kind":"plain","required":true},"project_id":{"type":"string","description_kind":"plain","required":true},"state":{"type":"string","description_kind":"plain","computed":true},"storage_databases":{"type":["set",["object",{"collections":["set",["object",{"data_sources":["set",["object",{"allow_insecure":"bool","collection":"string","collection_regex":"string","database":"string","database_regex":"string","dataset_name":"string","default_format":"string","path":"string","provenance_field_name":"string","store_name":"string","urls":["list","string"]}]],"name":"string"}]],"max_wildcard_collections":"number","name":"string","views":["set",["object",{"name":"string","pipeline":"string","source":"string"}]]}]],"description_kind":"plain","computed":true},"storage_stores":{"type":["set",["object",{"additional_storage_classes":["list","string"],"allow_insecure":"bool","bucket":"string","cluster_id":"string","cluster_name":"string","default_format":"string","delimiter":"string","include_tags":"bool","name":"string","prefix":"string","project_id":"string","provider":"string","public":"string","read_preference":["list",["object",{"max_staleness_seconds":"number","mode":"string","tag_sets":["list",["object",{"tags":["list",["object",{"name":"string","value":"string"}]]}]]}]],"region":"string","urls":["list","string"]}]],"description_kind":"plain","computed":true}},"block_types":{"cloud_provider_config":{"nesting_mode":"list","block":{"block_types":{"aws":{"nesting_mode":"list","block":{"attributes":{"external_id":{"type":"string","description_kind":"plain","computed":true},"iam_assumed_role_arn":{"type":"string","description_kind":"plain","computed":true},"iam_user_arn":{"type":"string","description_kind":"plain","computed":true},"role_id":{"type":"string","description_kind":"plain","computed":true},"test_s3_bucket":{"type":"string","description_kind":"plain","optional":true,"computed":true}},"description_kind":"plain"},"max_items":1}},"description_kind":"plain"},"max_items":1}},"description_kind":"plain"}},"mongodbatlas_federated_database_instances":{"version":0,"block":{"attributes":{"id":{"type":"string","description_kind":"plain","optional":true,"computed":true},"project_id":{"type":"string","description_kind":"plain","required":true},"results":{"type":["list",["object",{"cloud_provider_config":["list",["object",{"aws":["list",["object",{"external_id":"string","iam_assumed_role_arn":"string","iam_user_arn":"string","role_id":"string","test_s3_bucket":"string"}]]}]],"data_process_region":["list",["object",{"cloud_provider":"string","region":"string"}]],"hostnames":["list","string"],"name":"string","project_id":"string","state":"string","storage_databases":["set",["object",{"collections":["set",["object",{"data_sources":["set",["object",{"allow_insecure":"bool","collection":"string","collection_regex":"string","database":"string","database_regex":"string","dataset_name":"string","default_format":"string","path":"string","provenance_field_name":"string","store_name":"string","urls":["list","string"]}]],"name":"string"}]],"max_wildcard_collections":"number","name":"string","views":["set",["object",{"name":"string","pipeline":"string","source":"string"}]]}]],"storage_stores":["set",["object",{"additional_storage_classes":["list","string"],"allow_insecure":"bool","bucket":"string","cluster_id":"string","cluster_name":"string","default_format":"string","delimiter":"string","include_tags":"bool","name":"string","prefix":"string","project_id":"string","provider":"string","public":"string","read_preference":["list",["object",{"max_staleness_seconds":"number","mode":"string","tag_sets":["list",["object",{"tags":["list",["object",{"name":"string","value":"string"}]]}]]}]],"region":"string","urls":["list","string"]}]]}]],"description_kind":"plain","computed":true}},"description_kind":"plain"}},"mongodbatlas_federated_query_limit":{"version":0,"block":{"attributes":{"current_usage":{"type":"number","description_kind":"plain","computed":true},"default_limit":{"type":"number","description_kind":"plain","computed":true},"id":{"type":"string","description_kind":"plain","optional":true,"computed":true},"last_modified_date":{"type":"string","description_kind":"plain","computed":true},"limit_name":{"type":"string","description_kind":"plain","required":true},"maximum_limit":{"type":"number","description_kind":"plain","computed":true},"overrun_policy":{"type":"string","description_kind":"plain","computed":true},"project_id":{"type":"string","description_kind":"plain","required":true},"tenant_name":{"type":"string","description_kind":"plain","required":true},"value":{"type":"number","description_kind":"plain","computed":true}},"description_kind":"plain"}},"mongodbatlas_federated_query_limits":{"version":0,"block":{"attributes":{"id":{"type":"string","description_kind":"plain","optional":true,"computed":true},"project_id":{"type":"string","description_kind":"plain","required":true},"results":{"type":["list",["object",{"current_usage":"number","default_limit":"number","last_modified_date":"string","limit_name":"string","maximum_limit":"number","overrun_policy":"string","project_id":"string","tenant_name":"string","value":"number"}]],"description_kind":"plain","computed":true},"tenant_name":{"type":"string","description_kind":"plain","required":true}},"description_kind":"plain"}},"mongodbatlas_federated_settings":{"version":0,"block":{"attributes":{"federated_domains":{"type":["list","string"],"description_kind":"plain","computed":true},"has_role_mappings":{"type":"bool","description_kind":"plain","computed":true},"id":{"type":"string","description_kind":"plain","computed":true},"identity_provider_id":{"type":"string","description_kind":"plain","computed":true},"identity_provider_status":{"type":"string","description_kind":"plain","computed":true},"org_id":{"type":"string","description_kind":"plain","required":true}},"description_kind":"plain"}},"mongodbatlas_federated_settings_identity_provider":{"version":0,"block":{"attributes":{"acs_url":{"type":"string","description_kind":"plain","computed":true},"associated_domains":{"type":["list","string"],"description_kind":"plain","computed":true},"associated_orgs":{"type":["list",["object",{"domain_allow_list":["list","string"],"domain_restriction_enabled":"bool","identity_provider_id":"string","org_id":"string","post_auth_role_grants":["list","string"],"role_mappings":["list",["object",{"external_group_name":"string","id":"string","role_assignments":["list",["object",{"group_id":"string","org_id":"string","role":"string"}]]}]],"user_conflicts":["list",["object",{"email_address":"string","federation_settings_id":"string","first_name":"string","last_name":"string","user_id":"string"}]]}]],"description_kind":"plain","computed":true},"audience_claim":{"type":["list","string"],"description_kind":"plain","computed":true},"audience_uri":{"type":"string","description_kind":"plain","computed":true},"client_id":{"type":"string","description_kind":"plain","computed":true},"display_name":{"type":"string","description_kind":"plain","computed":true},"federation_settings_id":{"type":"string","description_kind":"plain","required":true},"groups_claim":{"type":"string","description_kind":"plain","computed":true},"id":{"type":"string","description_kind":"plain","optional":true,"computed":true},"identity_provider_id":{"type":"string","description_kind":"plain","required":true},"idp_id":{"type":"string","description_kind":"plain","computed":true},"issuer_uri":{"type":"string","description_kind":"plain","computed":true},"okta_idp_id":{"type":"string","description_kind":"plain","computed":true},"pem_file_info":{"type":["list",["object",{"certificates":["list",["object",{"not_after":"string","not_before":"string"}]],"file_name":"string"}]],"description_kind":"plain","computed":true},"protocol":{"type":"string","description_kind":"plain","computed":true},"request_binding":{"type":"string","description_kind":"plain","computed":true},"requested_scopes":{"type":["list","string"],"description_kind":"plain","computed":true},"response_signature_algorithm":{"type":"string","description_kind":"plain","computed":true},"sso_debug_enabled":{"type":"bool","description_kind":"plain","computed":true},"sso_url":{"type":"string","description_kind":"plain","computed":true},"status":{"type":"string","description_kind":"plain","computed":true},"user_claim":{"type":"string","description_kind":"plain","computed":true}},"description_kind":"plain"}},"mongodbatlas_federated_settings_identity_providers":{"version":0,"block":{"attributes":{"federation_settings_id":{"type":"string","description_kind":"plain","required":true},"id":{"type":"string","description_kind":"plain","optional":true,"computed":true},"items_per_page":{"type":"number","description_kind":"plain","deprecated":true,"optional":true},"page_num":{"type":"number","description_kind":"plain","deprecated":true,"optional":true},"results":{"type":["list",["object",{"acs_url":"string","associated_domains":["list","string"],"associated_orgs":["list",["object",{"domain_allow_list":["list","string"],"domain_restriction_enabled":"bool","identity_provider_id":"string","org_id":"string","post_auth_role_grants":["list","string"],"role_mappings":["list",["object",{"external_group_name":"string","id":"string","role_assignments":["list",["object",{"group_id":"string","org_id":"string","role":"string"}]]}]],"user_conflicts":["list",["object",{"email_address":"string","federation_settings_id":"string","first_name":"string","last_name":"string","user_id":"string"}]]}]],"audience_claim":["list","string"],"audience_uri":"string","client_id":"string","display_name":"string","groups_claim":"string","idp_id":"string","issuer_uri":"string","okta_idp_id":"string","pem_file_info":["list",["object",{"certificates":["list",["object",{"not_after":"string","not_before":"string"}]],"file_name":"string"}]],"protocol":"string","request_binding":"string","requested_scopes":["list","string"],"response_signature_algorithm":"string","sso_debug_enabled":"bool","sso_url":"string","status":"string","user_claim":"string"}]],"description_kind":"plain","computed":true}},"description_kind":"plain"}},"mongodbatlas_federated_settings_org_config":{"version":0,"block":{"attributes":{"domain_allow_list":{"type":["list","string"],"description_kind":"plain","computed":true},"domain_restriction_enabled":{"type":"bool","description_kind":"plain","computed":true},"federation_settings_id":{"type":"string","description_kind":"plain","required":true},"id":{"type":"string","description_kind":"plain","optional":true,"computed":true},"identity_provider_id":{"type":"string","description_kind":"plain","computed":true},"org_id":{"type":"string","description_kind":"plain","required":true},"post_auth_role_grants":{"type":["list","string"],"description_kind":"plain","computed":true},"role_mappings":{"type":["list",["object",{"external_group_name":"string","id":"string","role_assignments":["list",["object",{"group_id":"string","org_id":"string","role":"string"}]]}]],"description_kind":"plain","computed":true},"user_conflicts":{"type":["list",["object",{"email_address":"string","federation_settings_id":"string","first_name":"string","last_name":"string","user_id":"string"}]],"description_kind":"plain","computed":true}},"description_kind":"plain"}},"mongodbatlas_federated_settings_org_configs":{"version":0,"block":{"attributes":{"federation_settings_id":{"type":"string","description_kind":"plain","required":true},"id":{"type":"string","description_kind":"plain","optional":true,"computed":true},"items_per_page":{"type":"number","description_kind":"plain","optional":true},"page_num":{"type":"number","description_kind":"plain","optional":true},"results":{"type":["list",["object",{"domain_allow_list":["list","string"],"domain_restriction_enabled":"bool","identity_provider_id":"string","org_id":"string","post_auth_role_grants":["list","string"],"role_mappings":["list",["object",{"external_group_name":"string","id":"string","role_assignments":["list",["object",{"group_id":"string","org_id":"string","role":"string"}]]}]],"user_conflicts":["list",["object",{"email_address":"string","federation_settings_id":"string","first_name":"string","last_name":"string","user_id":"string"}]]}]],"description_kind":"plain","computed":true}},"description_kind":"plain"}},"mongodbatlas_federated_settings_org_role_mapping":{"version":0,"block":{"attributes":{"external_group_name":{"type":"string","description_kind":"plain","computed":true},"federation_settings_id":{"type":"string","description_kind":"plain","required":true},"id":{"type":"string","description_kind":"plain","computed":true},"org_id":{"type":"string","description_kind":"plain","required":true},"role_assignments":{"type":["list",["object",{"group_id":"string","org_id":"string","role":"string"}]],"description_kind":"plain","computed":true},"role_mapping_id":{"type":"string","description_kind":"plain","required":true}},"description_kind":"plain"}},"mongodbatlas_federated_settings_org_role_mappings":{"version":0,"block":{"attributes":{"federation_settings_id":{"type":"string","description_kind":"plain","required":true},"id":{"type":"string","description_kind":"plain","optional":true,"computed":true},"items_per_page":{"type":"number","description_kind":"plain","optional":true},"org_id":{"type":"string","description_kind":"plain","required":true},"page_num":{"type":"number","description_kind":"plain","optional":true},"results":{"type":["list",["object",{"external_group_name":"string","id":"string","role_assignments":["list",["object",{"group_id":"string","org_id":"string","role":"string"}]]}]],"description_kind":"plain","computed":true}},"description_kind":"plain"}},"mongodbatlas_global_cluster_config":{"version":0,"block":{"attributes":{"cluster_name":{"type":"string","description_kind":"plain","required":true},"custom_zone_mapping":{"type":["map","string"],"description_kind":"plain","computed":true},"id":{"type":"string","description_kind":"plain","optional":true,"computed":true},"project_id":{"type":"string","description_kind":"plain","required":true}},"block_types":{"managed_namespaces":{"nesting_mode":"set","block":{"attributes":{"collection":{"type":"string","description_kind":"plain","required":true},"custom_shard_key":{"type":"string","description_kind":"plain","required":true},"db":{"type":"string","description_kind":"plain","required":true},"is_custom_shard_key_hashed":{"type":"bool","description_kind":"plain","optional":true,"computed":true},"is_shard_key_unique":{"type":"bool","description_kind":"plain","optional":true,"computed":true}},"description_kind":"plain"}}},"description_kind":"plain"}},"mongodbatlas_ldap_configuration":{"version":0,"block":{"attributes":{"authentication_enabled":{"type":"bool","description_kind":"plain","computed":true},"authorization_enabled":{"type":"bool","description_kind":"plain","computed":true},"authz_query_template":{"type":"string","description_kind":"plain","computed":true},"bind_password":{"type":"string","description_kind":"plain","computed":true},"bind_username":{"type":"string","description_kind":"plain","computed":true},"ca_certificate":{"type":"string","description_kind":"plain","computed":true},"hostname":{"type":"string","description_kind":"plain","computed":true},"id":{"type":"string","description_kind":"plain","optional":true,"computed":true},"port":{"type":"number","description_kind":"plain","computed":true},"project_id":{"type":"string","description_kind":"plain","required":true},"user_to_dn_mapping":{"type":["list",["object",{"ldap_query":"string","match":"string","substitution":"string"}]],"description_kind":"plain","computed":true}},"description_kind":"plain"}},"mongodbatlas_ldap_verify":{"version":0,"block":{"attributes":{"bind_username":{"type":"string","description_kind":"plain","computed":true},"hostname":{"type":"string","description_kind":"plain","computed":true},"id":{"type":"string","description_kind":"plain","optional":true,"computed":true},"links":{"type":["list",["object",{"href":"string","rel":"string"}]],"description_kind":"plain","computed":true},"port":{"type":"number","description_kind":"plain","computed":true},"project_id":{"type":"string","description_kind":"plain","required":true},"request_id":{"type":"string","description_kind":"plain","required":true},"status":{"type":"string","description_kind":"plain","computed":true},"validations":{"type":["list",["object",{"status":"string","validation_type":"string"}]],"description_kind":"plain","computed":true}},"description_kind":"plain"}},"mongodbatlas_maintenance_window":{"version":0,"block":{"attributes":{"auto_defer_once_enabled":{"type":"bool","description_kind":"plain","computed":true},"day_of_week":{"type":"number","description_kind":"plain","computed":true},"hour_of_day":{"type":"number","description_kind":"plain","computed":true},"id":{"type":"string","description_kind":"plain","optional":true,"computed":true},"number_of_deferrals":{"type":"number","description_kind":"plain","computed":true},"project_id":{"type":"string","description_kind":"plain","required":true},"start_asap":{"type":"bool","description_kind":"plain","computed":true}},"description_kind":"plain"}},"mongodbatlas_network_container":{"version":0,"block":{"attributes":{"atlas_cidr_block":{"type":"string","description_kind":"plain","computed":true},"azure_subscription_id":{"type":"string","description_kind":"plain","computed":true},"container_id":{"type":"string","description_kind":"plain","required":true},"gcp_project_id":{"type":"string","description_kind":"plain","computed":true},"id":{"type":"string","description_kind":"plain","optional":true,"computed":true},"network_name":{"type":"string","description_kind":"plain","computed":true},"project_id":{"type":"string","description_kind":"plain","required":true},"provider_name":{"type":"string","description_kind":"plain","computed":true},"provisioned":{"type":"bool","description_kind":"plain","computed":true},"region":{"type":"string","description_kind":"plain","computed":true},"region_name":{"type":"string","description_kind":"plain","computed":true},"regions":{"type":["list","string"],"description_kind":"plain","computed":true},"vnet_name":{"type":"string","description_kind":"plain","computed":true},"vpc_id":{"type":"string","description_kind":"plain","computed":true}},"description_kind":"plain"}},"mongodbatlas_network_containers":{"version":0,"block":{"attributes":{"id":{"type":"string","description_kind":"plain","optional":true,"computed":true},"project_id":{"type":"string","description_kind":"plain","required":true},"provider_name":{"type":"string","description_kind":"plain","required":true},"results":{"type":["list",["object",{"atlas_cidr_block":"string","azure_subscription_id":"string","gcp_project_id":"string","id":"string","network_name":"string","provider_name":"string","provisioned":"bool","region":"string","region_name":"string","regions":["list","string"],"vnet_name":"string","vpc_id":"string"}]],"description_kind":"plain","computed":true}},"description_kind":"plain"}},"mongodbatlas_network_peering":{"version":0,"block":{"attributes":{"accepter_region_name":{"type":"string","description_kind":"plain","computed":true},"atlas_cidr_block":{"type":"string","description_kind":"plain","computed":true},"atlas_id":{"type":"string","description_kind":"plain","computed":true},"aws_account_id":{"type":"string","description_kind":"plain","computed":true},"azure_directory_id":{"type":"string","description_kind":"plain","computed":true},"azure_subscription_id":{"type":"string","description_kind":"plain","computed":true},"connection_id":{"type":"string","description_kind":"plain","computed":true},"container_id":{"type":"string","description_kind":"plain","computed":true},"error_message":{"type":"string","description_kind":"plain","computed":true},"error_state":{"type":"string","description_kind":"plain","computed":true},"error_state_name":{"type":"string","description_kind":"plain","computed":true},"gcp_project_id":{"type":"string","description_kind":"plain","computed":true},"id":{"type":"string","description_kind":"plain","optional":true,"computed":true},"network_name":{"type":"string","description_kind":"plain","computed":true},"peering_id":{"type":"string","description_kind":"plain","required":true},"project_id":{"type":"string","description_kind":"plain","required":true},"provider_name":{"type":"string","description_kind":"plain","computed":true},"resource_group_name":{"type":"string","description_kind":"plain","computed":true},"route_table_cidr_block":{"type":"string","description_kind":"plain","computed":true},"status":{"type":"string","description_kind":"plain","computed":true},"status_name":{"type":"string","description_kind":"plain","computed":true},"vnet_name":{"type":"string","description_kind":"plain","computed":true},"vpc_id":{"type":"string","description_kind":"plain","computed":true}},"description_kind":"plain"}},"mongodbatlas_network_peerings":{"version":0,"block":{"attributes":{"id":{"type":"string","description_kind":"plain","optional":true,"computed":true},"project_id":{"type":"string","description_kind":"plain","required":true},"results":{"type":["list",["object",{"accepter_region_name":"string","atlas_cidr_block":"string","aws_account_id":"string","azure_directory_id":"string","azure_subscription_id":"string","connection_id":"string","container_id":"string","error_message":"string","error_state":"string","error_state_name":"string","gcp_project_id":"string","network_name":"string","peering_id":"string","provider_name":"string","resource_group_name":"string","route_table_cidr_block":"string","status":"string","status_name":"string","vnet_name":"string","vpc_id":"string"}]],"description_kind":"plain","computed":true}},"description_kind":"plain"}},"mongodbatlas_online_archive":{"version":0,"block":{"attributes":{"archive_id":{"type":"string","description_kind":"plain","required":true},"cluster_name":{"type":"string","description_kind":"plain","required":true},"coll_name":{"type":"string","description_kind":"plain","computed":true},"collection_type":{"type":"string","description_kind":"plain","computed":true},"criteria":{"type":["list",["object",{"date_field":"string","date_format":"string","expire_after_days":"number","query":"string","type":"string"}]],"description_kind":"plain","computed":true},"data_expiration_rule":{"type":["list",["object",{"expire_after_days":"number"}]],"description_kind":"plain","computed":true},"data_process_region":{"type":["list",["object",{"cloud_provider":"string","region":"string"}]],"description_kind":"plain","computed":true},"db_name":{"type":"string","description_kind":"plain","computed":true},"id":{"type":"string","description_kind":"plain","optional":true,"computed":true},"partition_fields":{"type":["list",["object",{"field_name":"string","field_type":"string","order":"number"}]],"description_kind":"plain","computed":true},"paused":{"type":"bool","description_kind":"plain","computed":true},"project_id":{"type":"string","description_kind":"plain","required":true},"schedule":{"type":["list",["object",{"day_of_month":"number","day_of_week":"number","end_hour":"number","end_minute":"number","start_hour":"number","start_minute":"number","type":"string"}]],"description_kind":"plain","computed":true},"state":{"type":"string","description_kind":"plain","computed":true}},"description_kind":"plain"}},"mongodbatlas_online_archives":{"version":0,"block":{"attributes":{"cluster_name":{"type":"string","description_kind":"plain","required":true},"id":{"type":"string","description_kind":"plain","optional":true,"computed":true},"project_id":{"type":"string","description_kind":"plain","required":true},"results":{"type":["list",["object",{"archive_id":"string","cluster_name":"string","coll_name":"string","collection_type":"string","criteria":["list",["object",{"date_field":"string","date_format":"string","expire_after_days":"number","query":"string","type":"string"}]],"data_expiration_rule":["list",["object",{"expire_after_days":"number"}]],"data_process_region":["list",["object",{"cloud_provider":"string","region":"string"}]],"db_name":"string","partition_fields":["list",["object",{"field_name":"string","field_type":"string","order":"number"}]],"paused":"bool","project_id":"string","schedule":["list",["object",{"day_of_month":"number","day_of_week":"number","end_hour":"number","end_minute":"number","start_hour":"number","start_minute":"number","type":"string"}]],"state":"string"}]],"description_kind":"plain","computed":true},"total_count":{"type":"number","description_kind":"plain","computed":true}},"description_kind":"plain"}},"mongodbatlas_org_invitation":{"version":0,"block":{"attributes":{"created_at":{"type":"string","description_kind":"plain","computed":true},"expires_at":{"type":"string","description_kind":"plain","computed":true},"id":{"type":"string","description_kind":"plain","optional":true,"computed":true},"invitation_id":{"type":"string","description_kind":"plain","required":true},"inviter_username":{"type":"string","description_kind":"plain","computed":true},"org_id":{"type":"string","description_kind":"plain","required":true},"roles":{"type":["set","string"],"description_kind":"plain","computed":true},"teams_ids":{"type":["set","string"],"description_kind":"plain","computed":true},"username":{"type":"string","description_kind":"plain","required":true}},"description_kind":"plain"}},"mongodbatlas_organization":{"version":0,"block":{"attributes":{"api_access_list_required":{"type":"bool","description_kind":"plain","computed":true},"id":{"type":"string","description_kind":"plain","optional":true,"computed":true},"is_deleted":{"type":"bool","description_kind":"plain","computed":true},"links":{"type":["list",["object",{"href":"string","rel":"string"}]],"description_kind":"plain","computed":true},"multi_factor_auth_required":{"type":"bool","description_kind":"plain","computed":true},"name":{"type":"string","description_kind":"plain","computed":true},"org_id":{"type":"string","description_kind":"plain","required":true},"restrict_employee_access":{"type":"bool","description_kind":"plain","computed":true}},"description_kind":"plain"}},"mongodbatlas_organizations":{"version":0,"block":{"attributes":{"id":{"type":"string","description_kind":"plain","optional":true,"computed":true},"items_per_page":{"type":"number","description_kind":"plain","optional":true},"name":{"type":"string","description_kind":"plain","optional":true},"page_num":{"type":"number","description_kind":"plain","optional":true},"results":{"type":["list",["object",{"api_access_list_required":"bool","id":"string","is_deleted":"bool","links":["list",["object",{"href":"string","rel":"string"}]],"multi_factor_auth_required":"bool","name":"string","restrict_employee_access":"bool"}]],"description_kind":"plain","computed":true},"total_count":{"type":"number","description_kind":"plain","computed":true}},"description_kind":"plain"}},"mongodbatlas_private_endpoint_regional_mode":{"version":0,"block":{"attributes":{"enabled":{"type":"bool","description_kind":"plain","optional":true},"id":{"type":"string","description_kind":"plain","optional":true,"computed":true},"project_id":{"type":"string","description_kind":"plain","required":true}},"description_kind":"plain"}},"mongodbatlas_privatelink_endpoint":{"version":0,"block":{"attributes":{"endpoint_group_names":{"type":["list","string"],"description_kind":"plain","computed":true},"endpoint_service_name":{"type":"string","description_kind":"plain","computed":true},"error_message":{"type":"string","description_kind":"plain","computed":true},"id":{"type":"string","description_kind":"plain","optional":true,"computed":true},"interface_endpoints":{"type":["list","string"],"description_kind":"plain","computed":true},"private_endpoints":{"type":["list","string"],"description_kind":"plain","computed":true},"private_link_id":{"type":"string","description_kind":"plain","required":true},"private_link_service_name":{"type":"string","description_kind":"plain","computed":true},"private_link_service_resource_id":{"type":"string","description_kind":"plain","computed":true},"project_id":{"type":"string","description_kind":"plain","required":true},"provider_name":{"type":"string","description_kind":"plain","required":true},"region_name":{"type":"string","description_kind":"plain","computed":true},"service_attachment_names":{"type":["list","string"],"description_kind":"plain","computed":true},"status":{"type":"string","description_kind":"plain","computed":true}},"description_kind":"plain"}},"mongodbatlas_privatelink_endpoint_service":{"version":0,"block":{"attributes":{"aws_connection_status":{"type":"string","description_kind":"plain","computed":true},"azure_status":{"type":"string","description_kind":"plain","computed":true},"delete_requested":{"type":"bool","description_kind":"plain","computed":true},"endpoint_service_id":{"type":"string","description_kind":"plain","required":true},"endpoints":{"type":["list",["object",{"endpoint_name":"string","ip_address":"string","service_attachment_name":"string","status":"string"}]],"description_kind":"plain","computed":true},"error_message":{"type":"string","description_kind":"plain","computed":true},"gcp_status":{"type":"string","description_kind":"plain","computed":true},"id":{"type":"string","description_kind":"plain","optional":true,"computed":true},"interface_endpoint_id":{"type":"string","description_kind":"plain","computed":true},"private_endpoint_connection_name":{"type":"string","description_kind":"plain","computed":true},"private_endpoint_ip_address":{"type":"string","description_kind":"plain","computed":true},"private_endpoint_resource_id":{"type":"string","description_kind":"plain","computed":true},"private_link_id":{"type":"string","description_kind":"plain","required":true},"project_id":{"type":"string","description_kind":"plain","required":true},"provider_name":{"type":"string","description_kind":"plain","required":true}},"description_kind":"plain"}},"mongodbatlas_privatelink_endpoint_service_data_federation_online_archive":{"version":0,"block":{"attributes":{"comment":{"type":"string","description_kind":"plain","computed":true},"customer_endpoint_dns_name":{"type":"string","description_kind":"plain","computed":true},"endpoint_id":{"type":"string","description_kind":"plain","required":true},"id":{"type":"string","description_kind":"plain","optional":true,"computed":true},"project_id":{"type":"string","description_kind":"plain","required":true},"provider_name":{"type":"string","description_kind":"plain","computed":true},"region":{"type":"string","description_kind":"plain","computed":true},"type":{"type":"string","description_kind":"plain","computed":true}},"description_kind":"plain"}},"mongodbatlas_privatelink_endpoint_service_data_federation_online_archives":{"version":0,"block":{"attributes":{"id":{"type":"string","description_kind":"plain","optional":true,"computed":true},"project_id":{"type":"string","description_kind":"plain","required":true},"results":{"type":["list",["object",{"comment":"string","customer_endpoint_dns_name":"string","endpoint_id":"string","provider_name":"string","region":"string","type":"string"}]],"description_kind":"plain","computed":true}},"description_kind":"plain"}},"mongodbatlas_privatelink_endpoint_service_serverless":{"version":0,"block":{"attributes":{"cloud_provider_endpoint_id":{"type":"string","description_kind":"plain","computed":true},"comment":{"type":"string","description_kind":"plain","computed":true},"endpoint_id":{"type":"string","description_kind":"plain","required":true},"endpoint_service_name":{"type":"string","description_kind":"plain","computed":true},"error_message":{"type":"string","description_kind":"plain","computed":true},"id":{"type":"string","description_kind":"plain","optional":true,"computed":true},"instance_name":{"type":"string","description_kind":"plain","required":true},"private_endpoint_ip_address":{"type":"string","description_kind":"plain","computed":true},"private_link_service_resource_id":{"type":"string","description_kind":"plain","computed":true},"project_id":{"type":"string","description_kind":"plain","required":true},"status":{"type":"string","description_kind":"plain","computed":true}},"description_kind":"plain"}},"mongodbatlas_privatelink_endpoints_service_serverless":{"version":0,"block":{"attributes":{"id":{"type":"string","description_kind":"plain","optional":true,"computed":true},"instance_name":{"type":"string","description_kind":"plain","required":true},"items_per_page":{"type":"number","description_kind":"plain","deprecated":true,"optional":true},"page_num":{"type":"number","description_kind":"plain","deprecated":true,"optional":true},"project_id":{"type":"string","description_kind":"plain","required":true},"results":{"type":["list",["object",{"cloud_provider_endpoint_id":"string","comment":"string","endpoint_id":"string","endpoint_service_name":"string","error_message":"string","private_endpoint_ip_address":"string","private_link_service_resource_id":"string","status":"string"}]],"description_kind":"plain","computed":true}},"description_kind":"plain"}},"mongodbatlas_project":{"version":0,"block":{"attributes":{"cluster_count":{"type":"number","description_kind":"plain","computed":true},"created":{"type":"string","description_kind":"plain","computed":true},"id":{"type":"string","description_kind":"plain","computed":true},"ip_addresses":{"nested_type":{"attributes":{"services":{"nested_type":{"attributes":{"clusters":{"nested_type":{"attributes":{"cluster_name":{"type":"string","description_kind":"plain","computed":true},"inbound":{"type":["list","string"],"description_kind":"plain","computed":true},"outbound":{"type":["list","string"],"description_kind":"plain","computed":true}},"nesting_mode":"list"},"description_kind":"plain","computed":true}},"nesting_mode":"single"},"description_kind":"plain","computed":true}},"nesting_mode":"single"},"description_kind":"plain","computed":true},"is_collect_database_specifics_statistics_enabled":{"type":"bool","description_kind":"plain","computed":true},"is_data_explorer_enabled":{"type":"bool","description_kind":"plain","computed":true},"is_extended_storage_sizes_enabled":{"type":"bool","description_kind":"plain","computed":true},"is_performance_advisor_enabled":{"type":"bool","description_kind":"plain","computed":true},"is_realtime_performance_panel_enabled":{"type":"bool","description_kind":"plain","computed":true},"is_schema_advisor_enabled":{"type":"bool","description_kind":"plain","computed":true},"limits":{"nested_type":{"attributes":{"current_usage":{"type":"number","description_kind":"plain","computed":true},"default_limit":{"type":"number","description_kind":"plain","computed":true},"maximum_limit":{"type":"number","description_kind":"plain","computed":true},"name":{"type":"string","description_kind":"plain","computed":true},"value":{"type":"number","description_kind":"plain","computed":true}},"nesting_mode":"set"},"description_kind":"plain","computed":true},"name":{"type":"string","description_kind":"plain","optional":true},"org_id":{"type":"string","description_kind":"plain","computed":true},"project_id":{"type":"string","description_kind":"plain","optional":true},"region_usage_restrictions":{"type":"string","description_kind":"plain","computed":true},"tags":{"type":["map","string"],"description_kind":"plain","computed":true},"teams":{"nested_type":{"attributes":{"role_names":{"type":["list","string"],"description_kind":"plain","computed":true},"team_id":{"type":"string","description_kind":"plain","computed":true}},"nesting_mode":"list"},"description_kind":"plain","computed":true}},"description_kind":"plain"}},"mongodbatlas_project_api_key":{"version":0,"block":{"attributes":{"api_key_id":{"type":"string","description_kind":"plain","required":true},"description":{"type":"string","description_kind":"plain","computed":true},"id":{"type":"string","description_kind":"plain","optional":true,"computed":true},"private_key":{"type":"string","description_kind":"plain","computed":true},"project_assignment":{"type":["set",["object",{"project_id":"string","role_names":["set","string"]}]],"description_kind":"plain","computed":true},"project_id":{"type":"string","description_kind":"plain","required":true},"public_key":{"type":"string","description_kind":"plain","computed":true}},"description_kind":"plain"}},"mongodbatlas_project_api_keys":{"version":0,"block":{"attributes":{"id":{"type":"string","description_kind":"plain","optional":true,"computed":true},"items_per_page":{"type":"number","description_kind":"plain","optional":true},"page_num":{"type":"number","description_kind":"plain","optional":true},"project_id":{"type":"string","description_kind":"plain","required":true},"results":{"type":["list",["object",{"api_key_id":"string","description":"string","private_key":"string","project_assignment":["set",["object",{"project_id":"string","role_names":["set","string"]}]],"public_key":"string"}]],"description_kind":"plain","computed":true}},"description_kind":"plain"}},"mongodbatlas_project_invitation":{"version":0,"block":{"attributes":{"created_at":{"type":"string","description_kind":"plain","computed":true},"expires_at":{"type":"string","description_kind":"plain","computed":true},"id":{"type":"string","description_kind":"plain","optional":true,"computed":true},"invitation_id":{"type":"string","description_kind":"plain","required":true},"inviter_username":{"type":"string","description_kind":"plain","computed":true},"project_id":{"type":"string","description_kind":"plain","required":true},"roles":{"type":["set","string"],"description_kind":"plain","computed":true},"username":{"type":"string","description_kind":"plain","required":true}},"description_kind":"plain"}},"mongodbatlas_project_ip_access_list":{"version":0,"block":{"attributes":{"aws_security_group":{"type":"string","description_kind":"plain","optional":true,"computed":true},"cidr_block":{"type":"string","description_kind":"plain","optional":true,"computed":true},"comment":{"type":"string","description_kind":"plain","computed":true},"id":{"type":"string","description_kind":"plain","computed":true},"ip_address":{"type":"string","description_kind":"plain","optional":true,"computed":true},"project_id":{"type":"string","description_kind":"plain","required":true}},"description_kind":"plain"}},"mongodbatlas_projects":{"version":0,"block":{"attributes":{"id":{"type":"string","description_kind":"plain","deprecated":true,"computed":true},"items_per_page":{"type":"number","description_kind":"plain","optional":true},"page_num":{"type":"number","description_kind":"plain","optional":true},"results":{"nested_type":{"attributes":{"cluster_count":{"type":"number","description_kind":"plain","computed":true},"created":{"type":"string","description_kind":"plain","computed":true},"id":{"type":"string","description_kind":"plain","computed":true},"ip_addresses":{"nested_type":{"attributes":{"services":{"nested_type":{"attributes":{"clusters":{"nested_type":{"attributes":{"cluster_name":{"type":"string","description_kind":"plain","computed":true},"inbound":{"type":["list","string"],"description_kind":"plain","computed":true},"outbound":{"type":["list","string"],"description_kind":"plain","computed":true}},"nesting_mode":"list"},"description_kind":"plain","computed":true}},"nesting_mode":"single"},"description_kind":"plain","computed":true}},"nesting_mode":"single"},"description_kind":"plain","computed":true},"is_collect_database_specifics_statistics_enabled":{"type":"bool","description_kind":"plain","computed":true},"is_data_explorer_enabled":{"type":"bool","description_kind":"plain","computed":true},"is_extended_storage_sizes_enabled":{"type":"bool","description_kind":"plain","computed":true},"is_performance_advisor_enabled":{"type":"bool","description_kind":"plain","computed":true},"is_realtime_performance_panel_enabled":{"type":"bool","description_kind":"plain","computed":true},"is_schema_advisor_enabled":{"type":"bool","description_kind":"plain","computed":true},"limits":{"nested_type":{"attributes":{"current_usage":{"type":"number","description_kind":"plain","computed":true},"default_limit":{"type":"number","description_kind":"plain","computed":true},"maximum_limit":{"type":"number","description_kind":"plain","computed":true},"name":{"type":"string","description_kind":"plain","computed":true},"value":{"type":"number","description_kind":"plain","computed":true}},"nesting_mode":"set"},"description_kind":"plain","computed":true},"name":{"type":"string","description_kind":"plain","computed":true},"org_id":{"type":"string","description_kind":"plain","computed":true},"project_id":{"type":"string","description_kind":"plain","computed":true},"region_usage_restrictions":{"type":"string","description_kind":"plain","computed":true},"tags":{"type":["map","string"],"description_kind":"plain","computed":true},"teams":{"nested_type":{"attributes":{"role_names":{"type":["list","string"],"description_kind":"plain","computed":true},"team_id":{"type":"string","description_kind":"plain","computed":true}},"nesting_mode":"list"},"description_kind":"plain","computed":true}},"nesting_mode":"list"},"description_kind":"plain","computed":true},"total_count":{"type":"number","description_kind":"plain","computed":true}},"description_kind":"plain"}},"mongodbatlas_push_based_log_export":{"version":0,"block":{"attributes":{"bucket_name":{"type":"string","description":"The name of the bucket to which the agent sends the logs to.","description_kind":"markdown","computed":true},"create_date":{"type":"string","description":"Date and time that this feature was enabled on.","description_kind":"markdown","computed":true},"iam_role_id":{"type":"string","description":"ID of the AWS IAM role that is used to write to the S3 bucket.","description_kind":"markdown","computed":true},"prefix_path":{"type":"string","description":"S3 directory in which vector writes in order to store the logs. An empty string denotes the root directory.","description_kind":"markdown","computed":true},"project_id":{"type":"string","description":"Unique 24-hexadecimal digit string that identifies your project. Use the [/groups](#tag/Projects/operation/listProjects) endpoint to retrieve all projects to which the authenticated user has access.\n\n**NOTE**: Groups and projects are synonymous terms. Your group id is the same as your project id. For existing groups, your group/project id remains the same. The resource and corresponding endpoints use the term groups.","description_kind":"markdown","required":true},"state":{"type":"string","description":"Describes whether or not the feature is enabled and what status it is in.","description_kind":"markdown","computed":true}},"description_kind":"plain"}},"mongodbatlas_roles_org_id":{"version":0,"block":{"attributes":{"id":{"type":"string","description_kind":"plain","optional":true,"computed":true},"org_id":{"type":"string","description_kind":"plain","computed":true}},"description_kind":"plain"}},"mongodbatlas_search_deployment":{"version":0,"block":{"attributes":{"cluster_name":{"type":"string","description":"Label that identifies the cluster to return the search nodes for.","description_kind":"markdown","required":true},"id":{"type":"string","description":"Unique 24-hexadecimal digit string that identifies the search deployment.","description_kind":"markdown","computed":true},"project_id":{"type":"string","description":"Unique 24-hexadecimal digit string that identifies your project.","description_kind":"markdown","required":true},"specs":{"nested_type":{"attributes":{"instance_size":{"type":"string","description":"Hardware specification for the search node instance sizes. The [MongoDB Atlas API](https://www.mongodb.com/docs/atlas/reference/api-resources-spec/#tag/Atlas-Search/operation/createAtlasSearchDeployment) describes the valid values. More details can also be found in the [Search Node Documentation](https://www.mongodb.com/docs/atlas/cluster-config/multi-cloud-distribution/#search-tier).","description_kind":"markdown","computed":true},"node_count":{"type":"number","description":"Number of search nodes in the cluster.","description_kind":"markdown","computed":true}},"nesting_mode":"list"},"description":"List of settings that configure the search nodes for your cluster. This list is currently limited to defining a single element.","description_kind":"markdown","computed":true},"state_name":{"type":"string","description":"Human-readable label that indicates the current operating condition of this search deployment.","description_kind":"markdown","computed":true}},"description_kind":"plain"}},"mongodbatlas_search_index":{"version":0,"block":{"attributes":{"analyzer":{"type":"string","description_kind":"plain","optional":true},"analyzers":{"type":"string","description_kind":"plain","optional":true},"cluster_name":{"type":"string","description_kind":"plain","required":true},"collection_name":{"type":"string","description_kind":"plain","optional":true},"database":{"type":"string","description_kind":"plain","optional":true},"fields":{"type":"string","description_kind":"plain","optional":true},"id":{"type":"string","description_kind":"plain","optional":true,"computed":true},"index_id":{"type":"string","description_kind":"plain","required":true},"mappings_dynamic":{"type":"bool","description_kind":"plain","optional":true},"mappings_fields":{"type":"string","description_kind":"plain","optional":true},"name":{"type":"string","description_kind":"plain","optional":true},"project_id":{"type":"string","description_kind":"plain","required":true},"search_analyzer":{"type":"string","description_kind":"plain","optional":true},"status":{"type":"string","description_kind":"plain","computed":true},"synonyms":{"type":["set",["object",{"analyzer":"string","name":"string","source_collection":"string"}]],"description_kind":"plain","computed":true},"type":{"type":"string","description_kind":"plain","optional":true}},"description_kind":"plain"}},"mongodbatlas_search_indexes":{"version":0,"block":{"attributes":{"cluster_name":{"type":"string","description_kind":"plain","required":true},"collection_name":{"type":"string","description_kind":"plain","required":true},"database":{"type":"string","description_kind":"plain","required":true},"id":{"type":"string","description_kind":"plain","optional":true,"computed":true},"project_id":{"type":"string","description_kind":"plain","required":true},"results":{"type":["list",["object",{"analyzer":"string","analyzers":"string","cluster_name":"string","collection_name":"string","database":"string","fields":"string","index_id":"string","mappings_dynamic":"bool","mappings_fields":"string","name":"string","project_id":"string","search_analyzer":"string","status":"string","synonyms":["set",["object",{"analyzer":"string","name":"string","source_collection":"string"}]],"type":"string","wait_for_index_build_completion":"bool"}]],"description_kind":"plain","computed":true},"total_count":{"type":"number","description_kind":"plain","computed":true}},"description_kind":"plain"}},"mongodbatlas_serverless_instance":{"version":0,"block":{"attributes":{"auto_indexing":{"type":"bool","description_kind":"plain","optional":true,"computed":true},"connection_strings_private_endpoint_srv":{"type":["list","string"],"description_kind":"plain","computed":true},"connection_strings_standard_srv":{"type":"string","description_kind":"plain","computed":true},"continuous_backup_enabled":{"type":"bool","description_kind":"plain","optional":true,"computed":true},"create_date":{"type":"string","description_kind":"plain","computed":true},"id":{"type":"string","description_kind":"plain","computed":true},"mongo_db_version":{"type":"string","description_kind":"plain","computed":true},"name":{"type":"string","description_kind":"plain","required":true},"project_id":{"type":"string","description_kind":"plain","required":true},"provider_settings_backing_provider_name":{"type":"string","description_kind":"plain","computed":true},"provider_settings_provider_name":{"type":"string","description_kind":"plain","computed":true},"provider_settings_region_name":{"type":"string","description_kind":"plain","computed":true},"state_name":{"type":"string","description_kind":"plain","optional":true,"computed":true},"tags":{"type":["set",["object",{"key":"string","value":"string"}]],"description_kind":"plain","computed":true},"termination_protection_enabled":{"type":"bool","description_kind":"plain","computed":true}},"block_types":{"links":{"nesting_mode":"set","block":{"attributes":{"href":{"type":"string","description_kind":"plain","computed":true},"rel":{"type":"string","description_kind":"plain","computed":true}},"description_kind":"plain"}}},"description_kind":"plain"}},"mongodbatlas_serverless_instances":{"version":0,"block":{"attributes":{"id":{"type":"string","description_kind":"plain","optional":true,"computed":true},"project_id":{"type":"string","description_kind":"plain","required":true},"results":{"type":["list",["object",{"auto_indexing":"bool","connection_strings_private_endpoint_srv":["list","string"],"connection_strings_standard_srv":"string","continuous_backup_enabled":"bool","create_date":"string","id":"string","links":["set",["object",{"href":"string","rel":"string"}]],"mongo_db_version":"string","name":"string","project_id":"string","provider_settings_backing_provider_name":"string","provider_settings_provider_name":"string","provider_settings_region_name":"string","state_name":"string","tags":["set",["object",{"key":"string","value":"string"}]],"termination_protection_enabled":"bool"}]],"description_kind":"plain","computed":true}},"description_kind":"plain"}},"mongodbatlas_shared_tier_restore_job":{"version":0,"block":{"attributes":{"cluster_name":{"type":"string","description_kind":"plain","required":true},"delivery_type":{"type":"string","description_kind":"plain","computed":true},"expiration_date":{"type":"string","description_kind":"plain","computed":true},"id":{"type":"string","description_kind":"plain","optional":true,"computed":true},"job_id":{"type":"string","description_kind":"plain","required":true},"project_id":{"type":"string","description_kind":"plain","required":true},"restore_finished_date":{"type":"string","description_kind":"plain","computed":true},"restore_scheduled_date":{"type":"string","description_kind":"plain","computed":true},"snapshot_finished_date":{"type":"string","description_kind":"plain","computed":true},"snapshot_id":{"type":"string","description_kind":"plain","computed":true},"snapshot_url":{"type":"string","description_kind":"plain","computed":true},"status":{"type":"string","description_kind":"plain","computed":true},"target_deployment_item_name":{"type":"string","description_kind":"plain","computed":true},"target_project_id":{"type":"string","description_kind":"plain","computed":true}},"description_kind":"plain"}},"mongodbatlas_shared_tier_restore_jobs":{"version":0,"block":{"attributes":{"cluster_name":{"type":"string","description_kind":"plain","required":true},"id":{"type":"string","description_kind":"plain","optional":true,"computed":true},"project_id":{"type":"string","description_kind":"plain","required":true},"results":{"type":["list",["object",{"delivery_type":"string","expiration_date":"string","job_id":"string","restore_finished_date":"string","restore_scheduled_date":"string","snapshot_finished_date":"string","snapshot_id":"string","snapshot_url":"string","status":"string","target_deployment_item_name":"string","target_project_id":"string"}]],"description_kind":"plain","computed":true},"total_count":{"type":"number","description_kind":"plain","computed":true}},"description_kind":"plain"}},"mongodbatlas_shared_tier_snapshot":{"version":0,"block":{"attributes":{"cluster_name":{"type":"string","description_kind":"plain","required":true},"expiration":{"type":"string","description_kind":"plain","computed":true},"finish_time":{"type":"string","description_kind":"plain","computed":true},"id":{"type":"string","description_kind":"plain","optional":true,"computed":true},"mongo_db_version":{"type":"string","description_kind":"plain","computed":true},"project_id":{"type":"string","description_kind":"plain","required":true},"scheduled_time":{"type":"string","description_kind":"plain","computed":true},"snapshot_id":{"type":"string","description_kind":"plain","required":true},"start_time":{"type":"string","description_kind":"plain","computed":true},"status":{"type":"string","description_kind":"plain","computed":true}},"description_kind":"plain"}},"mongodbatlas_shared_tier_snapshots":{"version":0,"block":{"attributes":{"cluster_name":{"type":"string","description_kind":"plain","required":true},"id":{"type":"string","description_kind":"plain","optional":true,"computed":true},"project_id":{"type":"string","description_kind":"plain","required":true},"results":{"type":["list",["object",{"expiration":"string","finish_time":"string","mongo_db_version":"string","scheduled_time":"string","snapshot_id":"string","start_time":"string","status":"string"}]],"description_kind":"plain","computed":true},"total_count":{"type":"number","description_kind":"plain","computed":true}},"description_kind":"plain"}},"mongodbatlas_stream_connection":{"version":0,"block":{"attributes":{"authentication":{"nested_type":{"attributes":{"mechanism":{"type":"string","description_kind":"plain","computed":true},"password":{"type":"string","description_kind":"plain","computed":true,"sensitive":true},"username":{"type":"string","description_kind":"plain","computed":true}},"nesting_mode":"single"},"description_kind":"plain","computed":true},"bootstrap_servers":{"type":"string","description_kind":"plain","computed":true},"cluster_name":{"type":"string","description_kind":"plain","computed":true},"config":{"type":["map","string"],"description_kind":"plain","computed":true},"connection_name":{"type":"string","description_kind":"plain","required":true},"db_role_to_execute":{"nested_type":{"attributes":{"role":{"type":"string","description_kind":"plain","computed":true},"type":{"type":"string","description_kind":"plain","computed":true}},"nesting_mode":"single"},"description_kind":"plain","computed":true},"id":{"type":"string","description_kind":"plain","computed":true},"instance_name":{"type":"string","description_kind":"plain","required":true},"project_id":{"type":"string","description_kind":"plain","required":true},"security":{"nested_type":{"attributes":{"broker_public_certificate":{"type":"string","description_kind":"plain","computed":true},"protocol":{"type":"string","description_kind":"plain","computed":true}},"nesting_mode":"single"},"description_kind":"plain","computed":true},"type":{"type":"string","description_kind":"plain","computed":true}},"description_kind":"plain"}},"mongodbatlas_stream_connections":{"version":0,"block":{"attributes":{"id":{"type":"string","description_kind":"plain","computed":true},"instance_name":{"type":"string","description_kind":"plain","required":true},"items_per_page":{"type":"number","description_kind":"plain","optional":true},"page_num":{"type":"number","description_kind":"plain","optional":true},"project_id":{"type":"string","description_kind":"plain","required":true},"results":{"nested_type":{"attributes":{"authentication":{"nested_type":{"attributes":{"mechanism":{"type":"string","description_kind":"plain","computed":true},"password":{"type":"string","description_kind":"plain","computed":true,"sensitive":true},"username":{"type":"string","description_kind":"plain","computed":true}},"nesting_mode":"single"},"description_kind":"plain","computed":true},"bootstrap_servers":{"type":"string","description_kind":"plain","computed":true},"cluster_name":{"type":"string","description_kind":"plain","computed":true},"config":{"type":["map","string"],"description_kind":"plain","computed":true},"connection_name":{"type":"string","description_kind":"plain","computed":true},"db_role_to_execute":{"nested_type":{"attributes":{"role":{"type":"string","description_kind":"plain","computed":true},"type":{"type":"string","description_kind":"plain","computed":true}},"nesting_mode":"single"},"description_kind":"plain","computed":true},"id":{"type":"string","description_kind":"plain","computed":true},"instance_name":{"type":"string","description_kind":"plain","computed":true},"project_id":{"type":"string","description_kind":"plain","computed":true},"security":{"nested_type":{"attributes":{"broker_public_certificate":{"type":"string","description_kind":"plain","computed":true},"protocol":{"type":"string","description_kind":"plain","computed":true}},"nesting_mode":"single"},"description_kind":"plain","computed":true},"type":{"type":"string","description_kind":"plain","computed":true}},"nesting_mode":"list"},"description_kind":"plain","computed":true},"total_count":{"type":"number","description_kind":"plain","computed":true}},"description_kind":"plain"}},"mongodbatlas_stream_instance":{"version":0,"block":{"attributes":{"data_process_region":{"nested_type":{"attributes":{"cloud_provider":{"type":"string","description_kind":"plain","computed":true},"region":{"type":"string","description_kind":"plain","computed":true}},"nesting_mode":"single"},"description_kind":"plain","computed":true},"hostnames":{"type":["list","string"],"description_kind":"plain","computed":true},"id":{"type":"string","description_kind":"plain","computed":true},"instance_name":{"type":"string","description_kind":"plain","required":true},"project_id":{"type":"string","description_kind":"plain","required":true},"stream_config":{"nested_type":{"attributes":{"tier":{"type":"string","description_kind":"plain","computed":true}},"nesting_mode":"single"},"description_kind":"plain","computed":true}},"description_kind":"plain"}},"mongodbatlas_stream_instances":{"version":0,"block":{"attributes":{"id":{"type":"string","description_kind":"plain","computed":true},"items_per_page":{"type":"number","description_kind":"plain","optional":true},"page_num":{"type":"number","description_kind":"plain","optional":true},"project_id":{"type":"string","description_kind":"plain","required":true},"results":{"nested_type":{"attributes":{"data_process_region":{"nested_type":{"attributes":{"cloud_provider":{"type":"string","description_kind":"plain","computed":true},"region":{"type":"string","description_kind":"plain","computed":true}},"nesting_mode":"single"},"description_kind":"plain","computed":true},"hostnames":{"type":["list","string"],"description_kind":"plain","computed":true},"id":{"type":"string","description_kind":"plain","computed":true},"instance_name":{"type":"string","description_kind":"plain","computed":true},"project_id":{"type":"string","description_kind":"plain","computed":true},"stream_config":{"nested_type":{"attributes":{"tier":{"type":"string","description_kind":"plain","computed":true}},"nesting_mode":"single"},"description_kind":"plain","computed":true}},"nesting_mode":"list"},"description_kind":"plain","computed":true},"total_count":{"type":"number","description_kind":"plain","computed":true}},"description_kind":"plain"}},"mongodbatlas_team":{"version":0,"block":{"attributes":{"id":{"type":"string","description_kind":"plain","optional":true,"computed":true},"name":{"type":"string","description_kind":"plain","optional":true,"computed":true},"org_id":{"type":"string","description_kind":"plain","required":true},"team_id":{"type":"string","description_kind":"plain","optional":true,"computed":true},"usernames":{"type":["set","string"],"description_kind":"plain","computed":true}},"description_kind":"plain"}},"mongodbatlas_teams":{"version":0,"block":{"attributes":{"id":{"type":"string","description_kind":"plain","optional":true,"computed":true},"name":{"type":"string","description_kind":"plain","optional":true,"computed":true},"org_id":{"type":"string","description_kind":"plain","required":true},"team_id":{"type":"string","description_kind":"plain","optional":true,"computed":true},"usernames":{"type":["set","string"],"description_kind":"plain","computed":true}},"description_kind":"plain","deprecated":true}},"mongodbatlas_third_party_integration":{"version":0,"block":{"attributes":{"account_id":{"type":"string","description_kind":"plain","computed":true},"api_key":{"type":"string","description_kind":"plain","computed":true,"sensitive":true},"channel_name":{"type":"string","description_kind":"plain","computed":true},"enabled":{"type":"bool","description_kind":"plain","optional":true},"id":{"type":"string","description_kind":"plain","computed":true},"microsoft_teams_webhook_url":{"type":"string","description_kind":"plain","optional":true,"sensitive":true},"project_id":{"type":"string","description_kind":"plain","required":true},"region":{"type":"string","description_kind":"plain","computed":true},"routing_key":{"type":"string","description_kind":"plain","computed":true,"sensitive":true},"scheme":{"type":"string","description_kind":"plain","deprecated":true,"optional":true},"secret":{"type":"string","description_kind":"plain","computed":true,"sensitive":true},"service_discovery":{"type":"string","description_kind":"plain","optional":true,"sensitive":true},"service_key":{"type":"string","description_kind":"plain","computed":true,"sensitive":true},"team_name":{"type":"string","description_kind":"plain","computed":true},"type":{"type":"string","description":"Third-party service integration identifier","description_kind":"plain","required":true},"url":{"type":"string","description_kind":"plain","computed":true},"user_name":{"type":"string","description_kind":"plain","optional":true,"sensitive":true}},"description_kind":"plain"}},"mongodbatlas_third_party_integrations":{"version":0,"block":{"attributes":{"id":{"type":"string","description_kind":"plain","optional":true,"computed":true},"project_id":{"type":"string","description_kind":"plain","required":true},"results":{"type":["list",["object",{"account_id":"string","api_key":"string","channel_name":"string","enabled":"bool","id":"string","microsoft_teams_webhook_url":"string","project_id":"string","region":"string","routing_key":"string","scheme":"string","secret":"string","service_discovery":"string","service_key":"string","team_name":"string","type":"string","url":"string","user_name":"string"}]],"description_kind":"plain","computed":true}},"description_kind":"plain"}},"mongodbatlas_x509_authentication_database_user":{"version":0,"block":{"attributes":{"certificates":{"type":["list",["object",{"created_at":"string","group_id":"string","id":"number","not_after":"string","subject":"string"}]],"description_kind":"plain","computed":true},"customer_x509_cas":{"type":"string","description_kind":"plain","computed":true,"sensitive":true},"id":{"type":"string","description_kind":"plain","optional":true,"computed":true},"project_id":{"type":"string","description_kind":"plain","required":true},"username":{"type":"string","description_kind":"plain","optional":true}},"description_kind":"plain"}}}}}}
